
Microsoft Visual Studio Solution File, Format Version 12.00
# Visual Studio Version 17
VisualStudioVersion = 17.10.34928.147
MinimumVisualStudioVersion = 10.0.40219.1
Project("{9A19103F-16F7-4668-BE54-9A1E7A4F7556}") = "WorkPwa.Shared", "WorkPwa.Shared\WorkPwa.Shared.csproj", "{FC4D7B28-97CE-4DF3-869D-C55979A64640}"
EndProject
Project("{9A19103F-16F7-4668-BE54-9A1E7A4F7556}") = "WorkPwa.Frontend", "WorkPwa.Frontend\WorkPwa.Frontend.csproj", "{0DB0A422-3FAC-47A0-9133-919EA0F3B3B5}"
EndProject
Project("{9A19103F-16F7-4668-BE54-9A1E7A4F7556}") = "WorkPwa.Backend", "WorkPwa.Backend\WorkPwa.Backend.csproj", "{ECDB3273-E2B0-419E-AB6B-B5FE3756A86D}"
EndProject
Global
	GlobalSection(SolutionConfigurationPlatforms) = preSolution
		Debug|Any CPU = Debug|Any CPU
		Release|Any CPU = Release|Any CPU
	EndGlobalSection
	GlobalSection(ProjectConfigurationPlatforms) = postSolution
		{FC4D7B28-97CE-4DF3-869D-C55979A64640}.Debug|Any CPU.ActiveCfg = Debug|Any CPU
		{FC4D7B28-97CE-4DF3-869D-C55979A64640}.Debug|Any CPU.Build.0 = Debug|Any CPU
		{FC4D7B28-97CE-4DF3-869D-C55979A64640}.Release|Any CPU.ActiveCfg = Release|Any CPU
		{FC4D7B28-97CE-4DF3-869D-C55979A64640}.Release|Any CPU.Build.0 = Release|Any CPU
		{0DB0A422-3FAC-47A0-9133-919EA0F3B3B5}.Debug|Any CPU.ActiveCfg = Debug|Any CPU
		{0DB0A422-3FAC-47A0-9133-919EA0F3B3B5}.Debug|Any CPU.Build.0 = Debug|Any CPU
		{0DB0A422-3FAC-47A0-9133-919EA0F3B3B5}.Release|Any CPU.ActiveCfg = Release|Any CPU
		{0DB0A422-3FAC-47A0-9133-919EA0F3B3B5}.Release|Any CPU.Build.0 = Release|Any CPU
		{ECDB3273-E2B0-419E-AB6B-B5FE3756A86D}.Debug|Any CPU.ActiveCfg = Debug|Any CPU
		{ECDB3273-E2B0-419E-AB6B-B5FE3756A86D}.Debug|Any CPU.Build.0 = Debug|Any CPU
		{ECDB3273-E2B0-419E-AB6B-B5FE3756A86D}.Release|Any CPU.ActiveCfg = Release|Any CPU
		{ECDB3273-E2B0-419E-AB6B-B5FE3756A86D}.Release|Any CPU.Build.0 = Release|Any CPU
	EndGlobalSection
	GlobalSection(SolutionProperties) = preSolution
		HideSolutionNode = FALSE
	EndGlobalSection
	GlobalSection(ExtensibilityGlobals) = postSolution
		SolutionGuid = {C9F58023-58C8-47AF-8D34-9D2318851784}
	EndGlobalSection
EndGlobal
