
Microsoft Visual Studio Solution File, Format Version 12.00
# Visual Studio Version 17
VisualStudioVersion = 17.10.34928.147
MinimumVisualStudioVersion = 10.0.40219.1
Project("{FAE04EC0-301F-11D3-BF4B-00C04F79EFBC}") = "WorkPwa.Server", "WorkPwa\Server\WorkPwa.Server.csproj", "{F60E6A95-71E3-4B70-8E86-D3AA434EC59D}"
EndProject
Project("{FAE04EC0-301F-11D3-BF4B-00C04F79EFBC}") = "WorkPwa.Client", "WorkPwa\Client\WorkPwa.Client.csproj", "{1E6716AC-E5B0-4E82-8CC3-B5FF6AB81802}"
EndProject
Project("{FAE04EC0-301F-11D3-BF4B-00C04F79EFBC}") = "WorkPwa.Shared", "WorkPwa\Shared\WorkPwa.Shared.csproj", "{BAE477A9-A1B5-4B41-BA69-7DB7DE2EBDE3}"
EndProject
Global
	GlobalSection(SolutionConfigurationPlatforms) = preSolution
		Debug|Any CPU = Debug|Any CPU
		Release|Any CPU = Release|Any CPU
	EndGlobalSection
	GlobalSection(ProjectConfigurationPlatforms) = postSolution
		{F60E6A95-71E3-4B70-8E86-D3AA434EC59D}.Debug|Any CPU.ActiveCfg = Debug|Any CPU
		{F60E6A95-71E3-4B70-8E86-D3AA434EC59D}.Debug|Any CPU.Build.0 = Debug|Any CPU
		{F60E6A95-71E3-4B70-8E86-D3AA434EC59D}.Release|Any CPU.ActiveCfg = Release|Any CPU
		{F60E6A95-71E3-4B70-8E86-D3AA434EC59D}.Release|Any CPU.Build.0 = Release|Any CPU
		{1E6716AC-E5B0-4E82-8CC3-B5FF6AB81802}.Debug|Any CPU.ActiveCfg = Debug|Any CPU
		{1E6716AC-E5B0-4E82-8CC3-B5FF6AB81802}.Debug|Any CPU.Build.0 = Debug|Any CPU
		{1E6716AC-E5B0-4E82-8CC3-B5FF6AB81802}.Release|Any CPU.ActiveCfg = Release|Any CPU
		{1E6716AC-E5B0-4E82-8CC3-B5FF6AB81802}.Release|Any CPU.Build.0 = Release|Any CPU
		{BAE477A9-A1B5-4B41-BA69-7DB7DE2EBDE3}.Debug|Any CPU.ActiveCfg = Debug|Any CPU
		{BAE477A9-A1B5-4B41-BA69-7DB7DE2EBDE3}.Debug|Any CPU.Build.0 = Debug|Any CPU
		{BAE477A9-A1B5-4B41-BA69-7DB7DE2EBDE3}.Release|Any CPU.ActiveCfg = Release|Any CPU
		{BAE477A9-A1B5-4B41-BA69-7DB7DE2EBDE3}.Release|Any CPU.Build.0 = Release|Any CPU
	EndGlobalSection
	GlobalSection(SolutionProperties) = preSolution
		HideSolutionNode = FALSE
	EndGlobalSection
	GlobalSection(ExtensibilityGlobals) = postSolution
		SolutionGuid = {C9F58023-58C8-47AF-8D34-9D2318851784}
	EndGlobalSection
EndGlobal
