
Microsoft Visual Studio Solution File, Format Version 12.00
# Visual Studio Version 16
VisualStudioVersion = 16.0.31624.102
MinimumVisualStudioVersion = 10.0.40219.1
Project("{FAE04EC0-301F-11D3-BF4B-00C04F79EFBC}") = "WorkEnumerableInstance", "WorkEnumerableInstance\WorkEnumerableInstance.csproj", "{F0783DE7-7EB9-4DBE-A35E-865114B1A748}"
EndProject
Global
	GlobalSection(SolutionConfigurationPlatforms) = preSolution
		Debug|Any CPU = Debug|Any CPU
		Release|Any CPU = Release|Any CPU
	EndGlobalSection
	GlobalSection(ProjectConfigurationPlatforms) = postSolution
		{F0783DE7-7EB9-4DBE-A35E-865114B1A748}.Debug|Any CPU.ActiveCfg = Debug|Any CPU
		{F0783DE7-7EB9-4DBE-A35E-865114B1A748}.Debug|Any CPU.Build.0 = Debug|Any CPU
		{F0783DE7-7EB9-4DBE-A35E-865114B1A748}.Release|Any CPU.ActiveCfg = Release|Any CPU
		{F0783DE7-7EB9-4DBE-A35E-865114B1A748}.Release|Any CPU.Build.0 = Release|Any CPU
	EndGlobalSection
	GlobalSection(SolutionProperties) = preSolution
		HideSolutionNode = FALSE
	EndGlobalSection
	GlobalSection(ExtensibilityGlobals) = postSolution
		SolutionGuid = {CC7EFC99-3CF0-4688-BB39-4ACF6F7E01AF}
	EndGlobalSection
EndGlobal
