
Microsoft Visual Studio Solution File, Format Version 12.00
# Visual Studio Version 17
VisualStudioVersion = 17.11.35208.52
MinimumVisualStudioVersion = 10.0.40219.1
Project("{FAE04EC0-301F-11D3-BF4B-00C04F79EFBC}") = "WorkBasic", "WorkBasic\WorkBasic.csproj", "{7542ED0C-2C46-48FE-9DDF-65FA85E8D97F}"
EndProject
Global
	GlobalSection(SolutionConfigurationPlatforms) = preSolution
		Debug|Any CPU = Debug|Any CPU
		Release|Any CPU = Release|Any CPU
	EndGlobalSection
	GlobalSection(ProjectConfigurationPlatforms) = postSolution
		{7542ED0C-2C46-48FE-9DDF-65FA85E8D97F}.Debug|Any CPU.ActiveCfg = Debug|Any CPU
		{7542ED0C-2C46-48FE-9DDF-65FA85E8D97F}.Debug|Any CPU.Build.0 = Debug|Any CPU
		{7542ED0C-2C46-48FE-9DDF-65FA85E8D97F}.Release|Any CPU.ActiveCfg = Release|Any CPU
		{7542ED0C-2C46-48FE-9DDF-65FA85E8D97F}.Release|Any CPU.Build.0 = Release|Any CPU
	EndGlobalSection
	GlobalSection(SolutionProperties) = preSolution
		HideSolutionNode = FALSE
	EndGlobalSection
	GlobalSection(ExtensibilityGlobals) = postSolution
		SolutionGuid = {0634C51B-B9B3-419D-84EC-0006FE502DFF}
	EndGlobalSection
EndGlobal
