
Microsoft Visual Studio Solution File, Format Version 12.00
# Visual Studio Version 17
VisualStudioVersion = 17.12.35506.116
MinimumVisualStudioVersion = 10.0.40219.1
Project("{FAE04EC0-301F-11D3-BF4B-00C04F79EFBC}") = "WorkCommand", "WorkCommand\WorkCommand.csproj", "{D607BE01-D610-4A69-84B6-ED090ABC8F8C}"
EndProject
Project("{2150E333-8FDC-42A3-9474-1A3956D46DE8}") = "Command", "Command", "{CD0068B6-ED02-4610-9E4D-9212D4013905}"
EndProject
Project("{2150E333-8FDC-42A3-9474-1A3956D46DE8}") = "Messenger", "Messenger", "{344FB7B3-E2A7-410A-B4D4-C30BD4F21D26}"
EndProject
Project("{2150E333-8FDC-42A3-9474-1A3956D46DE8}") = "Builder", "Builder", "{FD09A9C8-5E55-4F56-B501-76C6D9C217C0}"
EndProject
Project("{FAE04EC0-301F-11D3-BF4B-00C04F79EFBC}") = "WorkEventRx", "WorkEventRx\WorkEventRx.csproj", "{45E60968-9C66-4C10-9ECD-AB1A9699AE62}"
EndProject
Project("{2150E333-8FDC-42A3-9474-1A3956D46DE8}") = "Sync", "Sync", "{DA1C0C9B-C086-4D21-8FF3-24D6D729A3E3}"
EndProject
Project("{FAE04EC0-301F-11D3-BF4B-00C04F79EFBC}") = "WorkSync", "WorkSync\WorkSync.csproj", "{BCB7B640-2A3C-44FA-BA27-A3AE398F54C7}"
EndProject
Project("{2150E333-8FDC-42A3-9474-1A3956D46DE8}") = "Host", "Host", "{211E3A14-83D6-4943-8866-21D4A3D5E829}"
EndProject
Project("{FAE04EC0-301F-11D3-BF4B-00C04F79EFBC}") = "WorkHost", "WorkHost\WorkHost.csproj", "{803D7411-3333-4655-B897-39F0B8756213}"
EndProject
Project("{FAE04EC0-301F-11D3-BF4B-00C04F79EFBC}") = "WorkHost2", "WorkHost2\WorkHost2.csproj", "{1EA7F60A-D6E7-4046-9354-1AD639CBB1E7}"
EndProject
Project("{FAE04EC0-301F-11D3-BF4B-00C04F79EFBC}") = "WorkHostMaui", "WorkHostMaui\WorkHostMaui.csproj", "{946B24E3-A77B-4B86-8294-4D93C38CDF81}"
EndProject
Project("{FAE04EC0-301F-11D3-BF4B-00C04F79EFBC}") = "WorkHostConsole", "WorkHostConsole\WorkHostConsole.csproj", "{615948B0-FCFC-4510-B5E8-27E13B036E77}"
EndProject
Project("{2150E333-8FDC-42A3-9474-1A3956D46DE8}") = "Property", "Property", "{DDB4EF12-CC4E-5E88-E6FC-71A802F4DE97}"
EndProject
Project("{FAE04EC0-301F-11D3-BF4B-00C04F79EFBC}") = "SamplePropertyCommunityToolkit", "SamplePropertyCommunityToolkit\SamplePropertyCommunityToolkit.csproj", "{0C8EC2A6-ABE3-7851-BE51-76C9C8E51194}"
EndProject
Project("{FAE04EC0-301F-11D3-BF4B-00C04F79EFBC}") = "SamplePropertyPropertyChanged", "SamplePropertyPropertyChanged\SamplePropertyPropertyChanged.csproj", "{A42C4306-2A63-B485-0C67-E4E643FB3168}"
EndProject
Project("{FAE04EC0-301F-11D3-BF4B-00C04F79EFBC}") = "SamplePropertyReactiveGenerator", "SamplePropertyReactiveGenerator\SamplePropertyReactiveGenerator.csproj", "{AF5D5D61-24D8-5EAA-CDED-0F83A52CA01D}"
EndProject
Project("{2150E333-8FDC-42A3-9474-1A3956D46DE8}") = "Validation", "Validation", "{0D6C2F40-FF20-49D9-8F9F-16D84E316EF0}"
EndProject
Project("{FAE04EC0-301F-11D3-BF4B-00C04F79EFBC}") = "WorkValidation", "WorkValidation\WorkValidation.csproj", "{54113A22-A69E-4F6A-815E-E5E838F420B6}"
EndProject
Global
	GlobalSection(SolutionConfigurationPlatforms) = preSolution
		Debug|Any CPU = Debug|Any CPU
		Release|Any CPU = Release|Any CPU
	EndGlobalSection
	GlobalSection(ProjectConfigurationPlatforms) = postSolution
		{D607BE01-D610-4A69-84B6-ED090ABC8F8C}.Debug|Any CPU.ActiveCfg = Debug|Any CPU
		{D607BE01-D610-4A69-84B6-ED090ABC8F8C}.Debug|Any CPU.Build.0 = Debug|Any CPU
		{D607BE01-D610-4A69-84B6-ED090ABC8F8C}.Release|Any CPU.ActiveCfg = Release|Any CPU
		{D607BE01-D610-4A69-84B6-ED090ABC8F8C}.Release|Any CPU.Build.0 = Release|Any CPU
		{45E60968-9C66-4C10-9ECD-AB1A9699AE62}.Debug|Any CPU.ActiveCfg = Debug|Any CPU
		{45E60968-9C66-4C10-9ECD-AB1A9699AE62}.Debug|Any CPU.Build.0 = Debug|Any CPU
		{45E60968-9C66-4C10-9ECD-AB1A9699AE62}.Release|Any CPU.ActiveCfg = Release|Any CPU
		{45E60968-9C66-4C10-9ECD-AB1A9699AE62}.Release|Any CPU.Build.0 = Release|Any CPU
		{BCB7B640-2A3C-44FA-BA27-A3AE398F54C7}.Debug|Any CPU.ActiveCfg = Debug|Any CPU
		{BCB7B640-2A3C-44FA-BA27-A3AE398F54C7}.Debug|Any CPU.Build.0 = Debug|Any CPU
		{BCB7B640-2A3C-44FA-BA27-A3AE398F54C7}.Release|Any CPU.ActiveCfg = Release|Any CPU
		{BCB7B640-2A3C-44FA-BA27-A3AE398F54C7}.Release|Any CPU.Build.0 = Release|Any CPU
		{803D7411-3333-4655-B897-39F0B8756213}.Debug|Any CPU.ActiveCfg = Debug|Any CPU
		{803D7411-3333-4655-B897-39F0B8756213}.Debug|Any CPU.Build.0 = Debug|Any CPU
		{803D7411-3333-4655-B897-39F0B8756213}.Release|Any CPU.ActiveCfg = Release|Any CPU
		{803D7411-3333-4655-B897-39F0B8756213}.Release|Any CPU.Build.0 = Release|Any CPU
		{1EA7F60A-D6E7-4046-9354-1AD639CBB1E7}.Debug|Any CPU.ActiveCfg = Debug|Any CPU
		{1EA7F60A-D6E7-4046-9354-1AD639CBB1E7}.Debug|Any CPU.Build.0 = Debug|Any CPU
		{1EA7F60A-D6E7-4046-9354-1AD639CBB1E7}.Release|Any CPU.ActiveCfg = Release|Any CPU
		{1EA7F60A-D6E7-4046-9354-1AD639CBB1E7}.Release|Any CPU.Build.0 = Release|Any CPU
		{946B24E3-A77B-4B86-8294-4D93C38CDF81}.Debug|Any CPU.ActiveCfg = Debug|Any CPU
		{946B24E3-A77B-4B86-8294-4D93C38CDF81}.Debug|Any CPU.Deploy.0 = Debug|Any CPU
		{946B24E3-A77B-4B86-8294-4D93C38CDF81}.Release|Any CPU.ActiveCfg = Release|Any CPU
		{946B24E3-A77B-4B86-8294-4D93C38CDF81}.Release|Any CPU.Build.0 = Release|Any CPU
		{615948B0-FCFC-4510-B5E8-27E13B036E77}.Debug|Any CPU.ActiveCfg = Debug|Any CPU
		{615948B0-FCFC-4510-B5E8-27E13B036E77}.Release|Any CPU.ActiveCfg = Release|Any CPU
		{615948B0-FCFC-4510-B5E8-27E13B036E77}.Release|Any CPU.Build.0 = Release|Any CPU
		{0C8EC2A6-ABE3-7851-BE51-76C9C8E51194}.Debug|Any CPU.ActiveCfg = Debug|Any CPU
		{0C8EC2A6-ABE3-7851-BE51-76C9C8E51194}.Debug|Any CPU.Build.0 = Debug|Any CPU
		{0C8EC2A6-ABE3-7851-BE51-76C9C8E51194}.Release|Any CPU.ActiveCfg = Release|Any CPU
		{0C8EC2A6-ABE3-7851-BE51-76C9C8E51194}.Release|Any CPU.Build.0 = Release|Any CPU
		{A42C4306-2A63-B485-0C67-E4E643FB3168}.Debug|Any CPU.ActiveCfg = Debug|Any CPU
		{A42C4306-2A63-B485-0C67-E4E643FB3168}.Debug|Any CPU.Build.0 = Debug|Any CPU
		{A42C4306-2A63-B485-0C67-E4E643FB3168}.Release|Any CPU.ActiveCfg = Release|Any CPU
		{A42C4306-2A63-B485-0C67-E4E643FB3168}.Release|Any CPU.Build.0 = Release|Any CPU
		{AF5D5D61-24D8-5EAA-CDED-0F83A52CA01D}.Debug|Any CPU.ActiveCfg = Debug|Any CPU
		{AF5D5D61-24D8-5EAA-CDED-0F83A52CA01D}.Debug|Any CPU.Build.0 = Debug|Any CPU
		{AF5D5D61-24D8-5EAA-CDED-0F83A52CA01D}.Release|Any CPU.ActiveCfg = Release|Any CPU
		{AF5D5D61-24D8-5EAA-CDED-0F83A52CA01D}.Release|Any CPU.Build.0 = Release|Any CPU
		{54113A22-A69E-4F6A-815E-E5E838F420B6}.Debug|Any CPU.ActiveCfg = Debug|Any CPU
		{54113A22-A69E-4F6A-815E-E5E838F420B6}.Debug|Any CPU.Build.0 = Debug|Any CPU
		{54113A22-A69E-4F6A-815E-E5E838F420B6}.Release|Any CPU.ActiveCfg = Release|Any CPU
		{54113A22-A69E-4F6A-815E-E5E838F420B6}.Release|Any CPU.Build.0 = Release|Any CPU
	EndGlobalSection
	GlobalSection(SolutionProperties) = preSolution
		HideSolutionNode = FALSE
	EndGlobalSection
	GlobalSection(NestedProjects) = preSolution
		{D607BE01-D610-4A69-84B6-ED090ABC8F8C} = {CD0068B6-ED02-4610-9E4D-9212D4013905}
		{45E60968-9C66-4C10-9ECD-AB1A9699AE62} = {344FB7B3-E2A7-410A-B4D4-C30BD4F21D26}
		{BCB7B640-2A3C-44FA-BA27-A3AE398F54C7} = {DA1C0C9B-C086-4D21-8FF3-24D6D729A3E3}
		{803D7411-3333-4655-B897-39F0B8756213} = {211E3A14-83D6-4943-8866-21D4A3D5E829}
		{1EA7F60A-D6E7-4046-9354-1AD639CBB1E7} = {211E3A14-83D6-4943-8866-21D4A3D5E829}
		{946B24E3-A77B-4B86-8294-4D93C38CDF81} = {211E3A14-83D6-4943-8866-21D4A3D5E829}
		{615948B0-FCFC-4510-B5E8-27E13B036E77} = {211E3A14-83D6-4943-8866-21D4A3D5E829}
		{0C8EC2A6-ABE3-7851-BE51-76C9C8E51194} = {DDB4EF12-CC4E-5E88-E6FC-71A802F4DE97}
		{A42C4306-2A63-B485-0C67-E4E643FB3168} = {DDB4EF12-CC4E-5E88-E6FC-71A802F4DE97}
		{AF5D5D61-24D8-5EAA-CDED-0F83A52CA01D} = {DDB4EF12-CC4E-5E88-E6FC-71A802F4DE97}
		{54113A22-A69E-4F6A-815E-E5E838F420B6} = {0D6C2F40-FF20-49D9-8F9F-16D84E316EF0}
	EndGlobalSection
	GlobalSection(ExtensibilityGlobals) = postSolution
		SolutionGuid = {FD15DAB0-6982-4CD6-A6AF-9833AB22BF3D}
	EndGlobalSection
EndGlobal
