
Microsoft Visual Studio Solution File, Format Version 12.00
# Visual Studio Version 17
VisualStudioVersion = 17.3.32929.385
MinimumVisualStudioVersion = 10.0.40219.1
Project("{FAE04EC0-301F-11D3-BF4B-00C04F79EFBC}") = "WorkGrpcService", "WorkGrpcService\WorkGrpcService.csproj", "{6F9B7573-9551-403F-B2DF-724C5B39CC27}"
EndProject
Global
	GlobalSection(SolutionConfigurationPlatforms) = preSolution
		Debug|Any CPU = Debug|Any CPU
		Release|Any CPU = Release|Any CPU
	EndGlobalSection
	GlobalSection(ProjectConfigurationPlatforms) = postSolution
		{6F9B7573-9551-403F-B2DF-724C5B39CC27}.Debug|Any CPU.ActiveCfg = Debug|Any CPU
		{6F9B7573-9551-403F-B2DF-724C5B39CC27}.Debug|Any CPU.Build.0 = Debug|Any CPU
		{6F9B7573-9551-403F-B2DF-724C5B39CC27}.Release|Any CPU.ActiveCfg = Release|Any CPU
		{6F9B7573-9551-403F-B2DF-724C5B39CC27}.Release|Any CPU.Build.0 = Release|Any CPU
	EndGlobalSection
	GlobalSection(SolutionProperties) = preSolution
		HideSolutionNode = FALSE
	EndGlobalSection
	GlobalSection(ExtensibilityGlobals) = postSolution
		SolutionGuid = {41FFF86D-C484-404F-BD29-A24DD31A96DF}
	EndGlobalSection
EndGlobal
