
Microsoft Visual Studio Solution File, Format Version 12.00
# Visual Studio Version 17
VisualStudioVersion = 17.0.31919.166
MinimumVisualStudioVersion = 10.0.40219.1
Project("{9A19103F-16F7-4668-BE54-9A1E7A4F7556}") = "WorkMapper", "WorkMapper\WorkMapper.csproj", "{51DB94DF-451F-48D6-AA9A-F982D461ACA6}"
EndProject
Project("{2150E333-8FDC-42A3-9474-1A3956D46DE8}") = "Benchmark", "Benchmark", "{B6E74D52-0330-4B42-BC06-2E2265E4BE7B}"
EndProject
Project("{2150E333-8FDC-42A3-9474-1A3956D46DE8}") = "Example", "Example", "{7D1B55D0-3902-47A1-B66D-80C3FF591297}"
EndProject
Project("{9A19103F-16F7-4668-BE54-9A1E7A4F7556}") = "Benchmark", "Benchmark\Benchmark\Benchmark.csproj", "{F0BE381A-30AE-46B1-B489-3D74EB6A413C}"
EndProject
Project("{9A19103F-16F7-4668-BE54-9A1E7A4F7556}") = "FuncTypeBenchmark", "Benchmark\FuncTypeBenchmark\FuncTypeBenchmark.csproj", "{4F4A357B-1AB2-4652-98D0-AF41A0429088}"
EndProject
Project("{9A19103F-16F7-4668-BE54-9A1E7A4F7556}") = "LoopCallBenchmark", "Benchmark\LoopCallBenchmark\LoopCallBenchmark\LoopCallBenchmark.csproj", "{7886751D-928F-4B0B-8D49-E78C5CA4BD24}"
EndProject
Project("{9A19103F-16F7-4668-BE54-9A1E7A4F7556}") = "TypedMapperBenchmark", "Benchmark\TypedMapperBenchmark\TypedMapperBenchmark\TypedMapperBenchmark.csproj", "{77B47724-E833-4736-A37E-561FFF1D354F}"
EndProject
Project("{9A19103F-16F7-4668-BE54-9A1E7A4F7556}") = "CallAbstractBenchmark", "Benchmark\CallAbstractBenchmark\CallAbstractBenchmark.csproj", "{E047C003-6C70-4F72-BAF2-36D436625849}"
EndProject
Project("{9A19103F-16F7-4668-BE54-9A1E7A4F7556}") = "CastCostBenchmark", "Benchmark\CastCostBenchmark\CastCostBenchmark.csproj", "{C7210231-840F-4B5D-9619-E616DA1572C1}"
EndProject
Project("{9A19103F-16F7-4668-BE54-9A1E7A4F7556}") = "ContextCostBenchmark", "Benchmark\ContextCostBenchmark\ContextCostBenchmark.csproj", "{BA152BBC-7F98-40FD-BA84-21881D1C2344}"
EndProject
Project("{9A19103F-16F7-4668-BE54-9A1E7A4F7556}") = "ExampleExpression", "Example\ExampleExpression\ExampleExpression.csproj", "{D46A0F61-82EE-44D7-8046-38550B81FFA9}"
EndProject
Project("{9A19103F-16F7-4668-BE54-9A1E7A4F7556}") = "WorkEmit", "Example\WorkEmit\WorkEmit.csproj", "{0B15ACC7-1B83-4C42-B8CC-7288DBA15E1D}"
EndProject
Project("{9A19103F-16F7-4668-BE54-9A1E7A4F7556}") = "WorkIL", "Example\WorkIL\WorkIL.csproj", "{2AB8B475-0DA6-47C1-89F4-C40447A97262}"
EndProject
Project("{9A19103F-16F7-4668-BE54-9A1E7A4F7556}") = "DispatchBenchmark", "Benchmark\DispatchBenchmark\DispatchBenchmark.csproj", "{1F976FFB-17E4-420F-BB21-470C6FB39F7F}"
EndProject
Project("{9A19103F-16F7-4668-BE54-9A1E7A4F7556}") = "WorkCreateExpression", "Example\WorkCreateExpression\WorkCreateExpression.csproj", "{4FE1B674-7DDF-459A-B20A-B9F437110556}"
EndProject
Project("{9A19103F-16F7-4668-BE54-9A1E7A4F7556}") = "DupBenchmark", "Benchmark\DupBenchmark\DupBenchmark.csproj", "{0505C8C3-42F9-4E55-8FD4-F631E6390989}"
EndProject
Project("{9A19103F-16F7-4668-BE54-9A1E7A4F7556}") = "WorkAutoMapper", "Example\WorkAutoMapper\WorkAutoMapper.csproj", "{478A8EE8-E159-4321-A4A7-0B1F57638624}"
EndProject
Project("{9A19103F-16F7-4668-BE54-9A1E7A4F7556}") = "WorkConstSetter", "Example\WorkConstSetter\WorkConstSetter.csproj", "{09B78C34-CD93-4B7E-A9E9-01658704F390}"
EndProject
Project("{9A19103F-16F7-4668-BE54-9A1E7A4F7556}") = "WorkGetConverter", "Example\WorkGetConverter\WorkGetConverter.csproj", "{5A48FAA1-F792-484B-BA65-68F5665BC1B5}"
EndProject
Project("{9A19103F-16F7-4668-BE54-9A1E7A4F7556}") = "WorkSourceExpression", "Example\WorkSourceExpression\WorkSourceExpression.csproj", "{9117EEAF-4DED-465D-84F0-7CBE25396C89}"
EndProject
Project("{9A19103F-16F7-4668-BE54-9A1E7A4F7556}") = "ConstBenchmark", "Benchmark\ConstBenchmark\ConstBenchmark.csproj", "{BCEA5C76-5800-4D7E-B829-EDA51DCD7492}"
EndProject
Project("{9A19103F-16F7-4668-BE54-9A1E7A4F7556}") = "PropertyFuncBenchmark", "Benchmark\PropertyFuncBenchmark\PropertyFuncBenchmark.csproj", "{2631D67E-0770-49BC-A53A-3E7AD355FFEC}"
EndProject
Project("{9A19103F-16F7-4668-BE54-9A1E7A4F7556}") = "BranchBenchmark", "Benchmark\BranchBenchmark\BranchBenchmark.csproj", "{0BF30E18-7BD4-45FA-825F-E469B11150EC}"
EndProject
Project("{9A19103F-16F7-4668-BE54-9A1E7A4F7556}") = "NullableStructBenchmark", "Benchmark\NullableStructBenchmark\NullableStructBenchmark.csproj", "{D7FCCEAC-8E4F-486E-8A68-449E092F376A}"
EndProject
Project("{9A19103F-16F7-4668-BE54-9A1E7A4F7556}") = "ReflectionConvertBenchmark", "Benchmark\ReflectionConvertBenchmark\ReflectionConvertBenchmark.csproj", "{8F4B0383-6595-48DA-BF3C-0852E5E66119}"
EndProject
Project("{9A19103F-16F7-4668-BE54-9A1E7A4F7556}") = "EmitDefaultBenchmark", "Benchmark\EmitDefaultBenchmark\EmitDefaultBenchmark.csproj", "{77E0639D-D17E-4557-9032-AAFE5A9A88EB}"
EndProject
Project("{9A19103F-16F7-4668-BE54-9A1E7A4F7556}") = "NullableEmitBenchmark", "Benchmark\NullableEmitBenchmark\NullableEmitBenchmark.csproj", "{D7BDB921-9101-4E21-B285-81D0F782F8B9}"
EndProject
Project("{9A19103F-16F7-4668-BE54-9A1E7A4F7556}") = "WorkGenericConvert", "Example\WorkGenericConvert\WorkGenericConvert.csproj", "{6F099B1A-EABC-485A-B992-56C0C9B10453}"
EndProject
Project("{9A19103F-16F7-4668-BE54-9A1E7A4F7556}") = "WorkLookup", "Example\WorkLookup\WorkLookup.csproj", "{89B48228-89B9-44D7-98C1-A573A963AA96}"
EndProject
Project("{9A19103F-16F7-4668-BE54-9A1E7A4F7556}") = "ConvertArrayBenchmark", "Benchmark\ConvertArrayBenchmark\ConvertArrayBenchmark.csproj", "{3FE23A46-DE8C-4D38-A58B-79927A0F8ECF}"
EndProject
Project("{9A19103F-16F7-4668-BE54-9A1E7A4F7556}") = "WorkContainerConvert", "Example\WorkContainerConvert\WorkContainerConvert.csproj", "{94215997-E6CF-4F8A-8024-ED0996D1E48E}"
EndProject
Project("{9A19103F-16F7-4668-BE54-9A1E7A4F7556}") = "BranchBenchmark2", "Benchmark\BranchBenchmark2\BranchBenchmark2.csproj", "{F2327EAD-1B34-449E-8CA5-EC8710F112D7}"
EndProject
Global
	GlobalSection(SolutionConfigurationPlatforms) = preSolution
		Debug|Any CPU = Debug|Any CPU
		Release|Any CPU = Release|Any CPU
	EndGlobalSection
	GlobalSection(ProjectConfigurationPlatforms) = postSolution
		{51DB94DF-451F-48D6-AA9A-F982D461ACA6}.Debug|Any CPU.ActiveCfg = Debug|Any CPU
		{51DB94DF-451F-48D6-AA9A-F982D461ACA6}.Debug|Any CPU.Build.0 = Debug|Any CPU
		{51DB94DF-451F-48D6-AA9A-F982D461ACA6}.Release|Any CPU.ActiveCfg = Release|Any CPU
		{51DB94DF-451F-48D6-AA9A-F982D461ACA6}.Release|Any CPU.Build.0 = Release|Any CPU
		{F0BE381A-30AE-46B1-B489-3D74EB6A413C}.Debug|Any CPU.ActiveCfg = Debug|Any CPU
		{F0BE381A-30AE-46B1-B489-3D74EB6A413C}.Debug|Any CPU.Build.0 = Debug|Any CPU
		{F0BE381A-30AE-46B1-B489-3D74EB6A413C}.Release|Any CPU.ActiveCfg = Release|Any CPU
		{F0BE381A-30AE-46B1-B489-3D74EB6A413C}.Release|Any CPU.Build.0 = Release|Any CPU
		{4F4A357B-1AB2-4652-98D0-AF41A0429088}.Debug|Any CPU.ActiveCfg = Debug|Any CPU
		{4F4A357B-1AB2-4652-98D0-AF41A0429088}.Debug|Any CPU.Build.0 = Debug|Any CPU
		{4F4A357B-1AB2-4652-98D0-AF41A0429088}.Release|Any CPU.ActiveCfg = Release|Any CPU
		{4F4A357B-1AB2-4652-98D0-AF41A0429088}.Release|Any CPU.Build.0 = Release|Any CPU
		{7886751D-928F-4B0B-8D49-E78C5CA4BD24}.Debug|Any CPU.ActiveCfg = Debug|Any CPU
		{7886751D-928F-4B0B-8D49-E78C5CA4BD24}.Debug|Any CPU.Build.0 = Debug|Any CPU
		{7886751D-928F-4B0B-8D49-E78C5CA4BD24}.Release|Any CPU.ActiveCfg = Release|Any CPU
		{7886751D-928F-4B0B-8D49-E78C5CA4BD24}.Release|Any CPU.Build.0 = Release|Any CPU
		{77B47724-E833-4736-A37E-561FFF1D354F}.Debug|Any CPU.ActiveCfg = Debug|Any CPU
		{77B47724-E833-4736-A37E-561FFF1D354F}.Debug|Any CPU.Build.0 = Debug|Any CPU
		{77B47724-E833-4736-A37E-561FFF1D354F}.Release|Any CPU.ActiveCfg = Release|Any CPU
		{77B47724-E833-4736-A37E-561FFF1D354F}.Release|Any CPU.Build.0 = Release|Any CPU
		{E047C003-6C70-4F72-BAF2-36D436625849}.Debug|Any CPU.ActiveCfg = Debug|Any CPU
		{E047C003-6C70-4F72-BAF2-36D436625849}.Debug|Any CPU.Build.0 = Debug|Any CPU
		{E047C003-6C70-4F72-BAF2-36D436625849}.Release|Any CPU.ActiveCfg = Release|Any CPU
		{E047C003-6C70-4F72-BAF2-36D436625849}.Release|Any CPU.Build.0 = Release|Any CPU
		{C7210231-840F-4B5D-9619-E616DA1572C1}.Debug|Any CPU.ActiveCfg = Debug|Any CPU
		{C7210231-840F-4B5D-9619-E616DA1572C1}.Debug|Any CPU.Build.0 = Debug|Any CPU
		{C7210231-840F-4B5D-9619-E616DA1572C1}.Release|Any CPU.ActiveCfg = Release|Any CPU
		{C7210231-840F-4B5D-9619-E616DA1572C1}.Release|Any CPU.Build.0 = Release|Any CPU
		{BA152BBC-7F98-40FD-BA84-21881D1C2344}.Debug|Any CPU.ActiveCfg = Debug|Any CPU
		{BA152BBC-7F98-40FD-BA84-21881D1C2344}.Debug|Any CPU.Build.0 = Debug|Any CPU
		{BA152BBC-7F98-40FD-BA84-21881D1C2344}.Release|Any CPU.ActiveCfg = Release|Any CPU
		{BA152BBC-7F98-40FD-BA84-21881D1C2344}.Release|Any CPU.Build.0 = Release|Any CPU
		{D46A0F61-82EE-44D7-8046-38550B81FFA9}.Debug|Any CPU.ActiveCfg = Debug|Any CPU
		{D46A0F61-82EE-44D7-8046-38550B81FFA9}.Debug|Any CPU.Build.0 = Debug|Any CPU
		{D46A0F61-82EE-44D7-8046-38550B81FFA9}.Release|Any CPU.ActiveCfg = Release|Any CPU
		{D46A0F61-82EE-44D7-8046-38550B81FFA9}.Release|Any CPU.Build.0 = Release|Any CPU
		{0B15ACC7-1B83-4C42-B8CC-7288DBA15E1D}.Debug|Any CPU.ActiveCfg = Debug|Any CPU
		{0B15ACC7-1B83-4C42-B8CC-7288DBA15E1D}.Debug|Any CPU.Build.0 = Debug|Any CPU
		{0B15ACC7-1B83-4C42-B8CC-7288DBA15E1D}.Release|Any CPU.ActiveCfg = Release|Any CPU
		{0B15ACC7-1B83-4C42-B8CC-7288DBA15E1D}.Release|Any CPU.Build.0 = Release|Any CPU
		{2AB8B475-0DA6-47C1-89F4-C40447A97262}.Debug|Any CPU.ActiveCfg = Debug|Any CPU
		{2AB8B475-0DA6-47C1-89F4-C40447A97262}.Debug|Any CPU.Build.0 = Debug|Any CPU
		{2AB8B475-0DA6-47C1-89F4-C40447A97262}.Release|Any CPU.ActiveCfg = Release|Any CPU
		{2AB8B475-0DA6-47C1-89F4-C40447A97262}.Release|Any CPU.Build.0 = Release|Any CPU
		{1F976FFB-17E4-420F-BB21-470C6FB39F7F}.Debug|Any CPU.ActiveCfg = Debug|Any CPU
		{1F976FFB-17E4-420F-BB21-470C6FB39F7F}.Debug|Any CPU.Build.0 = Debug|Any CPU
		{1F976FFB-17E4-420F-BB21-470C6FB39F7F}.Release|Any CPU.ActiveCfg = Release|Any CPU
		{1F976FFB-17E4-420F-BB21-470C6FB39F7F}.Release|Any CPU.Build.0 = Release|Any CPU
		{4FE1B674-7DDF-459A-B20A-B9F437110556}.Debug|Any CPU.ActiveCfg = Debug|Any CPU
		{4FE1B674-7DDF-459A-B20A-B9F437110556}.Debug|Any CPU.Build.0 = Debug|Any CPU
		{4FE1B674-7DDF-459A-B20A-B9F437110556}.Release|Any CPU.ActiveCfg = Release|Any CPU
		{4FE1B674-7DDF-459A-B20A-B9F437110556}.Release|Any CPU.Build.0 = Release|Any CPU
		{0505C8C3-42F9-4E55-8FD4-F631E6390989}.Debug|Any CPU.ActiveCfg = Debug|Any CPU
		{0505C8C3-42F9-4E55-8FD4-F631E6390989}.Debug|Any CPU.Build.0 = Debug|Any CPU
		{0505C8C3-42F9-4E55-8FD4-F631E6390989}.Release|Any CPU.ActiveCfg = Release|Any CPU
		{0505C8C3-42F9-4E55-8FD4-F631E6390989}.Release|Any CPU.Build.0 = Release|Any CPU
		{478A8EE8-E159-4321-A4A7-0B1F57638624}.Debug|Any CPU.ActiveCfg = Debug|Any CPU
		{478A8EE8-E159-4321-A4A7-0B1F57638624}.Debug|Any CPU.Build.0 = Debug|Any CPU
		{478A8EE8-E159-4321-A4A7-0B1F57638624}.Release|Any CPU.ActiveCfg = Release|Any CPU
		{478A8EE8-E159-4321-A4A7-0B1F57638624}.Release|Any CPU.Build.0 = Release|Any CPU
		{09B78C34-CD93-4B7E-A9E9-01658704F390}.Debug|Any CPU.ActiveCfg = Debug|Any CPU
		{09B78C34-CD93-4B7E-A9E9-01658704F390}.Debug|Any CPU.Build.0 = Debug|Any CPU
		{09B78C34-CD93-4B7E-A9E9-01658704F390}.Release|Any CPU.ActiveCfg = Release|Any CPU
		{09B78C34-CD93-4B7E-A9E9-01658704F390}.Release|Any CPU.Build.0 = Release|Any CPU
		{5A48FAA1-F792-484B-BA65-68F5665BC1B5}.Debug|Any CPU.ActiveCfg = Debug|Any CPU
		{5A48FAA1-F792-484B-BA65-68F5665BC1B5}.Debug|Any CPU.Build.0 = Debug|Any CPU
		{5A48FAA1-F792-484B-BA65-68F5665BC1B5}.Release|Any CPU.ActiveCfg = Release|Any CPU
		{5A48FAA1-F792-484B-BA65-68F5665BC1B5}.Release|Any CPU.Build.0 = Release|Any CPU
		{9117EEAF-4DED-465D-84F0-7CBE25396C89}.Debug|Any CPU.ActiveCfg = Debug|Any CPU
		{9117EEAF-4DED-465D-84F0-7CBE25396C89}.Debug|Any CPU.Build.0 = Debug|Any CPU
		{9117EEAF-4DED-465D-84F0-7CBE25396C89}.Release|Any CPU.ActiveCfg = Release|Any CPU
		{9117EEAF-4DED-465D-84F0-7CBE25396C89}.Release|Any CPU.Build.0 = Release|Any CPU
		{BCEA5C76-5800-4D7E-B829-EDA51DCD7492}.Debug|Any CPU.ActiveCfg = Debug|Any CPU
		{BCEA5C76-5800-4D7E-B829-EDA51DCD7492}.Debug|Any CPU.Build.0 = Debug|Any CPU
		{BCEA5C76-5800-4D7E-B829-EDA51DCD7492}.Release|Any CPU.ActiveCfg = Release|Any CPU
		{BCEA5C76-5800-4D7E-B829-EDA51DCD7492}.Release|Any CPU.Build.0 = Release|Any CPU
		{2631D67E-0770-49BC-A53A-3E7AD355FFEC}.Debug|Any CPU.ActiveCfg = Debug|Any CPU
		{2631D67E-0770-49BC-A53A-3E7AD355FFEC}.Debug|Any CPU.Build.0 = Debug|Any CPU
		{2631D67E-0770-49BC-A53A-3E7AD355FFEC}.Release|Any CPU.ActiveCfg = Release|Any CPU
		{2631D67E-0770-49BC-A53A-3E7AD355FFEC}.Release|Any CPU.Build.0 = Release|Any CPU
		{0BF30E18-7BD4-45FA-825F-E469B11150EC}.Debug|Any CPU.ActiveCfg = Debug|Any CPU
		{0BF30E18-7BD4-45FA-825F-E469B11150EC}.Debug|Any CPU.Build.0 = Debug|Any CPU
		{0BF30E18-7BD4-45FA-825F-E469B11150EC}.Release|Any CPU.ActiveCfg = Release|Any CPU
		{0BF30E18-7BD4-45FA-825F-E469B11150EC}.Release|Any CPU.Build.0 = Release|Any CPU
		{D7FCCEAC-8E4F-486E-8A68-449E092F376A}.Debug|Any CPU.ActiveCfg = Debug|Any CPU
		{D7FCCEAC-8E4F-486E-8A68-449E092F376A}.Debug|Any CPU.Build.0 = Debug|Any CPU
		{D7FCCEAC-8E4F-486E-8A68-449E092F376A}.Release|Any CPU.ActiveCfg = Release|Any CPU
		{D7FCCEAC-8E4F-486E-8A68-449E092F376A}.Release|Any CPU.Build.0 = Release|Any CPU
		{8F4B0383-6595-48DA-BF3C-0852E5E66119}.Debug|Any CPU.ActiveCfg = Debug|Any CPU
		{8F4B0383-6595-48DA-BF3C-0852E5E66119}.Debug|Any CPU.Build.0 = Debug|Any CPU
		{8F4B0383-6595-48DA-BF3C-0852E5E66119}.Release|Any CPU.ActiveCfg = Release|Any CPU
		{8F4B0383-6595-48DA-BF3C-0852E5E66119}.Release|Any CPU.Build.0 = Release|Any CPU
		{77E0639D-D17E-4557-9032-AAFE5A9A88EB}.Debug|Any CPU.ActiveCfg = Debug|Any CPU
		{77E0639D-D17E-4557-9032-AAFE5A9A88EB}.Debug|Any CPU.Build.0 = Debug|Any CPU
		{77E0639D-D17E-4557-9032-AAFE5A9A88EB}.Release|Any CPU.ActiveCfg = Release|Any CPU
		{77E0639D-D17E-4557-9032-AAFE5A9A88EB}.Release|Any CPU.Build.0 = Release|Any CPU
		{D7BDB921-9101-4E21-B285-81D0F782F8B9}.Debug|Any CPU.ActiveCfg = Debug|Any CPU
		{D7BDB921-9101-4E21-B285-81D0F782F8B9}.Debug|Any CPU.Build.0 = Debug|Any CPU
		{D7BDB921-9101-4E21-B285-81D0F782F8B9}.Release|Any CPU.ActiveCfg = Release|Any CPU
		{D7BDB921-9101-4E21-B285-81D0F782F8B9}.Release|Any CPU.Build.0 = Release|Any CPU
		{6F099B1A-EABC-485A-B992-56C0C9B10453}.Debug|Any CPU.ActiveCfg = Debug|Any CPU
		{6F099B1A-EABC-485A-B992-56C0C9B10453}.Debug|Any CPU.Build.0 = Debug|Any CPU
		{6F099B1A-EABC-485A-B992-56C0C9B10453}.Release|Any CPU.ActiveCfg = Release|Any CPU
		{6F099B1A-EABC-485A-B992-56C0C9B10453}.Release|Any CPU.Build.0 = Release|Any CPU
		{89B48228-89B9-44D7-98C1-A573A963AA96}.Debug|Any CPU.ActiveCfg = Debug|Any CPU
		{89B48228-89B9-44D7-98C1-A573A963AA96}.Debug|Any CPU.Build.0 = Debug|Any CPU
		{89B48228-89B9-44D7-98C1-A573A963AA96}.Release|Any CPU.ActiveCfg = Release|Any CPU
		{89B48228-89B9-44D7-98C1-A573A963AA96}.Release|Any CPU.Build.0 = Release|Any CPU
		{3FE23A46-DE8C-4D38-A58B-79927A0F8ECF}.Debug|Any CPU.ActiveCfg = Debug|Any CPU
		{3FE23A46-DE8C-4D38-A58B-79927A0F8ECF}.Debug|Any CPU.Build.0 = Debug|Any CPU
		{3FE23A46-DE8C-4D38-A58B-79927A0F8ECF}.Release|Any CPU.ActiveCfg = Release|Any CPU
		{3FE23A46-DE8C-4D38-A58B-79927A0F8ECF}.Release|Any CPU.Build.0 = Release|Any CPU
		{94215997-E6CF-4F8A-8024-ED0996D1E48E}.Debug|Any CPU.ActiveCfg = Debug|Any CPU
		{94215997-E6CF-4F8A-8024-ED0996D1E48E}.Debug|Any CPU.Build.0 = Debug|Any CPU
		{94215997-E6CF-4F8A-8024-ED0996D1E48E}.Release|Any CPU.ActiveCfg = Release|Any CPU
		{94215997-E6CF-4F8A-8024-ED0996D1E48E}.Release|Any CPU.Build.0 = Release|Any CPU
		{F2327EAD-1B34-449E-8CA5-EC8710F112D7}.Debug|Any CPU.ActiveCfg = Debug|Any CPU
		{F2327EAD-1B34-449E-8CA5-EC8710F112D7}.Debug|Any CPU.Build.0 = Debug|Any CPU
		{F2327EAD-1B34-449E-8CA5-EC8710F112D7}.Release|Any CPU.ActiveCfg = Release|Any CPU
		{F2327EAD-1B34-449E-8CA5-EC8710F112D7}.Release|Any CPU.Build.0 = Release|Any CPU
	EndGlobalSection
	GlobalSection(SolutionProperties) = preSolution
		HideSolutionNode = FALSE
	EndGlobalSection
	GlobalSection(NestedProjects) = preSolution
		{F0BE381A-30AE-46B1-B489-3D74EB6A413C} = {B6E74D52-0330-4B42-BC06-2E2265E4BE7B}
		{4F4A357B-1AB2-4652-98D0-AF41A0429088} = {B6E74D52-0330-4B42-BC06-2E2265E4BE7B}
		{7886751D-928F-4B0B-8D49-E78C5CA4BD24} = {B6E74D52-0330-4B42-BC06-2E2265E4BE7B}
		{77B47724-E833-4736-A37E-561FFF1D354F} = {B6E74D52-0330-4B42-BC06-2E2265E4BE7B}
		{E047C003-6C70-4F72-BAF2-36D436625849} = {B6E74D52-0330-4B42-BC06-2E2265E4BE7B}
		{C7210231-840F-4B5D-9619-E616DA1572C1} = {B6E74D52-0330-4B42-BC06-2E2265E4BE7B}
		{BA152BBC-7F98-40FD-BA84-21881D1C2344} = {B6E74D52-0330-4B42-BC06-2E2265E4BE7B}
		{D46A0F61-82EE-44D7-8046-38550B81FFA9} = {7D1B55D0-3902-47A1-B66D-80C3FF591297}
		{0B15ACC7-1B83-4C42-B8CC-7288DBA15E1D} = {7D1B55D0-3902-47A1-B66D-80C3FF591297}
		{2AB8B475-0DA6-47C1-89F4-C40447A97262} = {7D1B55D0-3902-47A1-B66D-80C3FF591297}
		{1F976FFB-17E4-420F-BB21-470C6FB39F7F} = {B6E74D52-0330-4B42-BC06-2E2265E4BE7B}
		{4FE1B674-7DDF-459A-B20A-B9F437110556} = {7D1B55D0-3902-47A1-B66D-80C3FF591297}
		{0505C8C3-42F9-4E55-8FD4-F631E6390989} = {B6E74D52-0330-4B42-BC06-2E2265E4BE7B}
		{478A8EE8-E159-4321-A4A7-0B1F57638624} = {7D1B55D0-3902-47A1-B66D-80C3FF591297}
		{09B78C34-CD93-4B7E-A9E9-01658704F390} = {7D1B55D0-3902-47A1-B66D-80C3FF591297}
		{5A48FAA1-F792-484B-BA65-68F5665BC1B5} = {7D1B55D0-3902-47A1-B66D-80C3FF591297}
		{9117EEAF-4DED-465D-84F0-7CBE25396C89} = {7D1B55D0-3902-47A1-B66D-80C3FF591297}
		{BCEA5C76-5800-4D7E-B829-EDA51DCD7492} = {B6E74D52-0330-4B42-BC06-2E2265E4BE7B}
		{2631D67E-0770-49BC-A53A-3E7AD355FFEC} = {B6E74D52-0330-4B42-BC06-2E2265E4BE7B}
		{0BF30E18-7BD4-45FA-825F-E469B11150EC} = {B6E74D52-0330-4B42-BC06-2E2265E4BE7B}
		{D7FCCEAC-8E4F-486E-8A68-449E092F376A} = {B6E74D52-0330-4B42-BC06-2E2265E4BE7B}
		{8F4B0383-6595-48DA-BF3C-0852E5E66119} = {B6E74D52-0330-4B42-BC06-2E2265E4BE7B}
		{77E0639D-D17E-4557-9032-AAFE5A9A88EB} = {B6E74D52-0330-4B42-BC06-2E2265E4BE7B}
		{D7BDB921-9101-4E21-B285-81D0F782F8B9} = {B6E74D52-0330-4B42-BC06-2E2265E4BE7B}
		{6F099B1A-EABC-485A-B992-56C0C9B10453} = {7D1B55D0-3902-47A1-B66D-80C3FF591297}
		{89B48228-89B9-44D7-98C1-A573A963AA96} = {7D1B55D0-3902-47A1-B66D-80C3FF591297}
		{3FE23A46-DE8C-4D38-A58B-79927A0F8ECF} = {B6E74D52-0330-4B42-BC06-2E2265E4BE7B}
		{94215997-E6CF-4F8A-8024-ED0996D1E48E} = {7D1B55D0-3902-47A1-B66D-80C3FF591297}
		{F2327EAD-1B34-449E-8CA5-EC8710F112D7} = {B6E74D52-0330-4B42-BC06-2E2265E4BE7B}
	EndGlobalSection
	GlobalSection(ExtensibilityGlobals) = postSolution
		SolutionGuid = {614D2603-E1FA-4ABD-8C19-E164AD4EF857}
	EndGlobalSection
EndGlobal
