
Microsoft Visual Studio Solution File, Format Version 12.00
# Visual Studio Version 16
VisualStudioVersion = 16.0.31515.178
MinimumVisualStudioVersion = 10.0.40219.1
Project("{FAE04EC0-301F-11D3-BF4B-00C04F79EFBC}") = "BranchBenchmark", "BranchBenchmark\BranchBenchmark.csproj", "{ACB9AA5F-4DE9-4211-8EB9-3BE82116A848}"
EndProject
Global
	GlobalSection(SolutionConfigurationPlatforms) = preSolution
		Debug|Any CPU = Debug|Any CPU
		Release|Any CPU = Release|Any CPU
	EndGlobalSection
	GlobalSection(ProjectConfigurationPlatforms) = postSolution
		{ACB9AA5F-4DE9-4211-8EB9-3BE82116A848}.Debug|Any CPU.ActiveCfg = Debug|Any CPU
		{ACB9AA5F-4DE9-4211-8EB9-3BE82116A848}.Debug|Any CPU.Build.0 = Debug|Any CPU
		{ACB9AA5F-4DE9-4211-8EB9-3BE82116A848}.Release|Any CPU.ActiveCfg = Release|Any CPU
		{ACB9AA5F-4DE9-4211-8EB9-3BE82116A848}.Release|Any CPU.Build.0 = Release|Any CPU
	EndGlobalSection
	GlobalSection(SolutionProperties) = preSolution
		HideSolutionNode = FALSE
	EndGlobalSection
	GlobalSection(ExtensibilityGlobals) = postSolution
		SolutionGuid = {EE44058B-FA38-4D21-A670-06D53F29A18F}
	EndGlobalSection
EndGlobal
