Microsoft Visual Studio Solution File, Format Version 12.00
# Visual Studio Version 17
VisualStudioVersion = 17.13.35806.99
MinimumVisualStudioVersion = 10.0.40219.1
Project("{FAE04EC0-301F-11D3-BF4B-00C04F79EFBC}") = "WorkApiAuth", "WorkApiAuth\WorkApiAuth.csproj", "{1A0EA364-5EB4-46D8-BA7D-FA01A4D21529}"
EndProject
Project("{FAE04EC0-301F-11D3-BF4B-00C04F79EFBC}") = "WorkApiAuthClient", "WorkApiAuthClient\WorkApiAuthClient.csproj", "{EC98EE5D-7213-42FE-BC80-D6CDA43429AA}"
EndProject
Global
	GlobalSection(SolutionConfigurationPlatforms) = preSolution
		Debug|Any CPU = Debug|Any CPU
		Release|Any CPU = Release|Any CPU
	EndGlobalSection
	GlobalSection(ProjectConfigurationPlatforms) = postSolution
		{1A0EA364-5EB4-46D8-BA7D-FA01A4D21529}.Debug|Any CPU.ActiveCfg = Debug|Any CPU
		{1A0EA364-5EB4-46D8-BA7D-FA01A4D21529}.Debug|Any CPU.Build.0 = Debug|Any CPU
		{1A0EA364-5EB4-46D8-BA7D-FA01A4D21529}.Release|Any CPU.ActiveCfg = Release|Any CPU
		{1A0EA364-5EB4-46D8-BA7D-FA01A4D21529}.Release|Any CPU.Build.0 = Release|Any CPU
		{EC98EE5D-7213-42FE-BC80-D6CDA43429AA}.Debug|Any CPU.ActiveCfg = Debug|Any CPU
		{EC98EE5D-7213-42FE-BC80-D6CDA43429AA}.Debug|Any CPU.Build.0 = Debug|Any CPU
		{EC98EE5D-7213-42FE-BC80-D6CDA43429AA}.Release|Any CPU.ActiveCfg = Release|Any CPU
		{EC98EE5D-7213-42FE-BC80-D6CDA43429AA}.Release|Any CPU.Build.0 = Release|Any CPU
	EndGlobalSection
	GlobalSection(SolutionProperties) = preSolution
		HideSolutionNode = FALSE
	EndGlobalSection
	GlobalSection(ExtensibilityGlobals) = postSolution
		SolutionGuid = {D059997A-878E-4387-A1D3-82691EDE20F4}
	EndGlobalSection
EndGlobal
