
Microsoft Visual Studio Solution File, Format Version 12.00
# Visual Studio Version 17
VisualStudioVersion = 17.11.35208.52
MinimumVisualStudioVersion = 10.0.40219.1
Project("{FAE04EC0-301F-11D3-BF4B-00C04F79EFBC}") = "WorkAnalyze", "WorkAnalyze\WorkAnalyze.csproj", "{9C373457-100D-4BFC-8D78-44F545479496}"
EndProject
Project("{2150E333-8FDC-42A3-9474-1A3956D46DE8}") = "Analyze", "Analyze", "{AC59A373-6655-4F1D-AB5C-AC468EBF8300}"
EndProject
Project("{2150E333-8FDC-42A3-9474-1A3956D46DE8}") = "Display", "Display", "{9CC2069A-13B9-42AA-82F4-389673254EEA}"
EndProject
Project("{2150E333-8FDC-42A3-9474-1A3956D46DE8}") = "Extension", "Extension", "{FB54CBCE-DB98-452C-A8DB-F36FDC0FC7DD}"
EndProject
Global
	GlobalSection(SolutionConfigurationPlatforms) = preSolution
		Debug|Any CPU = Debug|Any CPU
		Release|Any CPU = Release|Any CPU
	EndGlobalSection
	GlobalSection(ProjectConfigurationPlatforms) = postSolution
		{9C373457-100D-4BFC-8D78-44F545479496}.Debug|Any CPU.ActiveCfg = Debug|Any CPU
		{9C373457-100D-4BFC-8D78-44F545479496}.Debug|Any CPU.Build.0 = Debug|Any CPU
		{9C373457-100D-4BFC-8D78-44F545479496}.Release|Any CPU.ActiveCfg = Release|Any CPU
		{9C373457-100D-4BFC-8D78-44F545479496}.Release|Any CPU.Build.0 = Release|Any CPU
	EndGlobalSection
	GlobalSection(SolutionProperties) = preSolution
		HideSolutionNode = FALSE
	EndGlobalSection
	GlobalSection(NestedProjects) = preSolution
		{9C373457-100D-4BFC-8D78-44F545479496} = {AC59A373-6655-4F1D-AB5C-AC468EBF8300}
	EndGlobalSection
	GlobalSection(ExtensibilityGlobals) = postSolution
		SolutionGuid = {197C5DB5-CA41-4C75-8889-577E27AE976A}
	EndGlobalSection
EndGlobal
