
Microsoft Visual Studio Solution File, Format Version 12.00
# Visual Studio Version 17
VisualStudioVersion = 17.5.33424.131
MinimumVisualStudioVersion = 10.0.40219.1
Project("{FAE04EC0-301F-11D3-BF4B-00C04F79EFBC}") = "WorkWeb", "WorkWeb\WorkWeb.csproj", "{965338CE-CF2C-4317-AB83-D0EFD16384DA}"
EndProject
Global
	GlobalSection(SolutionConfigurationPlatforms) = preSolution
		Debug|Any CPU = Debug|Any CPU
		Release|Any CPU = Release|Any CPU
	EndGlobalSection
	GlobalSection(ProjectConfigurationPlatforms) = postSolution
		{965338CE-CF2C-4317-AB83-D0EFD16384DA}.Debug|Any CPU.ActiveCfg = Debug|Any CPU
		{965338CE-CF2C-4317-AB83-D0EFD16384DA}.Debug|Any CPU.Build.0 = Debug|Any CPU
		{965338CE-CF2C-4317-AB83-D0EFD16384DA}.Release|Any CPU.ActiveCfg = Release|Any CPU
		{965338CE-CF2C-4317-AB83-D0EFD16384DA}.Release|Any CPU.Build.0 = Release|Any CPU
	EndGlobalSection
	GlobalSection(SolutionProperties) = preSolution
		HideSolutionNode = FALSE
	EndGlobalSection
	GlobalSection(ExtensibilityGlobals) = postSolution
		SolutionGuid = {B2FEB124-FCB5-4BB5-8B29-6C5BE60194E7}
	EndGlobalSection
EndGlobal
