
Microsoft Visual Studio Solution File, Format Version 12.00
# Visual Studio Version 17
VisualStudioVersion = 17.5.33424.131
MinimumVisualStudioVersion = 10.0.40219.1
Project("{9A19103F-16F7-4668-BE54-9A1E7A4F7556}") = "WorkTinyWeb", "WorkTinyWeb\WorkTinyWeb.csproj", "{B3D489EE-B0D7-47A9-979A-0417FD820F7E}"
EndProject
Project("{9A19103F-16F7-4668-BE54-9A1E7A4F7556}") = "WorkWebFeature", "WorkWebFeature\WorkWebFeature.csproj", "{A4B598A0-2805-4746-AE10-60423A9F0EAA}"
EndProject
Project("{9A19103F-16F7-4668-BE54-9A1E7A4F7556}") = "WorkWebLogContext", "WorkWebLogContext\WorkWebLogContext.csproj", "{438C4781-979A-42CA-BE60-99414C9A6C43}"
EndProject
Project("{9A19103F-16F7-4668-BE54-9A1E7A4F7556}") = "WorkSocket", "WorkSocket\WorkSocket.csproj", "{EF908E80-4C08-41BE-B50F-1E91939310E9}"
EndProject
Project("{2150E333-8FDC-42A3-9474-1A3956D46DE8}") = "Custom", "Custom", "{D231FDDE-3271-4821-9FD0-34E7B54DAED4}"
EndProject
Project("{2150E333-8FDC-42A3-9474-1A3956D46DE8}") = "Socket", "Socket", "{32D63782-18A7-4BB4-A709-3BE39856E06C}"
EndProject
Project("{2150E333-8FDC-42A3-9474-1A3956D46DE8}") = "Misc", "Misc", "{4DE42162-FD7B-4D27-8B1A-22640E414531}"
EndProject
Project("{FAE04EC0-301F-11D3-BF4B-00C04F79EFBC}") = "WorkHealthy", "WorkHealthy\WorkHealthy.csproj", "{276B062D-67BA-46AC-A58C-44E7BA601A9D}"
EndProject
Global
	GlobalSection(SolutionConfigurationPlatforms) = preSolution
		Debug|Any CPU = Debug|Any CPU
		Release|Any CPU = Release|Any CPU
	EndGlobalSection
	GlobalSection(ProjectConfigurationPlatforms) = postSolution
		{B3D489EE-B0D7-47A9-979A-0417FD820F7E}.Debug|Any CPU.ActiveCfg = Debug|Any CPU
		{B3D489EE-B0D7-47A9-979A-0417FD820F7E}.Debug|Any CPU.Build.0 = Debug|Any CPU
		{B3D489EE-B0D7-47A9-979A-0417FD820F7E}.Release|Any CPU.ActiveCfg = Release|Any CPU
		{B3D489EE-B0D7-47A9-979A-0417FD820F7E}.Release|Any CPU.Build.0 = Release|Any CPU
		{A4B598A0-2805-4746-AE10-60423A9F0EAA}.Debug|Any CPU.ActiveCfg = Debug|Any CPU
		{A4B598A0-2805-4746-AE10-60423A9F0EAA}.Release|Any CPU.ActiveCfg = Release|Any CPU
		{A4B598A0-2805-4746-AE10-60423A9F0EAA}.Release|Any CPU.Build.0 = Release|Any CPU
		{438C4781-979A-42CA-BE60-99414C9A6C43}.Debug|Any CPU.ActiveCfg = Debug|Any CPU
		{438C4781-979A-42CA-BE60-99414C9A6C43}.Debug|Any CPU.Build.0 = Debug|Any CPU
		{438C4781-979A-42CA-BE60-99414C9A6C43}.Release|Any CPU.ActiveCfg = Release|Any CPU
		{438C4781-979A-42CA-BE60-99414C9A6C43}.Release|Any CPU.Build.0 = Release|Any CPU
		{EF908E80-4C08-41BE-B50F-1E91939310E9}.Debug|Any CPU.ActiveCfg = Debug|Any CPU
		{EF908E80-4C08-41BE-B50F-1E91939310E9}.Debug|Any CPU.Build.0 = Debug|Any CPU
		{EF908E80-4C08-41BE-B50F-1E91939310E9}.Release|Any CPU.ActiveCfg = Release|Any CPU
		{EF908E80-4C08-41BE-B50F-1E91939310E9}.Release|Any CPU.Build.0 = Release|Any CPU
		{276B062D-67BA-46AC-A58C-44E7BA601A9D}.Debug|Any CPU.ActiveCfg = Debug|Any CPU
		{276B062D-67BA-46AC-A58C-44E7BA601A9D}.Debug|Any CPU.Build.0 = Debug|Any CPU
		{276B062D-67BA-46AC-A58C-44E7BA601A9D}.Release|Any CPU.ActiveCfg = Release|Any CPU
		{276B062D-67BA-46AC-A58C-44E7BA601A9D}.Release|Any CPU.Build.0 = Release|Any CPU
	EndGlobalSection
	GlobalSection(SolutionProperties) = preSolution
		HideSolutionNode = FALSE
	EndGlobalSection
	GlobalSection(NestedProjects) = preSolution
		{B3D489EE-B0D7-47A9-979A-0417FD820F7E} = {D231FDDE-3271-4821-9FD0-34E7B54DAED4}
		{A4B598A0-2805-4746-AE10-60423A9F0EAA} = {4DE42162-FD7B-4D27-8B1A-22640E414531}
		{EF908E80-4C08-41BE-B50F-1E91939310E9} = {32D63782-18A7-4BB4-A709-3BE39856E06C}
		{276B062D-67BA-46AC-A58C-44E7BA601A9D} = {4DE42162-FD7B-4D27-8B1A-22640E414531}
	EndGlobalSection
	GlobalSection(ExtensibilityGlobals) = postSolution
		SolutionGuid = {B2FEB124-FCB5-4BB5-8B29-6C5BE60194E7}
	EndGlobalSection
EndGlobal
