
Microsoft Visual Studio Solution File, Format Version 12.00
# Visual Studio Version 17
VisualStudioVersion = 17.8.34322.80
MinimumVisualStudioVersion = 10.0.40219.1
Project("{2150E333-8FDC-42A3-9474-1A3956D46DE8}") = "Base", "Base", "{C136EEE4-58AD-4590-A582-C4EA132FF1AB}"
EndProject
Project("{2150E333-8FDC-42A3-9474-1A3956D46DE8}") = "1None", "1None", "{63967B19-2BDF-49F7-BB2D-99C2BB428768}"
EndProject
Project("{2150E333-8FDC-42A3-9474-1A3956D46DE8}") = "2Server", "2Server", "{45C3CD56-E059-4113-A431-59979231306D}"
EndProject
Project("{2150E333-8FDC-42A3-9474-1A3956D46DE8}") = "3Wasm", "3Wasm", "{5BC93113-047C-4D27-8055-8A8368FB8F7C}"
EndProject
Project("{2150E333-8FDC-42A3-9474-1A3956D46DE8}") = "4Auto", "4Auto", "{0A36D2BD-F36E-42C0-AC59-80B96625C70B}"
EndProject
Project("{9A19103F-16F7-4668-BE54-9A1E7A4F7556}") = "NoneGlobal", "1AppNoneGlobal\NoneGlobal.csproj", "{EC8A5DCF-035A-46F0-8790-B42F3EEF99D8}"
EndProject
Project("{9A19103F-16F7-4668-BE54-9A1E7A4F7556}") = "NonePage", "1AppNonePerPage\NonePage.csproj", "{B7C882E1-E939-46DC-B4D4-D5EC453AF43C}"
EndProject
Project("{9A19103F-16F7-4668-BE54-9A1E7A4F7556}") = "ServerGlobal", "2AppServerGlobal\ServerGlobal.csproj", "{7C51D982-B8AF-4DEB-8520-616403129C4A}"
EndProject
Project("{9A19103F-16F7-4668-BE54-9A1E7A4F7556}") = "ServerPage", "2AppServerPerPage\ServerPage.csproj", "{46AA00A5-B69A-415A-90A5-3E316DD87B92}"
EndProject
Project("{9A19103F-16F7-4668-BE54-9A1E7A4F7556}") = "ServerPageAuth", "2AppServerPerPageAuth\ServerPageAuth.csproj", "{0805501A-6E5A-4846-8F30-D7A1EB1BA9CF}"
EndProject
Project("{9A19103F-16F7-4668-BE54-9A1E7A4F7556}") = "WasmGlobal.Client", "3AppWasmGlobal.Client\WasmGlobal.Client.csproj", "{FBDE5EE6-0ED7-4999-A354-A4FFA9E49E15}"
EndProject
Project("{9A19103F-16F7-4668-BE54-9A1E7A4F7556}") = "WasmGlobal", "3AppWasmGlobal\WasmGlobal.csproj", "{49C1F586-0CE4-4BA3-A127-C193A6D12FED}"
EndProject
Project("{9A19103F-16F7-4668-BE54-9A1E7A4F7556}") = "WasmPage", "3AppWasmPerPage\WasmPage.csproj", "{416BAB65-39EB-42C3-A745-EA836B346337}"
EndProject
Project("{9A19103F-16F7-4668-BE54-9A1E7A4F7556}") = "WasmPage.Client", "3AppWasmPerPage.Client\WasmPage.Client.csproj", "{68CE6367-9C7B-42C0-8A6E-08D7EDDDF730}"
EndProject
Project("{9A19103F-16F7-4668-BE54-9A1E7A4F7556}") = "WasmPageAuth", "3AppWasmPerPageAuth\WasmPageAuth.csproj", "{99E2ABBE-424F-4E6E-A149-DFD0EC33B461}"
EndProject
Project("{9A19103F-16F7-4668-BE54-9A1E7A4F7556}") = "WasmPageAuth.Client", "3AppWasmPerPageAuth.Client\WasmPageAuth.Client.csproj", "{30E6E9D6-A712-489C-9E6A-4BDEE604474A}"
EndProject
Project("{2150E333-8FDC-42A3-9474-1A3956D46DE8}") = "5Server", "5Server", "{D488F118-D507-49FD-BB3C-86D4B0F581E2}"
EndProject
Project("{2150E333-8FDC-42A3-9474-1A3956D46DE8}") = "6Wasm", "6Wasm", "{DD64C009-25C2-4AD7-B1BC-8F614EBE3A12}"
EndProject
Project("{9A19103F-16F7-4668-BE54-9A1E7A4F7556}") = "BlazorServer", "5BlazorServer\BlazorServer.csproj", "{DDE15566-A379-4D0E-9BF7-6B438D55CA5D}"
EndProject
Project("{9A19103F-16F7-4668-BE54-9A1E7A4F7556}") = "BlazorServerAuth", "5BlazorServerAuth\BlazorServerAuth.csproj", "{06A61DDC-3FD3-4224-9E8E-6D0BF01DA205}"
EndProject
Project("{9A19103F-16F7-4668-BE54-9A1E7A4F7556}") = "BlazorWasm", "6BlazorWasm\BlazorWasm.csproj", "{6F22C83A-B2F5-469F-B194-F95E9A053094}"
EndProject
Project("{9A19103F-16F7-4668-BE54-9A1E7A4F7556}") = "BlazorWasmAuth", "6BlazorWasmAuth\BlazorWasmAuth.csproj", "{7C95A1B4-40E4-439D-BE1A-AD41CB46B7D2}"
EndProject
Project("{9A19103F-16F7-4668-BE54-9A1E7A4F7556}") = "BlazorWasmEmpty", "6BlazorWasmEmpty\BlazorWasmEmpty.csproj", "{46CC97DC-FBC1-42E5-BF1E-A31EF1D4862D}"
EndProject
Project("{9A19103F-16F7-4668-BE54-9A1E7A4F7556}") = "BlazorServerEmpty", "5BlazorServerEmpty\BlazorServerEmpty.csproj", "{A4BC9F91-5797-4975-80F3-0F4B81719B2E}"
EndProject
Project("{9A19103F-16F7-4668-BE54-9A1E7A4F7556}") = "AutoGlobal", "4AppAutoGlobal\AutoGlobal.csproj", "{B3B6FCF5-72E4-4FAB-B6D3-E3A2275E6DA0}"
EndProject
Project("{9A19103F-16F7-4668-BE54-9A1E7A4F7556}") = "AutoGlobal.Client", "4AppAutoGlobal.Client\AutoGlobal.Client.csproj", "{DFAB9FF4-C3A3-4CF1-99C7-7D5F630BCEE9}"
EndProject
Global
	GlobalSection(SolutionConfigurationPlatforms) = preSolution
		Debug|Any CPU = Debug|Any CPU
		Release|Any CPU = Release|Any CPU
	EndGlobalSection
	GlobalSection(ProjectConfigurationPlatforms) = postSolution
		{EC8A5DCF-035A-46F0-8790-B42F3EEF99D8}.Debug|Any CPU.ActiveCfg = Debug|Any CPU
		{EC8A5DCF-035A-46F0-8790-B42F3EEF99D8}.Debug|Any CPU.Build.0 = Debug|Any CPU
		{EC8A5DCF-035A-46F0-8790-B42F3EEF99D8}.Release|Any CPU.ActiveCfg = Release|Any CPU
		{EC8A5DCF-035A-46F0-8790-B42F3EEF99D8}.Release|Any CPU.Build.0 = Release|Any CPU
		{B7C882E1-E939-46DC-B4D4-D5EC453AF43C}.Debug|Any CPU.ActiveCfg = Debug|Any CPU
		{B7C882E1-E939-46DC-B4D4-D5EC453AF43C}.Debug|Any CPU.Build.0 = Debug|Any CPU
		{B7C882E1-E939-46DC-B4D4-D5EC453AF43C}.Release|Any CPU.ActiveCfg = Release|Any CPU
		{B7C882E1-E939-46DC-B4D4-D5EC453AF43C}.Release|Any CPU.Build.0 = Release|Any CPU
		{7C51D982-B8AF-4DEB-8520-616403129C4A}.Debug|Any CPU.ActiveCfg = Debug|Any CPU
		{7C51D982-B8AF-4DEB-8520-616403129C4A}.Debug|Any CPU.Build.0 = Debug|Any CPU
		{7C51D982-B8AF-4DEB-8520-616403129C4A}.Release|Any CPU.ActiveCfg = Release|Any CPU
		{7C51D982-B8AF-4DEB-8520-616403129C4A}.Release|Any CPU.Build.0 = Release|Any CPU
		{46AA00A5-B69A-415A-90A5-3E316DD87B92}.Debug|Any CPU.ActiveCfg = Debug|Any CPU
		{46AA00A5-B69A-415A-90A5-3E316DD87B92}.Debug|Any CPU.Build.0 = Debug|Any CPU
		{46AA00A5-B69A-415A-90A5-3E316DD87B92}.Release|Any CPU.ActiveCfg = Release|Any CPU
		{46AA00A5-B69A-415A-90A5-3E316DD87B92}.Release|Any CPU.Build.0 = Release|Any CPU
		{0805501A-6E5A-4846-8F30-D7A1EB1BA9CF}.Debug|Any CPU.ActiveCfg = Debug|Any CPU
		{0805501A-6E5A-4846-8F30-D7A1EB1BA9CF}.Debug|Any CPU.Build.0 = Debug|Any CPU
		{0805501A-6E5A-4846-8F30-D7A1EB1BA9CF}.Release|Any CPU.ActiveCfg = Release|Any CPU
		{0805501A-6E5A-4846-8F30-D7A1EB1BA9CF}.Release|Any CPU.Build.0 = Release|Any CPU
		{FBDE5EE6-0ED7-4999-A354-A4FFA9E49E15}.Debug|Any CPU.ActiveCfg = Debug|Any CPU
		{FBDE5EE6-0ED7-4999-A354-A4FFA9E49E15}.Debug|Any CPU.Build.0 = Debug|Any CPU
		{FBDE5EE6-0ED7-4999-A354-A4FFA9E49E15}.Release|Any CPU.ActiveCfg = Release|Any CPU
		{FBDE5EE6-0ED7-4999-A354-A4FFA9E49E15}.Release|Any CPU.Build.0 = Release|Any CPU
		{49C1F586-0CE4-4BA3-A127-C193A6D12FED}.Debug|Any CPU.ActiveCfg = Debug|Any CPU
		{49C1F586-0CE4-4BA3-A127-C193A6D12FED}.Debug|Any CPU.Build.0 = Debug|Any CPU
		{49C1F586-0CE4-4BA3-A127-C193A6D12FED}.Release|Any CPU.ActiveCfg = Release|Any CPU
		{49C1F586-0CE4-4BA3-A127-C193A6D12FED}.Release|Any CPU.Build.0 = Release|Any CPU
		{416BAB65-39EB-42C3-A745-EA836B346337}.Debug|Any CPU.ActiveCfg = Debug|Any CPU
		{416BAB65-39EB-42C3-A745-EA836B346337}.Debug|Any CPU.Build.0 = Debug|Any CPU
		{416BAB65-39EB-42C3-A745-EA836B346337}.Release|Any CPU.ActiveCfg = Release|Any CPU
		{416BAB65-39EB-42C3-A745-EA836B346337}.Release|Any CPU.Build.0 = Release|Any CPU
		{68CE6367-9C7B-42C0-8A6E-08D7EDDDF730}.Debug|Any CPU.ActiveCfg = Debug|Any CPU
		{68CE6367-9C7B-42C0-8A6E-08D7EDDDF730}.Debug|Any CPU.Build.0 = Debug|Any CPU
		{68CE6367-9C7B-42C0-8A6E-08D7EDDDF730}.Release|Any CPU.ActiveCfg = Release|Any CPU
		{68CE6367-9C7B-42C0-8A6E-08D7EDDDF730}.Release|Any CPU.Build.0 = Release|Any CPU
		{99E2ABBE-424F-4E6E-A149-DFD0EC33B461}.Debug|Any CPU.ActiveCfg = Debug|Any CPU
		{99E2ABBE-424F-4E6E-A149-DFD0EC33B461}.Debug|Any CPU.Build.0 = Debug|Any CPU
		{99E2ABBE-424F-4E6E-A149-DFD0EC33B461}.Release|Any CPU.ActiveCfg = Release|Any CPU
		{99E2ABBE-424F-4E6E-A149-DFD0EC33B461}.Release|Any CPU.Build.0 = Release|Any CPU
		{30E6E9D6-A712-489C-9E6A-4BDEE604474A}.Debug|Any CPU.ActiveCfg = Debug|Any CPU
		{30E6E9D6-A712-489C-9E6A-4BDEE604474A}.Debug|Any CPU.Build.0 = Debug|Any CPU
		{30E6E9D6-A712-489C-9E6A-4BDEE604474A}.Release|Any CPU.ActiveCfg = Release|Any CPU
		{30E6E9D6-A712-489C-9E6A-4BDEE604474A}.Release|Any CPU.Build.0 = Release|Any CPU
		{DDE15566-A379-4D0E-9BF7-6B438D55CA5D}.Debug|Any CPU.ActiveCfg = Debug|Any CPU
		{DDE15566-A379-4D0E-9BF7-6B438D55CA5D}.Debug|Any CPU.Build.0 = Debug|Any CPU
		{DDE15566-A379-4D0E-9BF7-6B438D55CA5D}.Release|Any CPU.ActiveCfg = Release|Any CPU
		{DDE15566-A379-4D0E-9BF7-6B438D55CA5D}.Release|Any CPU.Build.0 = Release|Any CPU
		{06A61DDC-3FD3-4224-9E8E-6D0BF01DA205}.Debug|Any CPU.ActiveCfg = Debug|Any CPU
		{06A61DDC-3FD3-4224-9E8E-6D0BF01DA205}.Debug|Any CPU.Build.0 = Debug|Any CPU
		{06A61DDC-3FD3-4224-9E8E-6D0BF01DA205}.Release|Any CPU.ActiveCfg = Release|Any CPU
		{06A61DDC-3FD3-4224-9E8E-6D0BF01DA205}.Release|Any CPU.Build.0 = Release|Any CPU
		{6F22C83A-B2F5-469F-B194-F95E9A053094}.Debug|Any CPU.ActiveCfg = Debug|Any CPU
		{6F22C83A-B2F5-469F-B194-F95E9A053094}.Debug|Any CPU.Build.0 = Debug|Any CPU
		{6F22C83A-B2F5-469F-B194-F95E9A053094}.Release|Any CPU.ActiveCfg = Release|Any CPU
		{6F22C83A-B2F5-469F-B194-F95E9A053094}.Release|Any CPU.Build.0 = Release|Any CPU
		{7C95A1B4-40E4-439D-BE1A-AD41CB46B7D2}.Debug|Any CPU.ActiveCfg = Debug|Any CPU
		{7C95A1B4-40E4-439D-BE1A-AD41CB46B7D2}.Debug|Any CPU.Build.0 = Debug|Any CPU
		{7C95A1B4-40E4-439D-BE1A-AD41CB46B7D2}.Release|Any CPU.ActiveCfg = Release|Any CPU
		{7C95A1B4-40E4-439D-BE1A-AD41CB46B7D2}.Release|Any CPU.Build.0 = Release|Any CPU
		{46CC97DC-FBC1-42E5-BF1E-A31EF1D4862D}.Debug|Any CPU.ActiveCfg = Debug|Any CPU
		{46CC97DC-FBC1-42E5-BF1E-A31EF1D4862D}.Debug|Any CPU.Build.0 = Debug|Any CPU
		{46CC97DC-FBC1-42E5-BF1E-A31EF1D4862D}.Release|Any CPU.ActiveCfg = Release|Any CPU
		{46CC97DC-FBC1-42E5-BF1E-A31EF1D4862D}.Release|Any CPU.Build.0 = Release|Any CPU
		{A4BC9F91-5797-4975-80F3-0F4B81719B2E}.Debug|Any CPU.ActiveCfg = Debug|Any CPU
		{A4BC9F91-5797-4975-80F3-0F4B81719B2E}.Debug|Any CPU.Build.0 = Debug|Any CPU
		{A4BC9F91-5797-4975-80F3-0F4B81719B2E}.Release|Any CPU.ActiveCfg = Release|Any CPU
		{A4BC9F91-5797-4975-80F3-0F4B81719B2E}.Release|Any CPU.Build.0 = Release|Any CPU
		{B3B6FCF5-72E4-4FAB-B6D3-E3A2275E6DA0}.Debug|Any CPU.ActiveCfg = Debug|Any CPU
		{B3B6FCF5-72E4-4FAB-B6D3-E3A2275E6DA0}.Debug|Any CPU.Build.0 = Debug|Any CPU
		{B3B6FCF5-72E4-4FAB-B6D3-E3A2275E6DA0}.Release|Any CPU.ActiveCfg = Release|Any CPU
		{B3B6FCF5-72E4-4FAB-B6D3-E3A2275E6DA0}.Release|Any CPU.Build.0 = Release|Any CPU
		{DFAB9FF4-C3A3-4CF1-99C7-7D5F630BCEE9}.Debug|Any CPU.ActiveCfg = Debug|Any CPU
		{DFAB9FF4-C3A3-4CF1-99C7-7D5F630BCEE9}.Debug|Any CPU.Build.0 = Debug|Any CPU
		{DFAB9FF4-C3A3-4CF1-99C7-7D5F630BCEE9}.Release|Any CPU.ActiveCfg = Release|Any CPU
		{DFAB9FF4-C3A3-4CF1-99C7-7D5F630BCEE9}.Release|Any CPU.Build.0 = Release|Any CPU
	EndGlobalSection
	GlobalSection(SolutionProperties) = preSolution
		HideSolutionNode = FALSE
	EndGlobalSection
	GlobalSection(NestedProjects) = preSolution
		{63967B19-2BDF-49F7-BB2D-99C2BB428768} = {C136EEE4-58AD-4590-A582-C4EA132FF1AB}
		{45C3CD56-E059-4113-A431-59979231306D} = {C136EEE4-58AD-4590-A582-C4EA132FF1AB}
		{5BC93113-047C-4D27-8055-8A8368FB8F7C} = {C136EEE4-58AD-4590-A582-C4EA132FF1AB}
		{0A36D2BD-F36E-42C0-AC59-80B96625C70B} = {C136EEE4-58AD-4590-A582-C4EA132FF1AB}
		{EC8A5DCF-035A-46F0-8790-B42F3EEF99D8} = {63967B19-2BDF-49F7-BB2D-99C2BB428768}
		{B7C882E1-E939-46DC-B4D4-D5EC453AF43C} = {63967B19-2BDF-49F7-BB2D-99C2BB428768}
		{7C51D982-B8AF-4DEB-8520-616403129C4A} = {45C3CD56-E059-4113-A431-59979231306D}
		{46AA00A5-B69A-415A-90A5-3E316DD87B92} = {45C3CD56-E059-4113-A431-59979231306D}
		{0805501A-6E5A-4846-8F30-D7A1EB1BA9CF} = {45C3CD56-E059-4113-A431-59979231306D}
		{FBDE5EE6-0ED7-4999-A354-A4FFA9E49E15} = {5BC93113-047C-4D27-8055-8A8368FB8F7C}
		{49C1F586-0CE4-4BA3-A127-C193A6D12FED} = {5BC93113-047C-4D27-8055-8A8368FB8F7C}
		{416BAB65-39EB-42C3-A745-EA836B346337} = {5BC93113-047C-4D27-8055-8A8368FB8F7C}
		{68CE6367-9C7B-42C0-8A6E-08D7EDDDF730} = {5BC93113-047C-4D27-8055-8A8368FB8F7C}
		{99E2ABBE-424F-4E6E-A149-DFD0EC33B461} = {5BC93113-047C-4D27-8055-8A8368FB8F7C}
		{30E6E9D6-A712-489C-9E6A-4BDEE604474A} = {5BC93113-047C-4D27-8055-8A8368FB8F7C}
		{D488F118-D507-49FD-BB3C-86D4B0F581E2} = {C136EEE4-58AD-4590-A582-C4EA132FF1AB}
		{DD64C009-25C2-4AD7-B1BC-8F614EBE3A12} = {C136EEE4-58AD-4590-A582-C4EA132FF1AB}
		{DDE15566-A379-4D0E-9BF7-6B438D55CA5D} = {D488F118-D507-49FD-BB3C-86D4B0F581E2}
		{06A61DDC-3FD3-4224-9E8E-6D0BF01DA205} = {D488F118-D507-49FD-BB3C-86D4B0F581E2}
		{6F22C83A-B2F5-469F-B194-F95E9A053094} = {DD64C009-25C2-4AD7-B1BC-8F614EBE3A12}
		{7C95A1B4-40E4-439D-BE1A-AD41CB46B7D2} = {DD64C009-25C2-4AD7-B1BC-8F614EBE3A12}
		{46CC97DC-FBC1-42E5-BF1E-A31EF1D4862D} = {DD64C009-25C2-4AD7-B1BC-8F614EBE3A12}
		{A4BC9F91-5797-4975-80F3-0F4B81719B2E} = {D488F118-D507-49FD-BB3C-86D4B0F581E2}
		{B3B6FCF5-72E4-4FAB-B6D3-E3A2275E6DA0} = {0A36D2BD-F36E-42C0-AC59-80B96625C70B}
		{DFAB9FF4-C3A3-4CF1-99C7-7D5F630BCEE9} = {0A36D2BD-F36E-42C0-AC59-80B96625C70B}
	EndGlobalSection
	GlobalSection(ExtensibilityGlobals) = postSolution
		SolutionGuid = {26F6E538-718D-4779-8A8B-B50A9C793BAC}
	EndGlobalSection
EndGlobal
