
Microsoft Visual Studio Solution File, Format Version 12.00
# Visual Studio Version 17
VisualStudioVersion = 17.8.34322.80
MinimumVisualStudioVersion = 10.0.40219.1
Project("{9A19103F-16F7-4668-BE54-9A1E7A4F7556}") = "SimpleServerPerPage", "SimpleServerPerPage\SimpleServerPerPage.csproj", "{945F51D1-CD45-4100-8A9A-CB9714EF3AAF}"
EndProject
Project("{9A19103F-16F7-4668-BE54-9A1E7A4F7556}") = "SimpleServerGlobal", "SimpleServerGlobal\SimpleServerGlobal.csproj", "{1CFCAD61-1972-449F-8D57-28E21E325DF1}"
EndProject
Project("{9A19103F-16F7-4668-BE54-9A1E7A4F7556}") = "SimpleServerPerPageAuth", "SimpleServerPerPageAuth\SimpleServerPerPageAuth.csproj", "{8785DA30-584D-478A-8E9A-39662F4F7E94}"
EndProject
Project("{9A19103F-16F7-4668-BE54-9A1E7A4F7556}") = "SimpleWasmPerPage", "SimpleWasmPerPage\SimpleWasmPerPage\SimpleWasmPerPage.csproj", "{4EC91EF9-520F-4900-AA46-4BF1CAE9A847}"
EndProject
Project("{9A19103F-16F7-4668-BE54-9A1E7A4F7556}") = "SimpleWasmPerPage.Client", "SimpleWasmPerPage\SimpleWasmPerPage.Client\SimpleWasmPerPage.Client.csproj", "{1D38BA27-0FF7-4EC6-855E-03A4F1242901}"
EndProject
Project("{9A19103F-16F7-4668-BE54-9A1E7A4F7556}") = "SimpleWasmGlobal", "SimpleWasmGlobal\SimpleWasmGlobal\SimpleWasmGlobal.csproj", "{CE4964B6-7BE7-478A-83C3-32AC7D38B587}"
EndProject
Project("{9A19103F-16F7-4668-BE54-9A1E7A4F7556}") = "SimpleWasmGlobal.Client", "SimpleWasmGlobal\SimpleWasmGlobal.Client\SimpleWasmGlobal.Client.csproj", "{751A5FB3-CC24-424B-9AA9-FEADA4435715}"
EndProject
Project("{9A19103F-16F7-4668-BE54-9A1E7A4F7556}") = "SimpleWasmPerPageAuth", "SimpleWasmPerPageAuth\SimpleWasmPerPageAuth\SimpleWasmPerPageAuth.csproj", "{97C95A0C-57E5-45A5-AC87-696312CD6470}"
EndProject
Project("{9A19103F-16F7-4668-BE54-9A1E7A4F7556}") = "SimpleWasmPerPageAuth.Client", "SimpleWasmPerPageAuth\SimpleWasmPerPageAuth.Client\SimpleWasmPerPageAuth.Client.csproj", "{4F8D7D19-9103-40B4-8F36-0A7ADB2E19A8}"
EndProject
Project("{9A19103F-16F7-4668-BE54-9A1E7A4F7556}") = "SimpleNonePerPage", "SimpleNonePerPage\SimpleNonePerPage.csproj", "{22BD87AF-4E14-4714-904D-1DA3CBEE0177}"
EndProject
Project("{9A19103F-16F7-4668-BE54-9A1E7A4F7556}") = "SimpleNoneGlobal", "SimpleNoneGlobal\SimpleNoneGlobal.csproj", "{D2A41C5F-D89F-4F61-8B0B-1886444536EF}"
EndProject
Project("{9A19103F-16F7-4668-BE54-9A1E7A4F7556}") = "SimpleAutoPerPage", "SimpleAutoPerPage\SimpleAutoPerPage\SimpleAutoPerPage.csproj", "{1C0AD2B4-8CA2-4F85-A47F-ECE828439772}"
EndProject
Project("{9A19103F-16F7-4668-BE54-9A1E7A4F7556}") = "SimpleAutoPerPage.Client", "SimpleAutoPerPage\SimpleAutoPerPage.Client\SimpleAutoPerPage.Client.csproj", "{F8F0D2BB-94C9-4973-904A-AB1F44360F2F}"
EndProject
Project("{9A19103F-16F7-4668-BE54-9A1E7A4F7556}") = "SimpleAutoGlobal", "SimpleAutoGlobal\SimpleAutoGlobal\SimpleAutoGlobal.csproj", "{B67EB47B-228C-45F1-8A3D-482A577733D3}"
EndProject
Project("{9A19103F-16F7-4668-BE54-9A1E7A4F7556}") = "SimpleAutoGlobal.Client", "SimpleAutoGlobal\SimpleAutoGlobal.Client\SimpleAutoGlobal.Client.csproj", "{0A0815C7-2821-4E0B-AC99-C8278DE5BA22}"
EndProject
Project("{9A19103F-16F7-4668-BE54-9A1E7A4F7556}") = "SimpleAutoPerPageAuth", "SimpleAutoPerPageAuth\SimpleAutoPerPageAuth\SimpleAutoPerPageAuth.csproj", "{70900BA4-F6A0-41E7-A231-4A90081135AA}"
EndProject
Project("{9A19103F-16F7-4668-BE54-9A1E7A4F7556}") = "SimpleAutoPerPageAuth.Client", "SimpleAutoPerPageAuth\SimpleAutoPerPageAuth.Client\SimpleAutoPerPageAuth.Client.csproj", "{90D97ADF-3F0D-4A87-B0BD-6731919369FF}"
EndProject
Project("{2150E333-8FDC-42A3-9474-1A3956D46DE8}") = "Base", "Base", "{C136EEE4-58AD-4590-A582-C4EA132FF1AB}"
EndProject
Project("{2150E333-8FDC-42A3-9474-1A3956D46DE8}") = "1None", "1None", "{63967B19-2BDF-49F7-BB2D-99C2BB428768}"
EndProject
Project("{2150E333-8FDC-42A3-9474-1A3956D46DE8}") = "2Server", "2Server", "{45C3CD56-E059-4113-A431-59979231306D}"
EndProject
Project("{2150E333-8FDC-42A3-9474-1A3956D46DE8}") = "3Wasm", "3Wasm", "{5BC93113-047C-4D27-8055-8A8368FB8F7C}"
EndProject
Global
	GlobalSection(SolutionConfigurationPlatforms) = preSolution
		Debug|Any CPU = Debug|Any CPU
		Release|Any CPU = Release|Any CPU
	EndGlobalSection
	GlobalSection(ProjectConfigurationPlatforms) = postSolution
		{945F51D1-CD45-4100-8A9A-CB9714EF3AAF}.Debug|Any CPU.ActiveCfg = Debug|Any CPU
		{945F51D1-CD45-4100-8A9A-CB9714EF3AAF}.Debug|Any CPU.Build.0 = Debug|Any CPU
		{945F51D1-CD45-4100-8A9A-CB9714EF3AAF}.Release|Any CPU.ActiveCfg = Release|Any CPU
		{945F51D1-CD45-4100-8A9A-CB9714EF3AAF}.Release|Any CPU.Build.0 = Release|Any CPU
		{1CFCAD61-1972-449F-8D57-28E21E325DF1}.Debug|Any CPU.ActiveCfg = Debug|Any CPU
		{1CFCAD61-1972-449F-8D57-28E21E325DF1}.Debug|Any CPU.Build.0 = Debug|Any CPU
		{1CFCAD61-1972-449F-8D57-28E21E325DF1}.Release|Any CPU.ActiveCfg = Release|Any CPU
		{1CFCAD61-1972-449F-8D57-28E21E325DF1}.Release|Any CPU.Build.0 = Release|Any CPU
		{8785DA30-584D-478A-8E9A-39662F4F7E94}.Debug|Any CPU.ActiveCfg = Debug|Any CPU
		{8785DA30-584D-478A-8E9A-39662F4F7E94}.Debug|Any CPU.Build.0 = Debug|Any CPU
		{8785DA30-584D-478A-8E9A-39662F4F7E94}.Release|Any CPU.ActiveCfg = Release|Any CPU
		{8785DA30-584D-478A-8E9A-39662F4F7E94}.Release|Any CPU.Build.0 = Release|Any CPU
		{4EC91EF9-520F-4900-AA46-4BF1CAE9A847}.Debug|Any CPU.ActiveCfg = Debug|Any CPU
		{4EC91EF9-520F-4900-AA46-4BF1CAE9A847}.Debug|Any CPU.Build.0 = Debug|Any CPU
		{4EC91EF9-520F-4900-AA46-4BF1CAE9A847}.Release|Any CPU.ActiveCfg = Release|Any CPU
		{4EC91EF9-520F-4900-AA46-4BF1CAE9A847}.Release|Any CPU.Build.0 = Release|Any CPU
		{1D38BA27-0FF7-4EC6-855E-03A4F1242901}.Debug|Any CPU.ActiveCfg = Debug|Any CPU
		{1D38BA27-0FF7-4EC6-855E-03A4F1242901}.Debug|Any CPU.Build.0 = Debug|Any CPU
		{1D38BA27-0FF7-4EC6-855E-03A4F1242901}.Release|Any CPU.ActiveCfg = Release|Any CPU
		{1D38BA27-0FF7-4EC6-855E-03A4F1242901}.Release|Any CPU.Build.0 = Release|Any CPU
		{CE4964B6-7BE7-478A-83C3-32AC7D38B587}.Debug|Any CPU.ActiveCfg = Debug|Any CPU
		{CE4964B6-7BE7-478A-83C3-32AC7D38B587}.Debug|Any CPU.Build.0 = Debug|Any CPU
		{CE4964B6-7BE7-478A-83C3-32AC7D38B587}.Release|Any CPU.ActiveCfg = Release|Any CPU
		{CE4964B6-7BE7-478A-83C3-32AC7D38B587}.Release|Any CPU.Build.0 = Release|Any CPU
		{751A5FB3-CC24-424B-9AA9-FEADA4435715}.Debug|Any CPU.ActiveCfg = Debug|Any CPU
		{751A5FB3-CC24-424B-9AA9-FEADA4435715}.Debug|Any CPU.Build.0 = Debug|Any CPU
		{751A5FB3-CC24-424B-9AA9-FEADA4435715}.Release|Any CPU.ActiveCfg = Release|Any CPU
		{751A5FB3-CC24-424B-9AA9-FEADA4435715}.Release|Any CPU.Build.0 = Release|Any CPU
		{97C95A0C-57E5-45A5-AC87-696312CD6470}.Debug|Any CPU.ActiveCfg = Debug|Any CPU
		{97C95A0C-57E5-45A5-AC87-696312CD6470}.Debug|Any CPU.Build.0 = Debug|Any CPU
		{97C95A0C-57E5-45A5-AC87-696312CD6470}.Release|Any CPU.ActiveCfg = Release|Any CPU
		{97C95A0C-57E5-45A5-AC87-696312CD6470}.Release|Any CPU.Build.0 = Release|Any CPU
		{4F8D7D19-9103-40B4-8F36-0A7ADB2E19A8}.Debug|Any CPU.ActiveCfg = Debug|Any CPU
		{4F8D7D19-9103-40B4-8F36-0A7ADB2E19A8}.Debug|Any CPU.Build.0 = Debug|Any CPU
		{4F8D7D19-9103-40B4-8F36-0A7ADB2E19A8}.Release|Any CPU.ActiveCfg = Release|Any CPU
		{4F8D7D19-9103-40B4-8F36-0A7ADB2E19A8}.Release|Any CPU.Build.0 = Release|Any CPU
		{22BD87AF-4E14-4714-904D-1DA3CBEE0177}.Debug|Any CPU.ActiveCfg = Debug|Any CPU
		{22BD87AF-4E14-4714-904D-1DA3CBEE0177}.Debug|Any CPU.Build.0 = Debug|Any CPU
		{22BD87AF-4E14-4714-904D-1DA3CBEE0177}.Release|Any CPU.ActiveCfg = Release|Any CPU
		{22BD87AF-4E14-4714-904D-1DA3CBEE0177}.Release|Any CPU.Build.0 = Release|Any CPU
		{D2A41C5F-D89F-4F61-8B0B-1886444536EF}.Debug|Any CPU.ActiveCfg = Debug|Any CPU
		{D2A41C5F-D89F-4F61-8B0B-1886444536EF}.Debug|Any CPU.Build.0 = Debug|Any CPU
		{D2A41C5F-D89F-4F61-8B0B-1886444536EF}.Release|Any CPU.ActiveCfg = Release|Any CPU
		{D2A41C5F-D89F-4F61-8B0B-1886444536EF}.Release|Any CPU.Build.0 = Release|Any CPU
		{1C0AD2B4-8CA2-4F85-A47F-ECE828439772}.Debug|Any CPU.ActiveCfg = Debug|Any CPU
		{1C0AD2B4-8CA2-4F85-A47F-ECE828439772}.Debug|Any CPU.Build.0 = Debug|Any CPU
		{1C0AD2B4-8CA2-4F85-A47F-ECE828439772}.Release|Any CPU.ActiveCfg = Release|Any CPU
		{1C0AD2B4-8CA2-4F85-A47F-ECE828439772}.Release|Any CPU.Build.0 = Release|Any CPU
		{F8F0D2BB-94C9-4973-904A-AB1F44360F2F}.Debug|Any CPU.ActiveCfg = Debug|Any CPU
		{F8F0D2BB-94C9-4973-904A-AB1F44360F2F}.Debug|Any CPU.Build.0 = Debug|Any CPU
		{F8F0D2BB-94C9-4973-904A-AB1F44360F2F}.Release|Any CPU.ActiveCfg = Release|Any CPU
		{F8F0D2BB-94C9-4973-904A-AB1F44360F2F}.Release|Any CPU.Build.0 = Release|Any CPU
		{B67EB47B-228C-45F1-8A3D-482A577733D3}.Debug|Any CPU.ActiveCfg = Debug|Any CPU
		{B67EB47B-228C-45F1-8A3D-482A577733D3}.Debug|Any CPU.Build.0 = Debug|Any CPU
		{B67EB47B-228C-45F1-8A3D-482A577733D3}.Release|Any CPU.ActiveCfg = Release|Any CPU
		{B67EB47B-228C-45F1-8A3D-482A577733D3}.Release|Any CPU.Build.0 = Release|Any CPU
		{0A0815C7-2821-4E0B-AC99-C8278DE5BA22}.Debug|Any CPU.ActiveCfg = Debug|Any CPU
		{0A0815C7-2821-4E0B-AC99-C8278DE5BA22}.Debug|Any CPU.Build.0 = Debug|Any CPU
		{0A0815C7-2821-4E0B-AC99-C8278DE5BA22}.Release|Any CPU.ActiveCfg = Release|Any CPU
		{0A0815C7-2821-4E0B-AC99-C8278DE5BA22}.Release|Any CPU.Build.0 = Release|Any CPU
		{70900BA4-F6A0-41E7-A231-4A90081135AA}.Debug|Any CPU.ActiveCfg = Debug|Any CPU
		{70900BA4-F6A0-41E7-A231-4A90081135AA}.Debug|Any CPU.Build.0 = Debug|Any CPU
		{70900BA4-F6A0-41E7-A231-4A90081135AA}.Release|Any CPU.ActiveCfg = Release|Any CPU
		{70900BA4-F6A0-41E7-A231-4A90081135AA}.Release|Any CPU.Build.0 = Release|Any CPU
		{90D97ADF-3F0D-4A87-B0BD-6731919369FF}.Debug|Any CPU.ActiveCfg = Debug|Any CPU
		{90D97ADF-3F0D-4A87-B0BD-6731919369FF}.Debug|Any CPU.Build.0 = Debug|Any CPU
		{90D97ADF-3F0D-4A87-B0BD-6731919369FF}.Release|Any CPU.ActiveCfg = Release|Any CPU
		{90D97ADF-3F0D-4A87-B0BD-6731919369FF}.Release|Any CPU.Build.0 = Release|Any CPU
	EndGlobalSection
	GlobalSection(SolutionProperties) = preSolution
		HideSolutionNode = FALSE
	EndGlobalSection
	GlobalSection(NestedProjects) = preSolution
		{945F51D1-CD45-4100-8A9A-CB9714EF3AAF} = {45C3CD56-E059-4113-A431-59979231306D}
		{1CFCAD61-1972-449F-8D57-28E21E325DF1} = {45C3CD56-E059-4113-A431-59979231306D}
		{8785DA30-584D-478A-8E9A-39662F4F7E94} = {45C3CD56-E059-4113-A431-59979231306D}
		{4EC91EF9-520F-4900-AA46-4BF1CAE9A847} = {5BC93113-047C-4D27-8055-8A8368FB8F7C}
		{1D38BA27-0FF7-4EC6-855E-03A4F1242901} = {5BC93113-047C-4D27-8055-8A8368FB8F7C}
		{CE4964B6-7BE7-478A-83C3-32AC7D38B587} = {5BC93113-047C-4D27-8055-8A8368FB8F7C}
		{751A5FB3-CC24-424B-9AA9-FEADA4435715} = {5BC93113-047C-4D27-8055-8A8368FB8F7C}
		{97C95A0C-57E5-45A5-AC87-696312CD6470} = {5BC93113-047C-4D27-8055-8A8368FB8F7C}
		{4F8D7D19-9103-40B4-8F36-0A7ADB2E19A8} = {5BC93113-047C-4D27-8055-8A8368FB8F7C}
		{22BD87AF-4E14-4714-904D-1DA3CBEE0177} = {63967B19-2BDF-49F7-BB2D-99C2BB428768}
		{D2A41C5F-D89F-4F61-8B0B-1886444536EF} = {63967B19-2BDF-49F7-BB2D-99C2BB428768}
		{1C0AD2B4-8CA2-4F85-A47F-ECE828439772} = {C136EEE4-58AD-4590-A582-C4EA132FF1AB}
		{F8F0D2BB-94C9-4973-904A-AB1F44360F2F} = {C136EEE4-58AD-4590-A582-C4EA132FF1AB}
		{B67EB47B-228C-45F1-8A3D-482A577733D3} = {C136EEE4-58AD-4590-A582-C4EA132FF1AB}
		{0A0815C7-2821-4E0B-AC99-C8278DE5BA22} = {C136EEE4-58AD-4590-A582-C4EA132FF1AB}
		{70900BA4-F6A0-41E7-A231-4A90081135AA} = {C136EEE4-58AD-4590-A582-C4EA132FF1AB}
		{90D97ADF-3F0D-4A87-B0BD-6731919369FF} = {C136EEE4-58AD-4590-A582-C4EA132FF1AB}
		{63967B19-2BDF-49F7-BB2D-99C2BB428768} = {C136EEE4-58AD-4590-A582-C4EA132FF1AB}
		{45C3CD56-E059-4113-A431-59979231306D} = {C136EEE4-58AD-4590-A582-C4EA132FF1AB}
		{5BC93113-047C-4D27-8055-8A8368FB8F7C} = {C136EEE4-58AD-4590-A582-C4EA132FF1AB}
	EndGlobalSection
	GlobalSection(ExtensibilityGlobals) = postSolution
		SolutionGuid = {26F6E538-718D-4779-8A8B-B50A9C793BAC}
	EndGlobalSection
EndGlobal
