
Microsoft Visual Studio Solution File, Format Version 12.00
# Visual Studio Version 17
VisualStudioVersion = 17.14.36221.1
MinimumVisualStudioVersion = 10.0.40219.1
Project("{FAE04EC0-301F-11D3-BF4B-00C04F79EFBC}") = "WorkCognitive", "WorkCognitive\WorkCognitive.csproj", "{D203308D-9784-4014-B484-99135CF205B3}"
EndProject
Project("{FAE04EC0-301F-11D3-BF4B-00C04F79EFBC}") = "WorkFace", "WorkFace\WorkFace.csproj", "{7DC91617-8299-4D57-A7BE-7D4B58AB3D92}"
EndProject
Global
	GlobalSection(SolutionConfigurationPlatforms) = preSolution
		Debug|Any CPU = Debug|Any CPU
		Release|Any CPU = Release|Any CPU
	EndGlobalSection
	GlobalSection(ProjectConfigurationPlatforms) = postSolution
		{D203308D-9784-4014-B484-99135CF205B3}.Debug|Any CPU.ActiveCfg = Debug|Any CPU
		{D203308D-9784-4014-B484-99135CF205B3}.Debug|Any CPU.Build.0 = Debug|Any CPU
		{D203308D-9784-4014-B484-99135CF205B3}.Release|Any CPU.ActiveCfg = Release|Any CPU
		{D203308D-9784-4014-B484-99135CF205B3}.Release|Any CPU.Build.0 = Release|Any CPU
		{7DC91617-8299-4D57-A7BE-7D4B58AB3D92}.Debug|Any CPU.ActiveCfg = Debug|Any CPU
		{7DC91617-8299-4D57-A7BE-7D4B58AB3D92}.Debug|Any CPU.Build.0 = Debug|Any CPU
		{7DC91617-8299-4D57-A7BE-7D4B58AB3D92}.Release|Any CPU.ActiveCfg = Release|Any CPU
		{7DC91617-8299-4D57-A7BE-7D4B58AB3D92}.Release|Any CPU.Build.0 = Release|Any CPU
	EndGlobalSection
	GlobalSection(SolutionProperties) = preSolution
		HideSolutionNode = FALSE
	EndGlobalSection
	GlobalSection(ExtensibilityGlobals) = postSolution
		SolutionGuid = {97ACCD94-BA1F-42C8-9CF6-8FAB1E8BD686}
	EndGlobalSection
EndGlobal
