
Microsoft Visual Studio Solution File, Format Version 12.00
# Visual Studio Version 17
VisualStudioVersion = 17.9.34728.123
MinimumVisualStudioVersion = 10.0.40219.1
Project("{2150E333-8FDC-42A3-9474-1A3956D46DE8}") = "Sample", "Sample", "{5C189937-0B56-4FEE-BBA4-C2F9A5482B82}"
EndProject
Project("{2150E333-8FDC-42A3-9474-1A3956D46DE8}") = "DI", "DI", "{0F01E4FD-8DFC-478F-9A95-6527BCABFA83}"
EndProject
Project("{2150E333-8FDC-42A3-9474-1A3956D46DE8}") = "Work", "Work", "{DC046D07-C68C-4AC7-AA82-1B8D312C6719}"
EndProject
Project("{9A19103F-16F7-4668-BE54-9A1E7A4F7556}") = "SampleDependencyJab", "SampleDependencyJab\SampleDependencyJab.csproj", "{2AAE6860-EA83-45BC-BBA2-A0C57359C5AE}"
EndProject
Project("{9A19103F-16F7-4668-BE54-9A1E7A4F7556}") = "WorkGeneratorClassList", "WorkClassList\WorkGeneratorClassList\WorkGeneratorClassList.csproj", "{D0A4F44A-23D9-4449-AE7C-5F4E49968D99}"
EndProject
Project("{2150E333-8FDC-42A3-9474-1A3956D46DE8}") = "ClassList", "ClassList", "{33B4075A-E708-4102-ADED-FE8919237694}"
EndProject
Project("{9A19103F-16F7-4668-BE54-9A1E7A4F7556}") = "WorkGeneratorClassList.Example.Library1", "WorkClassList\WorkGeneratorClassList.Example.Library1\WorkGeneratorClassList.Example.Library1.csproj", "{32176DA8-33F2-404F-BB07-D41E0FF2BF54}"
EndProject
Project("{9A19103F-16F7-4668-BE54-9A1E7A4F7556}") = "WorkGeneratorClassList.Example.Library2", "WorkClassList\WorkGeneratorClassList.Example.Library2\WorkGeneratorClassList.Example.Library2.csproj", "{7D791211-DB79-4DF8-B31A-99C1E25B641C}"
EndProject
Project("{9A19103F-16F7-4668-BE54-9A1E7A4F7556}") = "WorkGeneratorClassList.Example", "WorkClassList\WorkGeneratorClassList.Example\WorkGeneratorClassList.Example.csproj", "{AC0042D7-BB7D-4390-B06B-638D6D3A061F}"
EndProject
Project("{2150E333-8FDC-42A3-9474-1A3956D46DE8}") = "OtherLib", "OtherLib", "{3E3E5E7C-1E82-4428-9CAC-A72161082FC5}"
EndProject
Project("{2150E333-8FDC-42A3-9474-1A3956D46DE8}") = "_Dynamic", "_Dynamic", "{F7586501-3D0B-403E-B8FE-2DEA535C5484}"
EndProject
Project("{2150E333-8FDC-42A3-9474-1A3956D46DE8}") = "_String", "_String", "{170FDBC3-E7B8-44D4-AC59-079DB79BE530}"
EndProject
Project("{9A19103F-16F7-4668-BE54-9A1E7A4F7556}") = "WorkStringGenerator.Attributes", "WorkString\WorkStringGenerator.Attributes\WorkStringGenerator.Attributes.csproj", "{7AF7E359-297A-4C29-BA8E-A8F2EE75F1D5}"
EndProject
Project("{9A19103F-16F7-4668-BE54-9A1E7A4F7556}") = "WorkStringGenerator", "WorkString\WorkStringGenerator\WorkStringGenerator.csproj", "{063B5CDF-4868-4501-80A5-FFBD8C208376}"
EndProject
Project("{9A19103F-16F7-4668-BE54-9A1E7A4F7556}") = "WorkStringGenerator.Example", "WorkString\WorkStringGenerator.Example\WorkStringGenerator.Example.csproj", "{160001A8-4471-4F28-BCB1-123444C20828}"
EndProject
Project("{9A19103F-16F7-4668-BE54-9A1E7A4F7556}") = "WorkGeneratorDynamic.Attributes", "WorkDynamic\WorkGeneratorDynamic.Attributes\WorkGeneratorDynamic.Attributes.csproj", "{DF709E86-028B-4507-ACCA-7BC774A7750C}"
EndProject
Project("{9A19103F-16F7-4668-BE54-9A1E7A4F7556}") = "WorkGeneratorDynamic", "WorkDynamic\WorkGeneratorDynamic\WorkGeneratorDynamic.csproj", "{0678DD14-5C8A-4210-A3C1-6576F9F70733}"
EndProject
Project("{9A19103F-16F7-4668-BE54-9A1E7A4F7556}") = "WorkGeneratorDynamic.Library", "WorkDynamic\WorkGeneratorDynamic.Library\WorkGeneratorDynamic.Library.csproj", "{30EEB59E-0FA1-45CD-89B5-6AD183BBEC4C}"
EndProject
Project("{9A19103F-16F7-4668-BE54-9A1E7A4F7556}") = "WorkGeneratorDynamic.Example", "WorkDynamic\WorkGeneratorDynamic.Example\WorkGeneratorDynamic.Example.csproj", "{5914A276-5F50-4EB8-9BB8-0765593A436A}"
EndProject
Project("{9A19103F-16F7-4668-BE54-9A1E7A4F7556}") = "WorkGeneratorOtherLib.Attributes", "WorkGeneratorOtherLib\WorkGeneratorOtherLib.Attributes\WorkGeneratorOtherLib.Attributes.csproj", "{4027374D-367E-4374-BCBD-3D4FB7E00EB2}"
EndProject
Project("{9A19103F-16F7-4668-BE54-9A1E7A4F7556}") = "WorkGeneratorOtherLib", "WorkGeneratorOtherLib\WorkGeneratorOtherLib\WorkGeneratorOtherLib.csproj", "{2E081B7C-6D90-4D08-B36E-2018599432FC}"
EndProject
Project("{9A19103F-16F7-4668-BE54-9A1E7A4F7556}") = "WorkGeneratorOtherLib.Example", "WorkGeneratorOtherLib\WorkGeneratorOtherLib.Example\WorkGeneratorOtherLib.Example.csproj", "{69764CBB-D196-4D57-B54D-8193C298B027}"
EndProject
Project("{2150E333-8FDC-42A3-9474-1A3956D46DE8}") = "Property", "Property", "{7EED47DE-D41F-4012-AA57-E7301DF8D16F}"
EndProject
Project("{FAE04EC0-301F-11D3-BF4B-00C04F79EFBC}") = "SampleDependencyGenerator", "SampleDependencyGenerator\SampleDependencyGenerator.csproj", "{58EB4A23-A432-4639-A72F-3DDC9FAB2232}"
EndProject
Project("{FAE04EC0-301F-11D3-BF4B-00C04F79EFBC}") = "SampleDependencyAutoRegister", "SampleDependencyAutoRegister\SampleDependencyAutoRegister.csproj", "{1851123E-8ADB-4F4E-93AB-3BB8E5882466}"
EndProject
Project("{FAE04EC0-301F-11D3-BF4B-00C04F79EFBC}") = "SampleDependencyInjectio", "SampleDependencyInjectio\SampleDependencyInjectio.csproj", "{5C84F849-AF90-4AA4-A11C-D09AEB2093B8}"
EndProject
Project("{FAE04EC0-301F-11D3-BF4B-00C04F79EFBC}") = "SamplePropertyReactiveGenerator", "SamplePropertyReactiveGenerator\SamplePropertyReactiveGenerator.csproj", "{164F7DB4-3EDD-413E-92BA-5E7473233F13}"
EndProject
Project("{FAE04EC0-301F-11D3-BF4B-00C04F79EFBC}") = "SamplePropertyPropertyChanged", "SamplePropertyPropertyChanged\SamplePropertyPropertyChanged.csproj", "{8104BDE8-E0B7-4D94-98DD-8B829D1222BF}"
EndProject
Project("{FAE04EC0-301F-11D3-BF4B-00C04F79EFBC}") = "SamplePropertyCommunityToolkit", "SamplePropertyCommunityToolkit\SamplePropertyCommunityToolkit.csproj", "{0671F388-93A2-442E-AF87-16542BFAB542}"
EndProject
Project("{FAE04EC0-301F-11D3-BF4B-00C04F79EFBC}") = "WorkGeneratorOtherLib.Common", "WorkGeneratorOtherLib\WorkGeneratorOtherLib.Common\WorkGeneratorOtherLib.Common.csproj", "{AD8C6405-0759-40DB-81C4-59C0CFF3621B}"
EndProject
Project("{2150E333-8FDC-42A3-9474-1A3956D46DE8}") = "Scan", "Scan", "{3D5324D2-DE86-4FED-980F-17C9538F6835}"
EndProject
Project("{FAE04EC0-301F-11D3-BF4B-00C04F79EFBC}") = "WorkScan.SourceGenerator.Attributes", "WorkScan\WorkScan.SourceGenerator.Attributes\WorkScan.SourceGenerator.Attributes.csproj", "{5F2A89C2-6964-4FDC-A9CC-86B22BCD2354}"
EndProject
Project("{FAE04EC0-301F-11D3-BF4B-00C04F79EFBC}") = "WorkScan.SourceGenerator", "WorkScan\WorkScan.SourceGenerator\WorkScan.SourceGenerator.csproj", "{0AE63472-DF24-4342-B1BD-EAF19DC72CA8}"
EndProject
Project("{FAE04EC0-301F-11D3-BF4B-00C04F79EFBC}") = "WorkScan.SourceGenerator.Example", "WorkScan\WorkScan.SourceGenerator.Example\WorkScan.SourceGenerator.Example.csproj", "{3E6A1A0A-BAE5-49FE-977F-91D170317F39}"
EndProject
Project("{FAE04EC0-301F-11D3-BF4B-00C04F79EFBC}") = "WorkScan.SourceGenerator.Library", "WorkScan\WorkScan.SourceGenerator.Library\WorkScan.SourceGenerator.Library.csproj", "{5D82EFCC-918C-4A40-B047-1F41E0E08B09}"
EndProject
Project("{2150E333-8FDC-42A3-9474-1A3956D46DE8}") = "Debug", "Debug", "{12A486A6-8AEA-47EE-9487-FC45FDC75766}"
EndProject
Project("{FAE04EC0-301F-11D3-BF4B-00C04F79EFBC}") = "WorkDebugServer", "WorkDebugServer\WorkDebugServer.csproj", "{91010C33-8C33-48E1-A558-C99E4E93B23E}"
EndProject
Project("{2150E333-8FDC-42A3-9474-1A3956D46DE8}") = "Attribute", "Attribute", "{38BC17FD-E0B5-4E01-A1C0-CF88B70E26EE}"
EndProject
Project("{FAE04EC0-301F-11D3-BF4B-00C04F79EFBC}") = "WorkAttribute.Attributes", "WorkAttribute\WorkAttribute.Attributes\WorkAttribute.Attributes.csproj", "{5B9553EF-920A-43E2-9F15-CB007C3A3EE8}"
EndProject
Project("{FAE04EC0-301F-11D3-BF4B-00C04F79EFBC}") = "WorkAttribute", "WorkAttribute\WorkAttribute\WorkAttribute.csproj", "{6030CD25-B0CF-4653-871D-0BCE9E0F5AA6}"
EndProject
Project("{FAE04EC0-301F-11D3-BF4B-00C04F79EFBC}") = "WorkAttribute.Example", "WorkAttribute\WorkAttribute.Example\WorkAttribute.Example.csproj", "{2D47EE24-0913-454A-BE0F-1CCFCE3D7142}"
EndProject
Global
	GlobalSection(SolutionConfigurationPlatforms) = preSolution
		Debug|Any CPU = Debug|Any CPU
		Release|Any CPU = Release|Any CPU
	EndGlobalSection
	GlobalSection(ProjectConfigurationPlatforms) = postSolution
		{2AAE6860-EA83-45BC-BBA2-A0C57359C5AE}.Debug|Any CPU.ActiveCfg = Debug|Any CPU
		{2AAE6860-EA83-45BC-BBA2-A0C57359C5AE}.Debug|Any CPU.Build.0 = Debug|Any CPU
		{2AAE6860-EA83-45BC-BBA2-A0C57359C5AE}.Release|Any CPU.ActiveCfg = Release|Any CPU
		{2AAE6860-EA83-45BC-BBA2-A0C57359C5AE}.Release|Any CPU.Build.0 = Release|Any CPU
		{D0A4F44A-23D9-4449-AE7C-5F4E49968D99}.Debug|Any CPU.ActiveCfg = Debug|Any CPU
		{D0A4F44A-23D9-4449-AE7C-5F4E49968D99}.Release|Any CPU.ActiveCfg = Release|Any CPU
		{D0A4F44A-23D9-4449-AE7C-5F4E49968D99}.Release|Any CPU.Build.0 = Release|Any CPU
		{32176DA8-33F2-404F-BB07-D41E0FF2BF54}.Debug|Any CPU.ActiveCfg = Debug|Any CPU
		{32176DA8-33F2-404F-BB07-D41E0FF2BF54}.Release|Any CPU.ActiveCfg = Release|Any CPU
		{32176DA8-33F2-404F-BB07-D41E0FF2BF54}.Release|Any CPU.Build.0 = Release|Any CPU
		{7D791211-DB79-4DF8-B31A-99C1E25B641C}.Debug|Any CPU.ActiveCfg = Debug|Any CPU
		{7D791211-DB79-4DF8-B31A-99C1E25B641C}.Release|Any CPU.ActiveCfg = Release|Any CPU
		{7D791211-DB79-4DF8-B31A-99C1E25B641C}.Release|Any CPU.Build.0 = Release|Any CPU
		{AC0042D7-BB7D-4390-B06B-638D6D3A061F}.Debug|Any CPU.ActiveCfg = Debug|Any CPU
		{AC0042D7-BB7D-4390-B06B-638D6D3A061F}.Release|Any CPU.ActiveCfg = Release|Any CPU
		{AC0042D7-BB7D-4390-B06B-638D6D3A061F}.Release|Any CPU.Build.0 = Release|Any CPU
		{7AF7E359-297A-4C29-BA8E-A8F2EE75F1D5}.Debug|Any CPU.ActiveCfg = Debug|Any CPU
		{7AF7E359-297A-4C29-BA8E-A8F2EE75F1D5}.Release|Any CPU.ActiveCfg = Release|Any CPU
		{7AF7E359-297A-4C29-BA8E-A8F2EE75F1D5}.Release|Any CPU.Build.0 = Release|Any CPU
		{063B5CDF-4868-4501-80A5-FFBD8C208376}.Debug|Any CPU.ActiveCfg = Debug|Any CPU
		{063B5CDF-4868-4501-80A5-FFBD8C208376}.Release|Any CPU.ActiveCfg = Release|Any CPU
		{063B5CDF-4868-4501-80A5-FFBD8C208376}.Release|Any CPU.Build.0 = Release|Any CPU
		{160001A8-4471-4F28-BCB1-123444C20828}.Debug|Any CPU.ActiveCfg = Debug|Any CPU
		{160001A8-4471-4F28-BCB1-123444C20828}.Release|Any CPU.ActiveCfg = Release|Any CPU
		{160001A8-4471-4F28-BCB1-123444C20828}.Release|Any CPU.Build.0 = Release|Any CPU
		{DF709E86-028B-4507-ACCA-7BC774A7750C}.Debug|Any CPU.ActiveCfg = Debug|Any CPU
		{DF709E86-028B-4507-ACCA-7BC774A7750C}.Release|Any CPU.ActiveCfg = Release|Any CPU
		{DF709E86-028B-4507-ACCA-7BC774A7750C}.Release|Any CPU.Build.0 = Release|Any CPU
		{0678DD14-5C8A-4210-A3C1-6576F9F70733}.Debug|Any CPU.ActiveCfg = Debug|Any CPU
		{0678DD14-5C8A-4210-A3C1-6576F9F70733}.Release|Any CPU.ActiveCfg = Release|Any CPU
		{0678DD14-5C8A-4210-A3C1-6576F9F70733}.Release|Any CPU.Build.0 = Release|Any CPU
		{30EEB59E-0FA1-45CD-89B5-6AD183BBEC4C}.Debug|Any CPU.ActiveCfg = Debug|Any CPU
		{30EEB59E-0FA1-45CD-89B5-6AD183BBEC4C}.Release|Any CPU.ActiveCfg = Release|Any CPU
		{30EEB59E-0FA1-45CD-89B5-6AD183BBEC4C}.Release|Any CPU.Build.0 = Release|Any CPU
		{5914A276-5F50-4EB8-9BB8-0765593A436A}.Debug|Any CPU.ActiveCfg = Debug|Any CPU
		{5914A276-5F50-4EB8-9BB8-0765593A436A}.Release|Any CPU.ActiveCfg = Release|Any CPU
		{5914A276-5F50-4EB8-9BB8-0765593A436A}.Release|Any CPU.Build.0 = Release|Any CPU
		{4027374D-367E-4374-BCBD-3D4FB7E00EB2}.Debug|Any CPU.ActiveCfg = Debug|Any CPU
		{4027374D-367E-4374-BCBD-3D4FB7E00EB2}.Release|Any CPU.ActiveCfg = Release|Any CPU
		{4027374D-367E-4374-BCBD-3D4FB7E00EB2}.Release|Any CPU.Build.0 = Release|Any CPU
		{2E081B7C-6D90-4D08-B36E-2018599432FC}.Debug|Any CPU.ActiveCfg = Debug|Any CPU
		{2E081B7C-6D90-4D08-B36E-2018599432FC}.Debug|Any CPU.Build.0 = Debug|Any CPU
		{2E081B7C-6D90-4D08-B36E-2018599432FC}.Release|Any CPU.ActiveCfg = Release|Any CPU
		{2E081B7C-6D90-4D08-B36E-2018599432FC}.Release|Any CPU.Build.0 = Release|Any CPU
		{69764CBB-D196-4D57-B54D-8193C298B027}.Debug|Any CPU.ActiveCfg = Debug|Any CPU
		{69764CBB-D196-4D57-B54D-8193C298B027}.Debug|Any CPU.Build.0 = Debug|Any CPU
		{69764CBB-D196-4D57-B54D-8193C298B027}.Release|Any CPU.ActiveCfg = Release|Any CPU
		{69764CBB-D196-4D57-B54D-8193C298B027}.Release|Any CPU.Build.0 = Release|Any CPU
		{58EB4A23-A432-4639-A72F-3DDC9FAB2232}.Debug|Any CPU.ActiveCfg = Debug|Any CPU
		{58EB4A23-A432-4639-A72F-3DDC9FAB2232}.Debug|Any CPU.Build.0 = Debug|Any CPU
		{58EB4A23-A432-4639-A72F-3DDC9FAB2232}.Release|Any CPU.ActiveCfg = Release|Any CPU
		{58EB4A23-A432-4639-A72F-3DDC9FAB2232}.Release|Any CPU.Build.0 = Release|Any CPU
		{1851123E-8ADB-4F4E-93AB-3BB8E5882466}.Debug|Any CPU.ActiveCfg = Debug|Any CPU
		{1851123E-8ADB-4F4E-93AB-3BB8E5882466}.Debug|Any CPU.Build.0 = Debug|Any CPU
		{1851123E-8ADB-4F4E-93AB-3BB8E5882466}.Release|Any CPU.ActiveCfg = Release|Any CPU
		{1851123E-8ADB-4F4E-93AB-3BB8E5882466}.Release|Any CPU.Build.0 = Release|Any CPU
		{5C84F849-AF90-4AA4-A11C-D09AEB2093B8}.Debug|Any CPU.ActiveCfg = Debug|Any CPU
		{5C84F849-AF90-4AA4-A11C-D09AEB2093B8}.Debug|Any CPU.Build.0 = Debug|Any CPU
		{5C84F849-AF90-4AA4-A11C-D09AEB2093B8}.Release|Any CPU.ActiveCfg = Release|Any CPU
		{5C84F849-AF90-4AA4-A11C-D09AEB2093B8}.Release|Any CPU.Build.0 = Release|Any CPU
		{164F7DB4-3EDD-413E-92BA-5E7473233F13}.Debug|Any CPU.ActiveCfg = Debug|Any CPU
		{164F7DB4-3EDD-413E-92BA-5E7473233F13}.Debug|Any CPU.Build.0 = Debug|Any CPU
		{164F7DB4-3EDD-413E-92BA-5E7473233F13}.Release|Any CPU.ActiveCfg = Release|Any CPU
		{164F7DB4-3EDD-413E-92BA-5E7473233F13}.Release|Any CPU.Build.0 = Release|Any CPU
		{8104BDE8-E0B7-4D94-98DD-8B829D1222BF}.Debug|Any CPU.ActiveCfg = Debug|Any CPU
		{8104BDE8-E0B7-4D94-98DD-8B829D1222BF}.Debug|Any CPU.Build.0 = Debug|Any CPU
		{8104BDE8-E0B7-4D94-98DD-8B829D1222BF}.Release|Any CPU.ActiveCfg = Release|Any CPU
		{8104BDE8-E0B7-4D94-98DD-8B829D1222BF}.Release|Any CPU.Build.0 = Release|Any CPU
		{0671F388-93A2-442E-AF87-16542BFAB542}.Debug|Any CPU.ActiveCfg = Debug|Any CPU
		{0671F388-93A2-442E-AF87-16542BFAB542}.Debug|Any CPU.Build.0 = Debug|Any CPU
		{0671F388-93A2-442E-AF87-16542BFAB542}.Release|Any CPU.ActiveCfg = Release|Any CPU
		{0671F388-93A2-442E-AF87-16542BFAB542}.Release|Any CPU.Build.0 = Release|Any CPU
		{AD8C6405-0759-40DB-81C4-59C0CFF3621B}.Debug|Any CPU.ActiveCfg = Debug|Any CPU
		{AD8C6405-0759-40DB-81C4-59C0CFF3621B}.Debug|Any CPU.Build.0 = Debug|Any CPU
		{AD8C6405-0759-40DB-81C4-59C0CFF3621B}.Release|Any CPU.ActiveCfg = Release|Any CPU
		{AD8C6405-0759-40DB-81C4-59C0CFF3621B}.Release|Any CPU.Build.0 = Release|Any CPU
		{5F2A89C2-6964-4FDC-A9CC-86B22BCD2354}.Debug|Any CPU.ActiveCfg = Debug|Any CPU
		{5F2A89C2-6964-4FDC-A9CC-86B22BCD2354}.Debug|Any CPU.Build.0 = Debug|Any CPU
		{5F2A89C2-6964-4FDC-A9CC-86B22BCD2354}.Release|Any CPU.ActiveCfg = Release|Any CPU
		{5F2A89C2-6964-4FDC-A9CC-86B22BCD2354}.Release|Any CPU.Build.0 = Release|Any CPU
		{0AE63472-DF24-4342-B1BD-EAF19DC72CA8}.Debug|Any CPU.ActiveCfg = Debug|Any CPU
		{0AE63472-DF24-4342-B1BD-EAF19DC72CA8}.Debug|Any CPU.Build.0 = Debug|Any CPU
		{0AE63472-DF24-4342-B1BD-EAF19DC72CA8}.Release|Any CPU.ActiveCfg = Release|Any CPU
		{0AE63472-DF24-4342-B1BD-EAF19DC72CA8}.Release|Any CPU.Build.0 = Release|Any CPU
		{3E6A1A0A-BAE5-49FE-977F-91D170317F39}.Debug|Any CPU.ActiveCfg = Debug|Any CPU
		{3E6A1A0A-BAE5-49FE-977F-91D170317F39}.Debug|Any CPU.Build.0 = Debug|Any CPU
		{3E6A1A0A-BAE5-49FE-977F-91D170317F39}.Release|Any CPU.ActiveCfg = Release|Any CPU
		{3E6A1A0A-BAE5-49FE-977F-91D170317F39}.Release|Any CPU.Build.0 = Release|Any CPU
		{5D82EFCC-918C-4A40-B047-1F41E0E08B09}.Debug|Any CPU.ActiveCfg = Debug|Any CPU
		{5D82EFCC-918C-4A40-B047-1F41E0E08B09}.Debug|Any CPU.Build.0 = Debug|Any CPU
		{5D82EFCC-918C-4A40-B047-1F41E0E08B09}.Release|Any CPU.ActiveCfg = Release|Any CPU
		{5D82EFCC-918C-4A40-B047-1F41E0E08B09}.Release|Any CPU.Build.0 = Release|Any CPU
		{91010C33-8C33-48E1-A558-C99E4E93B23E}.Debug|Any CPU.ActiveCfg = Debug|Any CPU
		{91010C33-8C33-48E1-A558-C99E4E93B23E}.Debug|Any CPU.Build.0 = Debug|Any CPU
		{91010C33-8C33-48E1-A558-C99E4E93B23E}.Release|Any CPU.ActiveCfg = Release|Any CPU
		{91010C33-8C33-48E1-A558-C99E4E93B23E}.Release|Any CPU.Build.0 = Release|Any CPU
		{5B9553EF-920A-43E2-9F15-CB007C3A3EE8}.Debug|Any CPU.ActiveCfg = Debug|Any CPU
		{5B9553EF-920A-43E2-9F15-CB007C3A3EE8}.Debug|Any CPU.Build.0 = Debug|Any CPU
		{5B9553EF-920A-43E2-9F15-CB007C3A3EE8}.Release|Any CPU.ActiveCfg = Release|Any CPU
		{5B9553EF-920A-43E2-9F15-CB007C3A3EE8}.Release|Any CPU.Build.0 = Release|Any CPU
		{6030CD25-B0CF-4653-871D-0BCE9E0F5AA6}.Debug|Any CPU.ActiveCfg = Debug|Any CPU
		{6030CD25-B0CF-4653-871D-0BCE9E0F5AA6}.Debug|Any CPU.Build.0 = Debug|Any CPU
		{6030CD25-B0CF-4653-871D-0BCE9E0F5AA6}.Release|Any CPU.ActiveCfg = Release|Any CPU
		{6030CD25-B0CF-4653-871D-0BCE9E0F5AA6}.Release|Any CPU.Build.0 = Release|Any CPU
		{2D47EE24-0913-454A-BE0F-1CCFCE3D7142}.Debug|Any CPU.ActiveCfg = Debug|Any CPU
		{2D47EE24-0913-454A-BE0F-1CCFCE3D7142}.Debug|Any CPU.Build.0 = Debug|Any CPU
		{2D47EE24-0913-454A-BE0F-1CCFCE3D7142}.Release|Any CPU.ActiveCfg = Release|Any CPU
		{2D47EE24-0913-454A-BE0F-1CCFCE3D7142}.Release|Any CPU.Build.0 = Release|Any CPU
	EndGlobalSection
	GlobalSection(SolutionProperties) = preSolution
		HideSolutionNode = FALSE
	EndGlobalSection
	GlobalSection(NestedProjects) = preSolution
		{0F01E4FD-8DFC-478F-9A95-6527BCABFA83} = {5C189937-0B56-4FEE-BBA4-C2F9A5482B82}
		{2AAE6860-EA83-45BC-BBA2-A0C57359C5AE} = {0F01E4FD-8DFC-478F-9A95-6527BCABFA83}
		{D0A4F44A-23D9-4449-AE7C-5F4E49968D99} = {33B4075A-E708-4102-ADED-FE8919237694}
		{33B4075A-E708-4102-ADED-FE8919237694} = {DC046D07-C68C-4AC7-AA82-1B8D312C6719}
		{32176DA8-33F2-404F-BB07-D41E0FF2BF54} = {33B4075A-E708-4102-ADED-FE8919237694}
		{7D791211-DB79-4DF8-B31A-99C1E25B641C} = {33B4075A-E708-4102-ADED-FE8919237694}
		{AC0042D7-BB7D-4390-B06B-638D6D3A061F} = {33B4075A-E708-4102-ADED-FE8919237694}
		{F7586501-3D0B-403E-B8FE-2DEA535C5484} = {DC046D07-C68C-4AC7-AA82-1B8D312C6719}
		{170FDBC3-E7B8-44D4-AC59-079DB79BE530} = {DC046D07-C68C-4AC7-AA82-1B8D312C6719}
		{7AF7E359-297A-4C29-BA8E-A8F2EE75F1D5} = {170FDBC3-E7B8-44D4-AC59-079DB79BE530}
		{063B5CDF-4868-4501-80A5-FFBD8C208376} = {170FDBC3-E7B8-44D4-AC59-079DB79BE530}
		{160001A8-4471-4F28-BCB1-123444C20828} = {170FDBC3-E7B8-44D4-AC59-079DB79BE530}
		{DF709E86-028B-4507-ACCA-7BC774A7750C} = {F7586501-3D0B-403E-B8FE-2DEA535C5484}
		{0678DD14-5C8A-4210-A3C1-6576F9F70733} = {F7586501-3D0B-403E-B8FE-2DEA535C5484}
		{30EEB59E-0FA1-45CD-89B5-6AD183BBEC4C} = {F7586501-3D0B-403E-B8FE-2DEA535C5484}
		{5914A276-5F50-4EB8-9BB8-0765593A436A} = {F7586501-3D0B-403E-B8FE-2DEA535C5484}
		{4027374D-367E-4374-BCBD-3D4FB7E00EB2} = {3E3E5E7C-1E82-4428-9CAC-A72161082FC5}
		{2E081B7C-6D90-4D08-B36E-2018599432FC} = {3E3E5E7C-1E82-4428-9CAC-A72161082FC5}
		{69764CBB-D196-4D57-B54D-8193C298B027} = {3E3E5E7C-1E82-4428-9CAC-A72161082FC5}
		{7EED47DE-D41F-4012-AA57-E7301DF8D16F} = {5C189937-0B56-4FEE-BBA4-C2F9A5482B82}
		{58EB4A23-A432-4639-A72F-3DDC9FAB2232} = {0F01E4FD-8DFC-478F-9A95-6527BCABFA83}
		{1851123E-8ADB-4F4E-93AB-3BB8E5882466} = {0F01E4FD-8DFC-478F-9A95-6527BCABFA83}
		{5C84F849-AF90-4AA4-A11C-D09AEB2093B8} = {0F01E4FD-8DFC-478F-9A95-6527BCABFA83}
		{164F7DB4-3EDD-413E-92BA-5E7473233F13} = {7EED47DE-D41F-4012-AA57-E7301DF8D16F}
		{8104BDE8-E0B7-4D94-98DD-8B829D1222BF} = {7EED47DE-D41F-4012-AA57-E7301DF8D16F}
		{0671F388-93A2-442E-AF87-16542BFAB542} = {7EED47DE-D41F-4012-AA57-E7301DF8D16F}
		{AD8C6405-0759-40DB-81C4-59C0CFF3621B} = {3E3E5E7C-1E82-4428-9CAC-A72161082FC5}
		{5F2A89C2-6964-4FDC-A9CC-86B22BCD2354} = {3D5324D2-DE86-4FED-980F-17C9538F6835}
		{0AE63472-DF24-4342-B1BD-EAF19DC72CA8} = {3D5324D2-DE86-4FED-980F-17C9538F6835}
		{3E6A1A0A-BAE5-49FE-977F-91D170317F39} = {3D5324D2-DE86-4FED-980F-17C9538F6835}
		{5D82EFCC-918C-4A40-B047-1F41E0E08B09} = {3D5324D2-DE86-4FED-980F-17C9538F6835}
		{12A486A6-8AEA-47EE-9487-FC45FDC75766} = {DC046D07-C68C-4AC7-AA82-1B8D312C6719}
		{91010C33-8C33-48E1-A558-C99E4E93B23E} = {12A486A6-8AEA-47EE-9487-FC45FDC75766}
		{38BC17FD-E0B5-4E01-A1C0-CF88B70E26EE} = {DC046D07-C68C-4AC7-AA82-1B8D312C6719}
		{5B9553EF-920A-43E2-9F15-CB007C3A3EE8} = {38BC17FD-E0B5-4E01-A1C0-CF88B70E26EE}
		{6030CD25-B0CF-4653-871D-0BCE9E0F5AA6} = {38BC17FD-E0B5-4E01-A1C0-CF88B70E26EE}
		{2D47EE24-0913-454A-BE0F-1CCFCE3D7142} = {38BC17FD-E0B5-4E01-A1C0-CF88B70E26EE}
	EndGlobalSection
	GlobalSection(ExtensibilityGlobals) = postSolution
		SolutionGuid = {D2566BD9-BE57-4BED-9528-32E29D8D29C7}
	EndGlobalSection
EndGlobal
