
Microsoft Visual Studio Solution File, Format Version 12.00
# Visual Studio Version 17
VisualStudioVersion = 17.9.34728.123
MinimumVisualStudioVersion = 10.0.40219.1
Project("{2150E333-8FDC-42A3-9474-1A3956D46DE8}") = "Sample", "Sample", "{5C189937-0B56-4FEE-BBA4-C2F9A5482B82}"
EndProject
Project("{2150E333-8FDC-42A3-9474-1A3956D46DE8}") = "DI", "DI", "{0F01E4FD-8DFC-478F-9A95-6527BCABFA83}"
EndProject
Project("{2150E333-8FDC-42A3-9474-1A3956D46DE8}") = "Work", "Work", "{DC046D07-C68C-4AC7-AA82-1B8D312C6719}"
EndProject
Project("{9A19103F-16F7-4668-BE54-9A1E7A4F7556}") = "SampleDependencyJab", "SampleDependencyJab\SampleDependencyJab.csproj", "{2AAE6860-EA83-45BC-BBA2-A0C57359C5AE}"
EndProject
Project("{9A19103F-16F7-4668-BE54-9A1E7A4F7556}") = "WorkGeneratorClassList", "WorkClassList\WorkGeneratorClassList\WorkGeneratorClassList.csproj", "{D0A4F44A-23D9-4449-AE7C-5F4E49968D99}"
EndProject
Project("{2150E333-8FDC-42A3-9474-1A3956D46DE8}") = "ClassList", "ClassList", "{33B4075A-E708-4102-ADED-FE8919237694}"
EndProject
Project("{9A19103F-16F7-4668-BE54-9A1E7A4F7556}") = "WorkGeneratorClassList.Example.Library1", "WorkClassList\WorkGeneratorClassList.Example.Library1\WorkGeneratorClassList.Example.Library1.csproj", "{32176DA8-33F2-404F-BB07-D41E0FF2BF54}"
EndProject
Project("{9A19103F-16F7-4668-BE54-9A1E7A4F7556}") = "WorkGeneratorClassList.Example.Library2", "WorkClassList\WorkGeneratorClassList.Example.Library2\WorkGeneratorClassList.Example.Library2.csproj", "{7D791211-DB79-4DF8-B31A-99C1E25B641C}"
EndProject
Project("{9A19103F-16F7-4668-BE54-9A1E7A4F7556}") = "WorkGeneratorClassList.Example", "WorkClassList\WorkGeneratorClassList.Example\WorkGeneratorClassList.Example.csproj", "{AC0042D7-BB7D-4390-B06B-638D6D3A061F}"
EndProject
Project("{2150E333-8FDC-42A3-9474-1A3956D46DE8}") = "OtherLib", "OtherLib", "{3E3E5E7C-1E82-4428-9CAC-A72161082FC5}"
EndProject
Project("{2150E333-8FDC-42A3-9474-1A3956D46DE8}") = "Dynamic", "Dynamic", "{F7586501-3D0B-403E-B8FE-2DEA535C5484}"
EndProject
Project("{2150E333-8FDC-42A3-9474-1A3956D46DE8}") = "_String", "_String", "{170FDBC3-E7B8-44D4-AC59-079DB79BE530}"
EndProject
Project("{9A19103F-16F7-4668-BE54-9A1E7A4F7556}") = "WorkStringGenerator.Attributes", "WorkString\WorkStringGenerator.Attributes\WorkStringGenerator.Attributes.csproj", "{7AF7E359-297A-4C29-BA8E-A8F2EE75F1D5}"
EndProject
Project("{9A19103F-16F7-4668-BE54-9A1E7A4F7556}") = "WorkStringGenerator", "WorkString\WorkStringGenerator\WorkStringGenerator.csproj", "{063B5CDF-4868-4501-80A5-FFBD8C208376}"
EndProject
Project("{9A19103F-16F7-4668-BE54-9A1E7A4F7556}") = "WorkStringGenerator.Example", "WorkString\WorkStringGenerator.Example\WorkStringGenerator.Example.csproj", "{160001A8-4471-4F28-BCB1-123444C20828}"
EndProject
Project("{9A19103F-16F7-4668-BE54-9A1E7A4F7556}") = "WorkGeneratorDynamic.Attributes", "WorkDynamic\WorkGeneratorDynamic.Attributes\WorkGeneratorDynamic.Attributes.csproj", "{DF709E86-028B-4507-ACCA-7BC774A7750C}"
EndProject
Project("{9A19103F-16F7-4668-BE54-9A1E7A4F7556}") = "WorkGeneratorDynamic", "WorkDynamic\WorkGeneratorDynamic\WorkGeneratorDynamic.csproj", "{0678DD14-5C8A-4210-A3C1-6576F9F70733}"
EndProject
Project("{9A19103F-16F7-4668-BE54-9A1E7A4F7556}") = "WorkGeneratorDynamic.Library", "WorkDynamic\WorkGeneratorDynamic.Library\WorkGeneratorDynamic.Library.csproj", "{30EEB59E-0FA1-45CD-89B5-6AD183BBEC4C}"
EndProject
Project("{9A19103F-16F7-4668-BE54-9A1E7A4F7556}") = "WorkGeneratorDynamic.Example", "WorkDynamic\WorkGeneratorDynamic.Example\WorkGeneratorDynamic.Example.csproj", "{5914A276-5F50-4EB8-9BB8-0765593A436A}"
EndProject
Global
	GlobalSection(SolutionConfigurationPlatforms) = preSolution
		Debug|Any CPU = Debug|Any CPU
		Release|Any CPU = Release|Any CPU
	EndGlobalSection
	GlobalSection(ProjectConfigurationPlatforms) = postSolution
		{2AAE6860-EA83-45BC-BBA2-A0C57359C5AE}.Debug|Any CPU.ActiveCfg = Debug|Any CPU
		{2AAE6860-EA83-45BC-BBA2-A0C57359C5AE}.Debug|Any CPU.Build.0 = Debug|Any CPU
		{2AAE6860-EA83-45BC-BBA2-A0C57359C5AE}.Release|Any CPU.ActiveCfg = Release|Any CPU
		{2AAE6860-EA83-45BC-BBA2-A0C57359C5AE}.Release|Any CPU.Build.0 = Release|Any CPU
		{D0A4F44A-23D9-4449-AE7C-5F4E49968D99}.Debug|Any CPU.ActiveCfg = Debug|Any CPU
		{D0A4F44A-23D9-4449-AE7C-5F4E49968D99}.Debug|Any CPU.Build.0 = Debug|Any CPU
		{D0A4F44A-23D9-4449-AE7C-5F4E49968D99}.Release|Any CPU.ActiveCfg = Release|Any CPU
		{D0A4F44A-23D9-4449-AE7C-5F4E49968D99}.Release|Any CPU.Build.0 = Release|Any CPU
		{32176DA8-33F2-404F-BB07-D41E0FF2BF54}.Debug|Any CPU.ActiveCfg = Debug|Any CPU
		{32176DA8-33F2-404F-BB07-D41E0FF2BF54}.Debug|Any CPU.Build.0 = Debug|Any CPU
		{32176DA8-33F2-404F-BB07-D41E0FF2BF54}.Release|Any CPU.ActiveCfg = Release|Any CPU
		{32176DA8-33F2-404F-BB07-D41E0FF2BF54}.Release|Any CPU.Build.0 = Release|Any CPU
		{7D791211-DB79-4DF8-B31A-99C1E25B641C}.Debug|Any CPU.ActiveCfg = Debug|Any CPU
		{7D791211-DB79-4DF8-B31A-99C1E25B641C}.Debug|Any CPU.Build.0 = Debug|Any CPU
		{7D791211-DB79-4DF8-B31A-99C1E25B641C}.Release|Any CPU.ActiveCfg = Release|Any CPU
		{7D791211-DB79-4DF8-B31A-99C1E25B641C}.Release|Any CPU.Build.0 = Release|Any CPU
		{AC0042D7-BB7D-4390-B06B-638D6D3A061F}.Debug|Any CPU.ActiveCfg = Debug|Any CPU
		{AC0042D7-BB7D-4390-B06B-638D6D3A061F}.Debug|Any CPU.Build.0 = Debug|Any CPU
		{AC0042D7-BB7D-4390-B06B-638D6D3A061F}.Release|Any CPU.ActiveCfg = Release|Any CPU
		{AC0042D7-BB7D-4390-B06B-638D6D3A061F}.Release|Any CPU.Build.0 = Release|Any CPU
		{7AF7E359-297A-4C29-BA8E-A8F2EE75F1D5}.Debug|Any CPU.ActiveCfg = Debug|Any CPU
		{7AF7E359-297A-4C29-BA8E-A8F2EE75F1D5}.Release|Any CPU.ActiveCfg = Release|Any CPU
		{7AF7E359-297A-4C29-BA8E-A8F2EE75F1D5}.Release|Any CPU.Build.0 = Release|Any CPU
		{063B5CDF-4868-4501-80A5-FFBD8C208376}.Debug|Any CPU.ActiveCfg = Debug|Any CPU
		{063B5CDF-4868-4501-80A5-FFBD8C208376}.Release|Any CPU.ActiveCfg = Release|Any CPU
		{063B5CDF-4868-4501-80A5-FFBD8C208376}.Release|Any CPU.Build.0 = Release|Any CPU
		{160001A8-4471-4F28-BCB1-123444C20828}.Debug|Any CPU.ActiveCfg = Debug|Any CPU
		{160001A8-4471-4F28-BCB1-123444C20828}.Release|Any CPU.ActiveCfg = Release|Any CPU
		{160001A8-4471-4F28-BCB1-123444C20828}.Release|Any CPU.Build.0 = Release|Any CPU
		{DF709E86-028B-4507-ACCA-7BC774A7750C}.Debug|Any CPU.ActiveCfg = Debug|Any CPU
		{DF709E86-028B-4507-ACCA-7BC774A7750C}.Release|Any CPU.ActiveCfg = Release|Any CPU
		{DF709E86-028B-4507-ACCA-7BC774A7750C}.Release|Any CPU.Build.0 = Release|Any CPU
		{0678DD14-5C8A-4210-A3C1-6576F9F70733}.Debug|Any CPU.ActiveCfg = Debug|Any CPU
		{0678DD14-5C8A-4210-A3C1-6576F9F70733}.Release|Any CPU.ActiveCfg = Release|Any CPU
		{0678DD14-5C8A-4210-A3C1-6576F9F70733}.Release|Any CPU.Build.0 = Release|Any CPU
		{30EEB59E-0FA1-45CD-89B5-6AD183BBEC4C}.Debug|Any CPU.ActiveCfg = Debug|Any CPU
		{30EEB59E-0FA1-45CD-89B5-6AD183BBEC4C}.Release|Any CPU.ActiveCfg = Release|Any CPU
		{30EEB59E-0FA1-45CD-89B5-6AD183BBEC4C}.Release|Any CPU.Build.0 = Release|Any CPU
		{5914A276-5F50-4EB8-9BB8-0765593A436A}.Debug|Any CPU.ActiveCfg = Debug|Any CPU
		{5914A276-5F50-4EB8-9BB8-0765593A436A}.Release|Any CPU.ActiveCfg = Release|Any CPU
		{5914A276-5F50-4EB8-9BB8-0765593A436A}.Release|Any CPU.Build.0 = Release|Any CPU
	EndGlobalSection
	GlobalSection(SolutionProperties) = preSolution
		HideSolutionNode = FALSE
	EndGlobalSection
	GlobalSection(NestedProjects) = preSolution
		{0F01E4FD-8DFC-478F-9A95-6527BCABFA83} = {5C189937-0B56-4FEE-BBA4-C2F9A5482B82}
		{2AAE6860-EA83-45BC-BBA2-A0C57359C5AE} = {0F01E4FD-8DFC-478F-9A95-6527BCABFA83}
		{D0A4F44A-23D9-4449-AE7C-5F4E49968D99} = {33B4075A-E708-4102-ADED-FE8919237694}
		{33B4075A-E708-4102-ADED-FE8919237694} = {DC046D07-C68C-4AC7-AA82-1B8D312C6719}
		{32176DA8-33F2-404F-BB07-D41E0FF2BF54} = {33B4075A-E708-4102-ADED-FE8919237694}
		{7D791211-DB79-4DF8-B31A-99C1E25B641C} = {33B4075A-E708-4102-ADED-FE8919237694}
		{AC0042D7-BB7D-4390-B06B-638D6D3A061F} = {33B4075A-E708-4102-ADED-FE8919237694}
		{3E3E5E7C-1E82-4428-9CAC-A72161082FC5} = {DC046D07-C68C-4AC7-AA82-1B8D312C6719}
		{F7586501-3D0B-403E-B8FE-2DEA535C5484} = {DC046D07-C68C-4AC7-AA82-1B8D312C6719}
		{170FDBC3-E7B8-44D4-AC59-079DB79BE530} = {DC046D07-C68C-4AC7-AA82-1B8D312C6719}
		{7AF7E359-297A-4C29-BA8E-A8F2EE75F1D5} = {170FDBC3-E7B8-44D4-AC59-079DB79BE530}
		{063B5CDF-4868-4501-80A5-FFBD8C208376} = {170FDBC3-E7B8-44D4-AC59-079DB79BE530}
		{160001A8-4471-4F28-BCB1-123444C20828} = {170FDBC3-E7B8-44D4-AC59-079DB79BE530}
		{DF709E86-028B-4507-ACCA-7BC774A7750C} = {F7586501-3D0B-403E-B8FE-2DEA535C5484}
		{0678DD14-5C8A-4210-A3C1-6576F9F70733} = {F7586501-3D0B-403E-B8FE-2DEA535C5484}
		{30EEB59E-0FA1-45CD-89B5-6AD183BBEC4C} = {F7586501-3D0B-403E-B8FE-2DEA535C5484}
		{5914A276-5F50-4EB8-9BB8-0765593A436A} = {F7586501-3D0B-403E-B8FE-2DEA535C5484}
	EndGlobalSection
	GlobalSection(ExtensibilityGlobals) = postSolution
		SolutionGuid = {D2566BD9-BE57-4BED-9528-32E29D8D29C7}
	EndGlobalSection
EndGlobal
