
Microsoft Visual Studio Solution File, Format Version 12.00
# Visual Studio Version 17
VisualStudioVersion = 17.11.35219.272
MinimumVisualStudioVersion = 10.0.40219.1
Project("{FAE04EC0-301F-11D3-BF4B-00C04F79EFBC}") = "WorkPatternMatch", "WorkPatternMatch.csproj", "{2AD3324B-EB56-4E4A-AE42-90C1C2140370}"
EndProject
Global
	GlobalSection(SolutionConfigurationPlatforms) = preSolution
		Debug|Any CPU = Debug|Any CPU
		Release|Any CPU = Release|Any CPU
	EndGlobalSection
	GlobalSection(ProjectConfigurationPlatforms) = postSolution
		{2AD3324B-EB56-4E4A-AE42-90C1C2140370}.Debug|Any CPU.ActiveCfg = Debug|Any CPU
		{2AD3324B-EB56-4E4A-AE42-90C1C2140370}.Debug|Any CPU.Build.0 = Debug|Any CPU
		{2AD3324B-EB56-4E4A-AE42-90C1C2140370}.Release|Any CPU.ActiveCfg = Release|Any CPU
		{2AD3324B-EB56-4E4A-AE42-90C1C2140370}.Release|Any CPU.Build.0 = Release|Any CPU
	EndGlobalSection
	GlobalSection(SolutionProperties) = preSolution
		HideSolutionNode = FALSE
	EndGlobalSection
	GlobalSection(ExtensibilityGlobals) = postSolution
		SolutionGuid = {E5A559C0-5B11-4609-94EA-D2335C7FE441}
	EndGlobalSection
EndGlobal
