<Solution>
  <Folder Name="/Aspire/" />
  <Folder Name="/Command/">
    <Project Path="WorkCommand/WorkCommand.csproj" />
  </Folder>
  <Folder Name="/Functions/" />
  <Folder Name="/Smart/">
    <Project Path="SmartHolderBehcnmark/SmartHolderBehcnmark.csproj" />
  </Folder>
  <Folder Name="/Web/">
    <Project Path="WorkWebOpenApi/WorkWebOpenApi.csproj" Id="a35f781d-34de-453d-94bb-776f8731e357" />
  </Folder>
  <Folder Name="/Yarp/" />
</Solution>
