
Microsoft Visual Studio Solution File, Format Version 12.00
# Visual Studio Version 17
VisualStudioVersion = 17.11.35208.52
MinimumVisualStudioVersion = 10.0.40219.1
Project("{FAE04EC0-301F-11D3-BF4B-00C04F79EFBC}") = "ConsoleDemo", "ConsoleDemo\ConsoleDemo.csproj", "{8E93FCB0-A8ED-4FEF-B765-1831E92937B0}"
EndProject
Project("{FAE04EC0-301F-11D3-BF4B-00C04F79EFBC}") = "ConsoleDemo2", "ConsoleDemo2\ConsoleDemo2.csproj", "{F4BB748A-B4A0-4292-AB3E-92C95C956036}"
EndProject
Global
	GlobalSection(SolutionConfigurationPlatforms) = preSolution
		Debug|Any CPU = Debug|Any CPU
		Release|Any CPU = Release|Any CPU
	EndGlobalSection
	GlobalSection(ProjectConfigurationPlatforms) = postSolution
		{8E93FCB0-A8ED-4FEF-B765-1831E92937B0}.Debug|Any CPU.ActiveCfg = Debug|Any CPU
		{8E93FCB0-A8ED-4FEF-B765-1831E92937B0}.Debug|Any CPU.Build.0 = Debug|Any CPU
		{8E93FCB0-A8ED-4FEF-B765-1831E92937B0}.Release|Any CPU.ActiveCfg = Release|Any CPU
		{8E93FCB0-A8ED-4FEF-B765-1831E92937B0}.Release|Any CPU.Build.0 = Release|Any CPU
		{F4BB748A-B4A0-4292-AB3E-92C95C956036}.Debug|Any CPU.ActiveCfg = Debug|Any CPU
		{F4BB748A-B4A0-4292-AB3E-92C95C956036}.Debug|Any CPU.Build.0 = Debug|Any CPU
		{F4BB748A-B4A0-4292-AB3E-92C95C956036}.Release|Any CPU.ActiveCfg = Release|Any CPU
		{F4BB748A-B4A0-4292-AB3E-92C95C956036}.Release|Any CPU.Build.0 = Release|Any CPU
	EndGlobalSection
	GlobalSection(SolutionProperties) = preSolution
		HideSolutionNode = FALSE
	EndGlobalSection
	GlobalSection(ExtensibilityGlobals) = postSolution
		SolutionGuid = {6FB4480B-C1FF-489F-9C0F-E06D1F6FFA41}
	EndGlobalSection
EndGlobal
