
Microsoft Visual Studio Solution File, Format Version 12.00
# Visual Studio Version 18
VisualStudioVersion = 18.1.11304.174 d18.0
MinimumVisualStudioVersion = 10.0.40219.1
Project("{FAE04EC0-301F-11D3-BF4B-00C04F79EFBC}") = "WorkImageOnyx", "WorkImageOnyx.csproj", "{5DC0E68D-E36A-D32D-7B2B-4C88C61BA732}"
EndProject
Global
	GlobalSection(SolutionConfigurationPlatforms) = preSolution
		Debug|Any CPU = Debug|Any CPU
		Release|Any CPU = Release|Any CPU
	EndGlobalSection
	GlobalSection(ProjectConfigurationPlatforms) = postSolution
		{5DC0E68D-E36A-D32D-7B2B-4C88C61BA732}.Debug|Any CPU.ActiveCfg = Debug|Any CPU
		{5DC0E68D-E36A-D32D-7B2B-4C88C61BA732}.Debug|Any CPU.Build.0 = Debug|Any CPU
		{5DC0E68D-E36A-D32D-7B2B-4C88C61BA732}.Release|Any CPU.ActiveCfg = Release|Any CPU
		{5DC0E68D-E36A-D32D-7B2B-4C88C61BA732}.Release|Any CPU.Build.0 = Release|Any CPU
	EndGlobalSection
	GlobalSection(SolutionProperties) = preSolution
		HideSolutionNode = FALSE
	EndGlobalSection
	GlobalSection(ExtensibilityGlobals) = postSolution
		SolutionGuid = {F5F65181-2240-44BA-8007-9B7989AAE706}
	EndGlobalSection
EndGlobal
