
Microsoft Visual Studio Solution File, Format Version 12.00
# Visual Studio Version 16
VisualStudioVersion = 16.0.31410.357
MinimumVisualStudioVersion = 10.0.40219.1
Project("{FAE04EC0-301F-11D3-BF4B-00C04F79EFBC}") = "EmitConverter", "EmitConverter\EmitConverter.csproj", "{DE5986D9-D016-4DD2-BA37-7FEA2FABB424}"
EndProject
Project("{FAE04EC0-301F-11D3-BF4B-00C04F79EFBC}") = "EmitConverterTest", "EmitConverterTest\EmitConverterTest.csproj", "{5B4CDAD2-98B2-4480-9A9E-F7F1B5CA5185}"
EndProject
Global
	GlobalSection(SolutionConfigurationPlatforms) = preSolution
		Debug|Any CPU = Debug|Any CPU
		Release|Any CPU = Release|Any CPU
	EndGlobalSection
	GlobalSection(ProjectConfigurationPlatforms) = postSolution
		{DE5986D9-D016-4DD2-BA37-7FEA2FABB424}.Debug|Any CPU.ActiveCfg = Debug|Any CPU
		{DE5986D9-D016-4DD2-BA37-7FEA2FABB424}.Debug|Any CPU.Build.0 = Debug|Any CPU
		{DE5986D9-D016-4DD2-BA37-7FEA2FABB424}.Release|Any CPU.ActiveCfg = Release|Any CPU
		{DE5986D9-D016-4DD2-BA37-7FEA2FABB424}.Release|Any CPU.Build.0 = Release|Any CPU
		{5B4CDAD2-98B2-4480-9A9E-F7F1B5CA5185}.Debug|Any CPU.ActiveCfg = Debug|Any CPU
		{5B4CDAD2-98B2-4480-9A9E-F7F1B5CA5185}.Debug|Any CPU.Build.0 = Debug|Any CPU
		{5B4CDAD2-98B2-4480-9A9E-F7F1B5CA5185}.Release|Any CPU.ActiveCfg = Release|Any CPU
		{5B4CDAD2-98B2-4480-9A9E-F7F1B5CA5185}.Release|Any CPU.Build.0 = Release|Any CPU
	EndGlobalSection
	GlobalSection(SolutionProperties) = preSolution
		HideSolutionNode = FALSE
	EndGlobalSection
	GlobalSection(ExtensibilityGlobals) = postSolution
		SolutionGuid = {4199E4FC-4FDA-41C2-A029-BB2CE2E588FA}
	EndGlobalSection
EndGlobal
