
Microsoft Visual Studio Solution File, Format Version 12.00
# Visual Studio Version 17
VisualStudioVersion = 17.14.36121.58
MinimumVisualStudioVersion = 10.0.40219.1
Project("{FAE04EC0-301F-11D3-BF4B-00C04F79EFBC}") = "WorkCache", "WorkCache\WorkCache.csproj", "{17ECC725-A6B5-4679-B29F-0FB07C6ACFD2}"
EndProject
Project("{2150E333-8FDC-42A3-9474-1A3956D46DE8}") = "Server", "Server", "{DAD03CFC-D5FA-AC94-41C7-9ABAB326F09E}"
EndProject
Project("{2150E333-8FDC-42A3-9474-1A3956D46DE8}") = "Data", "Data", "{015FE221-96B2-289B-A0E8-6E7354784A75}"
EndProject
Project("{FAE04EC0-301F-11D3-BF4B-00C04F79EFBC}") = "WorkSqliteInsertBench", "WorkSqliteInsertBench\WorkSqliteInsertBench.csproj", "{324896A4-5E04-454E-9B9F-96277C075290}"
EndProject
Global
	GlobalSection(SolutionConfigurationPlatforms) = preSolution
		Debug|Any CPU = Debug|Any CPU
		Release|Any CPU = Release|Any CPU
	EndGlobalSection
	GlobalSection(ProjectConfigurationPlatforms) = postSolution
		{17ECC725-A6B5-4679-B29F-0FB07C6ACFD2}.Debug|Any CPU.ActiveCfg = Debug|Any CPU
		{17ECC725-A6B5-4679-B29F-0FB07C6ACFD2}.Debug|Any CPU.Build.0 = Debug|Any CPU
		{17ECC725-A6B5-4679-B29F-0FB07C6ACFD2}.Release|Any CPU.ActiveCfg = Release|Any CPU
		{17ECC725-A6B5-4679-B29F-0FB07C6ACFD2}.Release|Any CPU.Build.0 = Release|Any CPU
		{324896A4-5E04-454E-9B9F-96277C075290}.Debug|Any CPU.ActiveCfg = Debug|Any CPU
		{324896A4-5E04-454E-9B9F-96277C075290}.Debug|Any CPU.Build.0 = Debug|Any CPU
		{324896A4-5E04-454E-9B9F-96277C075290}.Release|Any CPU.ActiveCfg = Release|Any CPU
		{324896A4-5E04-454E-9B9F-96277C075290}.Release|Any CPU.Build.0 = Release|Any CPU
	EndGlobalSection
	GlobalSection(SolutionProperties) = preSolution
		HideSolutionNode = FALSE
	EndGlobalSection
	GlobalSection(NestedProjects) = preSolution
		{17ECC725-A6B5-4679-B29F-0FB07C6ACFD2} = {DAD03CFC-D5FA-AC94-41C7-9ABAB326F09E}
		{324896A4-5E04-454E-9B9F-96277C075290} = {015FE221-96B2-289B-A0E8-6E7354784A75}
	EndGlobalSection
	GlobalSection(ExtensibilityGlobals) = postSolution
		SolutionGuid = {5FA74914-2539-47AC-8C35-40F54BD5B9F3}
	EndGlobalSection
EndGlobal
