
Microsoft Visual Studio Solution File, Format Version 12.00
# Visual Studio Version 16
VisualStudioVersion = 16.0.30517.126
MinimumVisualStudioVersion = 10.0.40219.1
Project("{9A19103F-16F7-4668-BE54-9A1E7A4F7556}") = "HexWork", "HexWork\HexWork.csproj", "{6DCA9DF3-3737-465C-97CE-20F720D13201}"
EndProject
Project("{9A19103F-16F7-4668-BE54-9A1E7A4F7556}") = "FillWork", "FillWork\FillWork.csproj", "{1F7292C6-BEF7-4F82-A70B-0245D29F3C4B}"
EndProject
Project("{9A19103F-16F7-4668-BE54-9A1E7A4F7556}") = "ByteBenchmark", "ByteBenchmark\ByteBenchmark.csproj", "{A00C5E71-A452-441F-9CFF-E21B75200C49}"
EndProject
Project("{FAE04EC0-301F-11D3-BF4B-00C04F79EFBC}") = "InflectorWork", "InflectorWork\InflectorWork.csproj", "{4BAD03F3-E85B-47B8-A180-F313A2FFC7D0}"
EndProject
Global
	GlobalSection(SolutionConfigurationPlatforms) = preSolution
		Debug|Any CPU = Debug|Any CPU
		Release|Any CPU = Release|Any CPU
	EndGlobalSection
	GlobalSection(ProjectConfigurationPlatforms) = postSolution
		{6DCA9DF3-3737-465C-97CE-20F720D13201}.Debug|Any CPU.ActiveCfg = Debug|Any CPU
		{6DCA9DF3-3737-465C-97CE-20F720D13201}.Debug|Any CPU.Build.0 = Debug|Any CPU
		{6DCA9DF3-3737-465C-97CE-20F720D13201}.Release|Any CPU.ActiveCfg = Release|Any CPU
		{6DCA9DF3-3737-465C-97CE-20F720D13201}.Release|Any CPU.Build.0 = Release|Any CPU
		{1F7292C6-BEF7-4F82-A70B-0245D29F3C4B}.Debug|Any CPU.ActiveCfg = Debug|Any CPU
		{1F7292C6-BEF7-4F82-A70B-0245D29F3C4B}.Debug|Any CPU.Build.0 = Debug|Any CPU
		{1F7292C6-BEF7-4F82-A70B-0245D29F3C4B}.Release|Any CPU.ActiveCfg = Release|Any CPU
		{1F7292C6-BEF7-4F82-A70B-0245D29F3C4B}.Release|Any CPU.Build.0 = Release|Any CPU
		{A00C5E71-A452-441F-9CFF-E21B75200C49}.Debug|Any CPU.ActiveCfg = Debug|Any CPU
		{A00C5E71-A452-441F-9CFF-E21B75200C49}.Debug|Any CPU.Build.0 = Debug|Any CPU
		{A00C5E71-A452-441F-9CFF-E21B75200C49}.Release|Any CPU.ActiveCfg = Release|Any CPU
		{A00C5E71-A452-441F-9CFF-E21B75200C49}.Release|Any CPU.Build.0 = Release|Any CPU
		{4BAD03F3-E85B-47B8-A180-F313A2FFC7D0}.Debug|Any CPU.ActiveCfg = Debug|Any CPU
		{4BAD03F3-E85B-47B8-A180-F313A2FFC7D0}.Debug|Any CPU.Build.0 = Debug|Any CPU
		{4BAD03F3-E85B-47B8-A180-F313A2FFC7D0}.Release|Any CPU.ActiveCfg = Release|Any CPU
		{4BAD03F3-E85B-47B8-A180-F313A2FFC7D0}.Release|Any CPU.Build.0 = Release|Any CPU
	EndGlobalSection
	GlobalSection(SolutionProperties) = preSolution
		HideSolutionNode = FALSE
	EndGlobalSection
	GlobalSection(ExtensibilityGlobals) = postSolution
		SolutionGuid = {0BE7A17A-FC3C-42D3-8404-E2EDB75C917D}
	EndGlobalSection
EndGlobal
