
Microsoft Visual Studio Solution File, Format Version 12.00
# Visual Studio Version 16
VisualStudioVersion = 16.0.29613.14
MinimumVisualStudioVersion = 10.0.40219.1
Project("{FAE04EC0-301F-11D3-BF4B-00C04F79EFBC}") = "GrpcService1", "GrpcService1\GrpcService1.csproj", "{C7727D91-0BF5-4434-A616-FE1C93C53957}"
EndProject
Project("{FAE04EC0-301F-11D3-BF4B-00C04F79EFBC}") = "WebApplication1", "WebApplication1\WebApplication1.csproj", "{E9E9D74D-17C2-490A-9C13-E5B985CD187E}"
EndProject
Global
	GlobalSection(SolutionConfigurationPlatforms) = preSolution
		Debug|Any CPU = Debug|Any CPU
		Release|Any CPU = Release|Any CPU
	EndGlobalSection
	GlobalSection(ProjectConfigurationPlatforms) = postSolution
		{C7727D91-0BF5-4434-A616-FE1C93C53957}.Debug|Any CPU.ActiveCfg = Debug|Any CPU
		{C7727D91-0BF5-4434-A616-FE1C93C53957}.Debug|Any CPU.Build.0 = Debug|Any CPU
		{C7727D91-0BF5-4434-A616-FE1C93C53957}.Release|Any CPU.ActiveCfg = Release|Any CPU
		{C7727D91-0BF5-4434-A616-FE1C93C53957}.Release|Any CPU.Build.0 = Release|Any CPU
		{E9E9D74D-17C2-490A-9C13-E5B985CD187E}.Debug|Any CPU.ActiveCfg = Debug|Any CPU
		{E9E9D74D-17C2-490A-9C13-E5B985CD187E}.Debug|Any CPU.Build.0 = Debug|Any CPU
		{E9E9D74D-17C2-490A-9C13-E5B985CD187E}.Release|Any CPU.ActiveCfg = Release|Any CPU
		{E9E9D74D-17C2-490A-9C13-E5B985CD187E}.Release|Any CPU.Build.0 = Release|Any CPU
	EndGlobalSection
	GlobalSection(SolutionProperties) = preSolution
		HideSolutionNode = FALSE
	EndGlobalSection
	GlobalSection(ExtensibilityGlobals) = postSolution
		SolutionGuid = {E1D566D0-7291-4355-A821-1BC8B44ACDAF}
	EndGlobalSection
EndGlobal
