
Microsoft Visual Studio Solution File, Format Version 12.00
# Visual Studio Version 17
VisualStudioVersion = 17.4.33213.308
MinimumVisualStudioVersion = 10.0.40219.1
Project("{2150E333-8FDC-42A3-9474-1A3956D46DE8}") = "Quic", "Quic", "{2BD7FCC3-CE2A-40FA-A9D3-BFE60E5B9405}"
EndProject
Project("{2150E333-8FDC-42A3-9474-1A3956D46DE8}") = "Channel", "Channel", "{9B38BEB0-9F0F-49CE-9CDC-08B1EE60D2E1}"
EndProject
Project("{2150E333-8FDC-42A3-9474-1A3956D46DE8}") = "Static", "Static", "{B9AF604F-4DB0-4400-933F-AE2FB72E7F59}"
EndProject
Project("{2150E333-8FDC-42A3-9474-1A3956D46DE8}") = "Unsafe", "Unsafe", "{2E463B15-8374-4DB5-91C4-687AD871C15A}"
EndProject
Project("{2150E333-8FDC-42A3-9474-1A3956D46DE8}") = "Text", "Text", "{53EB56DC-24E7-431A-96C3-04B767725D3D}"
EndProject
Project("{9A19103F-16F7-4668-BE54-9A1E7A4F7556}") = "WorkQuicSimpleServer", "WorkQuicSimpleServer\WorkQuicSimpleServer.csproj", "{88A2235D-C9FC-4C9C-9102-B833BAC412E0}"
EndProject
Project("{9A19103F-16F7-4668-BE54-9A1E7A4F7556}") = "WorkQuicSimpleClient", "WorkQuicSimpleClient\WorkQuicSimpleClient.csproj", "{67FF6C75-5E6D-4E70-8DDE-CC14D12FA5C7}"
EndProject
Project("{9A19103F-16F7-4668-BE54-9A1E7A4F7556}") = "WorkStaticFactory", "WorkStaticFactory\WorkStaticFactory.csproj", "{2A203B59-1B88-47F4-B607-FB02F3B4B308}"
EndProject
Project("{2150E333-8FDC-42A3-9474-1A3956D46DE8}") = "Benchmark", "Benchmark", "{7392C913-D630-4DEE-A5EE-AA8EF0EC4F64}"
EndProject
Project("{9A19103F-16F7-4668-BE54-9A1E7A4F7556}") = "WorkBenchmarkInlineInterface", "WorkBenchmarkInlineInterface\WorkBenchmarkInlineInterface.csproj", "{51A37971-7592-4929-AD16-4732EBD2B991}"
EndProject
Project("{9A19103F-16F7-4668-BE54-9A1E7A4F7556}") = "WorkBenchmarkStringCompare", "WorkBenchmarkStringCompare\WorkBenchmarkStringCompare.csproj", "{2AC029D8-5263-48ED-8B39-C764ADAA416E}"
EndProject
Project("{9A19103F-16F7-4668-BE54-9A1E7A4F7556}") = "WorkBenchmarkMatchLoop", "WorkBenchmarkMatchLoop\WorkBenchmarkMatchLoop.csproj", "{F66B8358-74BD-4351-88EB-97A13C75C3D7}"
EndProject
Project("{9A19103F-16F7-4668-BE54-9A1E7A4F7556}") = "WorkTextHexEncoder", "WorkTextHexEncoder\WorkTextHexEncoder.csproj", "{CD60726B-9480-4449-A255-48AF1DB89F75}"
EndProject
Project("{9A19103F-16F7-4668-BE54-9A1E7A4F7556}") = "WorkTextRef", "WorkTextRef\WorkTextRef.csproj", "{D5CD5DB1-3A0B-4B44-9DC0-1ACC2F7E8396}"
EndProject
Project("{2150E333-8FDC-42A3-9474-1A3956D46DE8}") = "Grpc", "Grpc", "{D5C1A133-AC73-4A4C-867D-98E625A0FC35}"
EndProject
Project("{9A19103F-16F7-4668-BE54-9A1E7A4F7556}") = "WorkBenchmarkRefLoop", "WorkBenchmarkRefLoop\WorkBenchmarkRefLoop.csproj", "{0D1C47D6-7A0F-46CA-BDFA-F6619D5A10B8}"
EndProject
Project("{9A19103F-16F7-4668-BE54-9A1E7A4F7556}") = "WorkTextInflector", "WorkTextInflector\WorkTextInflector.csproj", "{1145D881-862E-4E84-B3EA-644BF8D3B475}"
EndProject
Project("{9A19103F-16F7-4668-BE54-9A1E7A4F7556}") = "WorkQuicBenchmarkServer", "WorkQuicBenchmarkServer\WorkQuicBenchmarkServer.csproj", "{CE857E7D-BF82-4ABA-A230-AFB2336BE0C6}"
EndProject
Project("{2150E333-8FDC-42A3-9474-1A3956D46DE8}") = "Pdf", "Pdf", "{F3E801FD-CFA7-4D5F-96CC-6652DD42F904}"
EndProject
Project("{9A19103F-16F7-4668-BE54-9A1E7A4F7556}") = "WorkPdfSimple", "WorkPdfSimple\WorkPdfSimple.csproj", "{FD255147-3050-4D2D-867D-E34408192254}"
EndProject
Project("{2150E333-8FDC-42A3-9474-1A3956D46DE8}") = "Loader", "Loader", "{2A6676B7-640E-4355-B739-36B0FEB10D8A}"
EndProject
Project("{9A19103F-16F7-4668-BE54-9A1E7A4F7556}") = "WorkLoader", "WorkLoader\WorkLoader.csproj", "{1A3486E5-CD62-4201-A592-95E3C6E58AA2}"
EndProject
Project("{9A19103F-16F7-4668-BE54-9A1E7A4F7556}") = "WorkSecret", "WorkSecret\WorkSecret.csproj", "{5A83533E-800D-4F9D-A98A-8A93698D732F}"
EndProject
Project("{2150E333-8FDC-42A3-9474-1A3956D46DE8}") = "Secret", "Secret", "{071D8981-F415-4863-9AC4-CA75FA3EF552}"
EndProject
Project("{2150E333-8FDC-42A3-9474-1A3956D46DE8}") = "Sql", "Sql", "{4DEC74B5-EB95-4764-A9AD-C0B1F994857B}"
EndProject
Project("{9A19103F-16F7-4668-BE54-9A1E7A4F7556}") = "WorkSqlDom", "WorkSqlDom\WorkSqlDom.csproj", "{9FEE0AD5-0688-4E30-801F-29EE0DF2172D}"
EndProject
Project("{2150E333-8FDC-42A3-9474-1A3956D46DE8}") = "Insights", "Insights", "{928C61FB-9F49-41F6-A8B3-3C5DA462C846}"
EndProject
Project("{2150E333-8FDC-42A3-9474-1A3956D46DE8}") = "Git", "Git", "{0B1FC45C-2F53-4988-A62A-2DF086C53DAE}"
EndProject
Project("{2150E333-8FDC-42A3-9474-1A3956D46DE8}") = "Async", "Async", "{40EEF070-57A6-4C51-BBCD-E7FE6D7D9338}"
EndProject
Project("{2150E333-8FDC-42A3-9474-1A3956D46DE8}") = "Lang", "Lang", "{F83C00F2-4581-416D-9909-84679D2AB75C}"
EndProject
Project("{9A19103F-16F7-4668-BE54-9A1E7A4F7556}") = "WorkStaticInterface", "WorkStaticInterface\WorkStaticInterface.csproj", "{7BF91EBB-B530-4948-9BD7-E10F54E05B2E}"
EndProject
Project("{9A19103F-16F7-4668-BE54-9A1E7A4F7556}") = "WorkSemaphore", "WorkSemaphore\WorkSemaphore.csproj", "{2CA334E2-DC73-4785-97EE-9E0999B4F182}"
EndProject
Project("{9A19103F-16F7-4668-BE54-9A1E7A4F7556}") = "WorkInterpolated", "WorkInterpolated\WorkInterpolated.csproj", "{6EA2DBC7-2A51-4B00-988E-5131DAEFF2B7}"
EndProject
Project("{9A19103F-16F7-4668-BE54-9A1E7A4F7556}") = "WorkPdfExcel", "WorkPdfExcel\WorkPdfExcel.csproj", "{8BF5481B-DB62-4AF5-91C3-CCEF35CAAA97}"
EndProject
Project("{9A19103F-16F7-4668-BE54-9A1E7A4F7556}") = "WorkSqlitePerf", "WorkSqlitePerf\WorkSqlitePerf.csproj", "{F49D1C6D-C5E0-4B0A-819B-780BCD3EC337}"
EndProject
Project("{2150E333-8FDC-42A3-9474-1A3956D46DE8}") = "_", "_", "{D477BFBD-A7CC-443E-A805-338BBC312DAF}"
EndProject
Project("{9A19103F-16F7-4668-BE54-9A1E7A4F7556}") = "WorkGitBasic", "WorkGitBasic\WorkGitBasic.csproj", "{E00F7903-DFE8-4394-B707-D323BADB2717}"
EndProject
Project("{2150E333-8FDC-42A3-9474-1A3956D46DE8}") = "Wpf", "Wpf", "{15697EA9-B509-434F-82FC-E865D6038A90}"
EndProject
Project("{9A19103F-16F7-4668-BE54-9A1E7A4F7556}") = "WorkCamera", "WorkCamera\WorkCamera.csproj", "{179CF27A-36F1-4E46-8B22-859B54E62A1A}"
EndProject
Project("{2150E333-8FDC-42A3-9474-1A3956D46DE8}") = "Pdf", "Pdf", "{A190A131-2545-4682-9AEC-80E54F91D75B}"
EndProject
Project("{2150E333-8FDC-42A3-9474-1A3956D46DE8}") = "Task", "Task", "{1FC9E3EF-2A5B-4E43-80EE-E8BBE437BAD6}"
EndProject
Project("{9A19103F-16F7-4668-BE54-9A1E7A4F7556}") = "WorkTaskDual", "WorkTaskDual\WorkTaskDual.csproj", "{59C80C9A-88B9-4BAB-99BA-404F165FA9EA}"
EndProject
Project("{9A19103F-16F7-4668-BE54-9A1E7A4F7556}") = "WorkDbProvider", "WorkDbProvider\WorkDbProvider.csproj", "{AFC42E14-5C3B-4A63-A165-093906B93946}"
EndProject
Project("{9A19103F-16F7-4668-BE54-9A1E7A4F7556}") = "WorkConfigPlus", "WorkConfigPlus\WorkConfigPlus.csproj", "{3F455F2B-7179-4447-B754-6E4204481FA7}"
EndProject
Project("{2150E333-8FDC-42A3-9474-1A3956D46DE8}") = "Config", "Config", "{65AE782D-71C6-462D-913B-BB7421B44785}"
EndProject
Project("{9A19103F-16F7-4668-BE54-9A1E7A4F7556}") = "WorkGitDraw", "WorkGitDraw\WorkGitDraw.csproj", "{91101227-B518-475F-946C-81670E4F1282}"
EndProject
Project("{2150E333-8FDC-42A3-9474-1A3956D46DE8}") = "_Services", "_Services", "{26959CBD-A1A3-48A0-891C-84290355E37A}"
EndProject
Project("{9A19103F-16F7-4668-BE54-9A1E7A4F7556}") = "WorkClientInflux", "WorkClientInflux\WorkClientInflux.csproj", "{48A7E8A0-C627-4232-B58B-E0505B93A475}"
EndProject
Project("{9A19103F-16F7-4668-BE54-9A1E7A4F7556}") = "WorkClientMqtt", "WorkClientMqtt\WorkClientMqtt.csproj", "{6539C80B-18EA-4A29-BABE-1D5501803A5F}"
EndProject
Project("{9A19103F-16F7-4668-BE54-9A1E7A4F7556}") = "WorkClientMail", "WorkClientMail\WorkClientMail.csproj", "{03CF99FE-00C7-4229-85DD-930C63996B32}"
EndProject
Project("{2150E333-8FDC-42A3-9474-1A3956D46DE8}") = "DI", "DI", "{01EF7986-69B0-43BA-BFAB-89FA2690EAE6}"
EndProject
Project("{9A19103F-16F7-4668-BE54-9A1E7A4F7556}") = "WorkContainerNamed", "WorkContainerNamed\WorkContainerNamed.csproj", "{47889784-1023-4BAC-AAC7-CEAED4C6C80A}"
EndProject
Project("{9A19103F-16F7-4668-BE54-9A1E7A4F7556}") = "WorkContainerConstraint", "WorkContainerConstraint\WorkContainerConstraint.csproj", "{047BC13B-BE3F-42A7-9F53-A496161FF69D}"
EndProject
Project("{9A19103F-16F7-4668-BE54-9A1E7A4F7556}") = "WorkContainerScope", "WorkContainerScope\WorkContainerScope.csproj", "{D4A79DE6-8658-4893-A97C-96E580582C9D}"
EndProject
Project("{9A19103F-16F7-4668-BE54-9A1E7A4F7556}") = "WorkPatternMatch", "WorkPatternMatch\WorkPatternMatch.csproj", "{113B7A3D-3FB2-47BB-A82C-D76C7E15F3F8}"
EndProject
Project("{9A19103F-16F7-4668-BE54-9A1E7A4F7556}") = "WorkMergeSort", "WorkMergeSort\WorkMergeSort.csproj", "{36D10A01-E0BB-4D4E-B62C-6BD3ED0C4E15}"
EndProject
Project("{9A19103F-16F7-4668-BE54-9A1E7A4F7556}") = "WorkGamepad", "WorkGamepad\WorkGamepad.csproj", "{462A26BC-5CB5-4E23-A8AE-A76E8393EBAD}"
EndProject
Project("{2150E333-8FDC-42A3-9474-1A3956D46DE8}") = "Game", "Game", "{12AE413E-2573-4E8E-A286-8EFBA4581D49}"
EndProject
Project("{9A19103F-16F7-4668-BE54-9A1E7A4F7556}") = "WorkGamepadLinux", "WorkGamepadLinux\WorkGamepadLinux.csproj", "{8CF97DB6-903C-47BB-8D6C-85FC561404CF}"
EndProject
Project("{9A19103F-16F7-4668-BE54-9A1E7A4F7556}") = "WorkPipeReadHash", "WorkPipeReadHash\WorkPipeReadHash.csproj", "{4DEB5750-1A3F-4D12-AAA2-A008E8CE09E7}"
EndProject
Project("{9A19103F-16F7-4668-BE54-9A1E7A4F7556}") = "WorkCallIL", "WorkCallIL\WorkCallIL.csproj", "{53E3ABA9-839D-493B-AD29-D93692E6B27D}"
EndProject
Project("{2150E333-8FDC-42A3-9474-1A3956D46DE8}") = "Graph", "Graph", "{A2E48C32-7255-4658-9057-8CBD86C32A3F}"
EndProject
Project("{9A19103F-16F7-4668-BE54-9A1E7A4F7556}") = "WorkGraphConsole1", "WorkGraphConsole1\WorkGraphConsole1.csproj", "{49D7FF1D-D31B-400D-B50D-DE069FB76C65}"
EndProject
Project("{9A19103F-16F7-4668-BE54-9A1E7A4F7556}") = "WorkMvvmCanvas", "WorkMvvmCanvas\WorkMvvmCanvas.csproj", "{704F2A77-49F7-4764-80B8-5B8C03D40A0D}"
EndProject
Project("{2150E333-8FDC-42A3-9474-1A3956D46DE8}") = "HW", "HW", "{A1514A70-949F-4149-992D-9655D7CF7547}"
EndProject
Project("{9A19103F-16F7-4668-BE54-9A1E7A4F7556}") = "WorkHardwareInfo", "WorkHardwareInfo\WorkHardwareInfo.csproj", "{2E8BF760-64CF-480B-A7F8-D3CAF49A7845}"
EndProject
Project("{2150E333-8FDC-42A3-9474-1A3956D46DE8}") = "Console", "Console", "{4AF6F4A2-19E0-45DC-A639-3E8D4A8C8F0D}"
EndProject
Project("{9A19103F-16F7-4668-BE54-9A1E7A4F7556}") = "WorkConsoleSpectre", "WorkConsoleSpectre\WorkConsoleSpectre.csproj", "{4135B1B2-14F5-4C03-8138-02DAD38FFDBA}"
EndProject
Project("{2150E333-8FDC-42A3-9474-1A3956D46DE8}") = "Algorithm", "Algorithm", "{B00F12B0-FFB3-418C-BBF8-7423C4668D58}"
EndProject
Project("{2150E333-8FDC-42A3-9474-1A3956D46DE8}") = "Mock", "Mock", "{10BA2708-0175-41C6-8F24-D3AF83CA9EAC}"
EndProject
Project("{9A19103F-16F7-4668-BE54-9A1E7A4F7556}") = "WorkMockHttp", "WorkMockHttp\WorkMockHttp.csproj", "{2DEBA626-3C91-4B1D-B80E-1140391B0570}"
EndProject
Project("{2150E333-8FDC-42A3-9474-1A3956D46DE8}") = "WPF", "WPF", "{5F3BD4A0-D008-43BE-8BD3-2B8B087134BB}"
EndProject
Project("{9A19103F-16F7-4668-BE54-9A1E7A4F7556}") = "WorkWpfDragList", "WorkWpfDragList\WorkWpfDragList.csproj", "{96B5BD0F-201C-4E95-9A57-99F370846994}"
EndProject
Project("{9A19103F-16F7-4668-BE54-9A1E7A4F7556}") = "WorkMockHttp2", "WorkMockHttp2\WorkMockHttp2.csproj", "{E15B5C5E-1877-40F2-A2FB-188753DE42EC}"
EndProject
Project("{9A19103F-16F7-4668-BE54-9A1E7A4F7556}") = "WorkAssemblyReference", "WorkAssemblyReference\WorkAssemblyReference.csproj", "{0ADFD1C3-A42E-425E-BD46-8AB6CFFB7A0B}"
EndProject
Project("{9A19103F-16F7-4668-BE54-9A1E7A4F7556}") = "WorkAssemblyLoad", "WorkAssemblyLoad\WorkAssemblyLoad.csproj", "{1B7C6482-2649-466D-B321-08DB2DC2940F}"
EndProject
Project("{2150E333-8FDC-42A3-9474-1A3956D46DE8}") = "Linq", "Linq", "{AEBE710D-B05A-4C81-B180-C883FC570F0F}"
EndProject
Project("{9A19103F-16F7-4668-BE54-9A1E7A4F7556}") = "WorkLinqIntersperse", "WorkLinqIntersperse\WorkLinqIntersperse.csproj", "{7D027228-ACBA-46BE-BE32-988BC70B45FA}"
EndProject
Project("{9A19103F-16F7-4668-BE54-9A1E7A4F7556}") = "WorkLinqPairwise", "WorkLinqPairwise\WorkLinqPairwise.csproj", "{7AFF92F4-7A2B-41FD-A8CF-FC4013940651}"
EndProject
Project("{9A19103F-16F7-4668-BE54-9A1E7A4F7556}") = "WorkBleCrossBasic", "WorkBleCrossBasic\WorkBleCrossBasic.csproj", "{80DB9BB4-D845-4178-837C-595325127A75}"
EndProject
Project("{9A19103F-16F7-4668-BE54-9A1E7A4F7556}") = "WorkBleWindowsBasic", "WorkBleWindowsBasic\WorkBleWindowsBasic.csproj", "{AECE1B18-79A6-4FEF-9AEF-589262C66F85}"
EndProject
Project("{9A19103F-16F7-4668-BE54-9A1E7A4F7556}") = "WorkBleSwitchbot", "WorkBleSwitchbot\WorkBleSwitchbot.csproj", "{D4DBAFC0-E325-410F-8C38-0CA50BDEBEBC}"
EndProject
Project("{9A19103F-16F7-4668-BE54-9A1E7A4F7556}") = "WorkStructReaderWriter", "WorkStructReaderWriter\WorkStructReaderWriter.csproj", "{DD8370F0-5D7A-44D1-A463-96C8DAF90626}"
EndProject
Project("{9A19103F-16F7-4668-BE54-9A1E7A4F7556}") = "WorkStructEnumerator", "WorkStructEnumerator\WorkStructEnumerator.csproj", "{3829A895-B2E3-40E3-902C-F95765B31F60}"
EndProject
Project("{2150E333-8FDC-42A3-9474-1A3956D46DE8}") = "Misc", "Misc", "{A899F53D-25EE-4FB5-B638-602FD6F76DFD}"
EndProject
Project("{9A19103F-16F7-4668-BE54-9A1E7A4F7556}") = "WorkPasswordHash", "WorkPasswordHash\WorkPasswordHash.csproj", "{1AB1A909-C8E9-4B96-919E-40EA14FE7E1B}"
EndProject
Project("{9A19103F-16F7-4668-BE54-9A1E7A4F7556}") = "WorkBleWatch", "WorkBleWatch\WorkBleWatch.csproj", "{15A4A956-2942-4239-894A-25FE72D5538C}"
EndProject
Project("{9A19103F-16F7-4668-BE54-9A1E7A4F7556}") = "WorkBleSwitchbot2", "WorkBleSwitchbot2\WorkBleSwitchbot2.csproj", "{7DD5FA61-7C7D-4912-BB44-AF7B90B46B9F}"
EndProject
Project("{9A19103F-16F7-4668-BE54-9A1E7A4F7556}") = "WorkBleSwitchbot2B", "WorkBleSwitchbot2B\WorkBleSwitchbot2B.csproj", "{0DE2EFB7-E9DE-4FF9-9BF6-F9189E0AA1F3}"
EndProject
Project("{9A19103F-16F7-4668-BE54-9A1E7A4F7556}") = "WorkMeshLight", "WorkMeshLight\WorkMeshLight.csproj", "{A1FBB07B-000C-4C8D-9B72-E71D088353B8}"
EndProject
Project("{FAE04EC0-301F-11D3-BF4B-00C04F79EFBC}") = "WorkPing", "WorkPing\WorkPing.csproj", "{2F70CD92-674E-453F-84AF-14EE3C01B59A}"
EndProject
Project("{FAE04EC0-301F-11D3-BF4B-00C04F79EFBC}") = "WorkWifi", "WorkWifi\WorkWifi.csproj", "{E3940B6E-3CCB-443C-8296-D6D521FEAC6A}"
EndProject
Project("{FAE04EC0-301F-11D3-BF4B-00C04F79EFBC}") = "WorkWifi2", "WorkWifi2\WorkWifi2.csproj", "{834F2F33-6A2C-4E70-B136-06AE63F557DF}"
EndProject
Project("{FAE04EC0-301F-11D3-BF4B-00C04F79EFBC}") = "WorkPowerShell", "WorkPowerShell\WorkPowerShell.csproj", "{FAB6E612-EFEE-47B8-9BCC-BA24D9E0F4A8}"
EndProject
Project("{FAE04EC0-301F-11D3-BF4B-00C04F79EFBC}") = "WorkWmiHyperV", "WorkWmiHyperV\WorkWmiHyperV.csproj", "{29666199-6E13-4667-BD57-2BA38905AC45}"
EndProject
Project("{FAE04EC0-301F-11D3-BF4B-00C04F79EFBC}") = "WorkVirtualSwitch", "WorkVirtualSwitch\WorkVirtualSwitch.csproj", "{B5239832-706E-4B7F-9271-987D6DCC5737}"
EndProject
Project("{FAE04EC0-301F-11D3-BF4B-00C04F79EFBC}") = "WorkPdfSharp", "WorkPdfSharp\WorkPdfSharp.csproj", "{17F45933-E1A2-4007-B925-4E2495C0D943}"
EndProject
Project("{FAE04EC0-301F-11D3-BF4B-00C04F79EFBC}") = "WorkSearchValue", "WorkSearchValue\WorkSearchValue.csproj", "{2B6A44C7-2255-459D-8213-5279B9C7B083}"
EndProject
Project("{FAE04EC0-301F-11D3-BF4B-00C04F79EFBC}") = "WorkSerialProxy", "WorkSerialProxy\WorkSerialProxy.csproj", "{95176F57-6050-4000-B517-5B066E5124DE}"
EndProject
Project("{FAE04EC0-301F-11D3-BF4B-00C04F79EFBC}") = "WorkFastFill", "WorkFastFill\WorkFastFill.csproj", "{C5392954-4355-428F-8067-7A57E1D8B58F}"
EndProject
Project("{FAE04EC0-301F-11D3-BF4B-00C04F79EFBC}") = "WorkSerialList", "WorkSerialList\WorkSerialList.csproj", "{C6158833-70BE-49A1-9D4E-39CC1620DDC7}"
EndProject
Global
	GlobalSection(SolutionConfigurationPlatforms) = preSolution
		Debug|Any CPU = Debug|Any CPU
		Release|Any CPU = Release|Any CPU
	EndGlobalSection
	GlobalSection(ProjectConfigurationPlatforms) = postSolution
		{88A2235D-C9FC-4C9C-9102-B833BAC412E0}.Debug|Any CPU.ActiveCfg = Debug|Any CPU
		{88A2235D-C9FC-4C9C-9102-B833BAC412E0}.Release|Any CPU.ActiveCfg = Release|Any CPU
		{88A2235D-C9FC-4C9C-9102-B833BAC412E0}.Release|Any CPU.Build.0 = Release|Any CPU
		{67FF6C75-5E6D-4E70-8DDE-CC14D12FA5C7}.Debug|Any CPU.ActiveCfg = Debug|Any CPU
		{67FF6C75-5E6D-4E70-8DDE-CC14D12FA5C7}.Release|Any CPU.ActiveCfg = Release|Any CPU
		{67FF6C75-5E6D-4E70-8DDE-CC14D12FA5C7}.Release|Any CPU.Build.0 = Release|Any CPU
		{2A203B59-1B88-47F4-B607-FB02F3B4B308}.Debug|Any CPU.ActiveCfg = Debug|Any CPU
		{2A203B59-1B88-47F4-B607-FB02F3B4B308}.Release|Any CPU.ActiveCfg = Release|Any CPU
		{51A37971-7592-4929-AD16-4732EBD2B991}.Debug|Any CPU.ActiveCfg = Debug|Any CPU
		{51A37971-7592-4929-AD16-4732EBD2B991}.Release|Any CPU.ActiveCfg = Release|Any CPU
		{2AC029D8-5263-48ED-8B39-C764ADAA416E}.Debug|Any CPU.ActiveCfg = Debug|Any CPU
		{2AC029D8-5263-48ED-8B39-C764ADAA416E}.Release|Any CPU.ActiveCfg = Release|Any CPU
		{F66B8358-74BD-4351-88EB-97A13C75C3D7}.Debug|Any CPU.ActiveCfg = Debug|Any CPU
		{F66B8358-74BD-4351-88EB-97A13C75C3D7}.Release|Any CPU.ActiveCfg = Release|Any CPU
		{CD60726B-9480-4449-A255-48AF1DB89F75}.Debug|Any CPU.ActiveCfg = Debug|Any CPU
		{CD60726B-9480-4449-A255-48AF1DB89F75}.Release|Any CPU.ActiveCfg = Release|Any CPU
		{D5CD5DB1-3A0B-4B44-9DC0-1ACC2F7E8396}.Debug|Any CPU.ActiveCfg = Debug|Any CPU
		{D5CD5DB1-3A0B-4B44-9DC0-1ACC2F7E8396}.Debug|Any CPU.Build.0 = Debug|Any CPU
		{D5CD5DB1-3A0B-4B44-9DC0-1ACC2F7E8396}.Release|Any CPU.ActiveCfg = Release|Any CPU
		{D5CD5DB1-3A0B-4B44-9DC0-1ACC2F7E8396}.Release|Any CPU.Build.0 = Release|Any CPU
		{0D1C47D6-7A0F-46CA-BDFA-F6619D5A10B8}.Debug|Any CPU.ActiveCfg = Debug|Any CPU
		{0D1C47D6-7A0F-46CA-BDFA-F6619D5A10B8}.Release|Any CPU.ActiveCfg = Release|Any CPU
		{0D1C47D6-7A0F-46CA-BDFA-F6619D5A10B8}.Release|Any CPU.Build.0 = Release|Any CPU
		{1145D881-862E-4E84-B3EA-644BF8D3B475}.Debug|Any CPU.ActiveCfg = Debug|Any CPU
		{1145D881-862E-4E84-B3EA-644BF8D3B475}.Release|Any CPU.ActiveCfg = Release|Any CPU
		{1145D881-862E-4E84-B3EA-644BF8D3B475}.Release|Any CPU.Build.0 = Release|Any CPU
		{CE857E7D-BF82-4ABA-A230-AFB2336BE0C6}.Debug|Any CPU.ActiveCfg = Debug|Any CPU
		{CE857E7D-BF82-4ABA-A230-AFB2336BE0C6}.Release|Any CPU.ActiveCfg = Release|Any CPU
		{CE857E7D-BF82-4ABA-A230-AFB2336BE0C6}.Release|Any CPU.Build.0 = Release|Any CPU
		{FD255147-3050-4D2D-867D-E34408192254}.Debug|Any CPU.ActiveCfg = Debug|Any CPU
		{FD255147-3050-4D2D-867D-E34408192254}.Release|Any CPU.ActiveCfg = Release|Any CPU
		{FD255147-3050-4D2D-867D-E34408192254}.Release|Any CPU.Build.0 = Release|Any CPU
		{1A3486E5-CD62-4201-A592-95E3C6E58AA2}.Debug|Any CPU.ActiveCfg = Debug|Any CPU
		{1A3486E5-CD62-4201-A592-95E3C6E58AA2}.Release|Any CPU.ActiveCfg = Release|Any CPU
		{1A3486E5-CD62-4201-A592-95E3C6E58AA2}.Release|Any CPU.Build.0 = Release|Any CPU
		{5A83533E-800D-4F9D-A98A-8A93698D732F}.Debug|Any CPU.ActiveCfg = Debug|Any CPU
		{5A83533E-800D-4F9D-A98A-8A93698D732F}.Release|Any CPU.ActiveCfg = Release|Any CPU
		{5A83533E-800D-4F9D-A98A-8A93698D732F}.Release|Any CPU.Build.0 = Release|Any CPU
		{9FEE0AD5-0688-4E30-801F-29EE0DF2172D}.Debug|Any CPU.ActiveCfg = Debug|Any CPU
		{9FEE0AD5-0688-4E30-801F-29EE0DF2172D}.Release|Any CPU.ActiveCfg = Release|Any CPU
		{9FEE0AD5-0688-4E30-801F-29EE0DF2172D}.Release|Any CPU.Build.0 = Release|Any CPU
		{7BF91EBB-B530-4948-9BD7-E10F54E05B2E}.Debug|Any CPU.ActiveCfg = Debug|Any CPU
		{7BF91EBB-B530-4948-9BD7-E10F54E05B2E}.Release|Any CPU.ActiveCfg = Release|Any CPU
		{7BF91EBB-B530-4948-9BD7-E10F54E05B2E}.Release|Any CPU.Build.0 = Release|Any CPU
		{2CA334E2-DC73-4785-97EE-9E0999B4F182}.Debug|Any CPU.ActiveCfg = Debug|Any CPU
		{2CA334E2-DC73-4785-97EE-9E0999B4F182}.Release|Any CPU.ActiveCfg = Release|Any CPU
		{2CA334E2-DC73-4785-97EE-9E0999B4F182}.Release|Any CPU.Build.0 = Release|Any CPU
		{6EA2DBC7-2A51-4B00-988E-5131DAEFF2B7}.Debug|Any CPU.ActiveCfg = Debug|Any CPU
		{6EA2DBC7-2A51-4B00-988E-5131DAEFF2B7}.Release|Any CPU.ActiveCfg = Release|Any CPU
		{6EA2DBC7-2A51-4B00-988E-5131DAEFF2B7}.Release|Any CPU.Build.0 = Release|Any CPU
		{8BF5481B-DB62-4AF5-91C3-CCEF35CAAA97}.Debug|Any CPU.ActiveCfg = Debug|Any CPU
		{8BF5481B-DB62-4AF5-91C3-CCEF35CAAA97}.Debug|Any CPU.Build.0 = Debug|Any CPU
		{8BF5481B-DB62-4AF5-91C3-CCEF35CAAA97}.Release|Any CPU.ActiveCfg = Release|Any CPU
		{8BF5481B-DB62-4AF5-91C3-CCEF35CAAA97}.Release|Any CPU.Build.0 = Release|Any CPU
		{F49D1C6D-C5E0-4B0A-819B-780BCD3EC337}.Debug|Any CPU.ActiveCfg = Debug|Any CPU
		{F49D1C6D-C5E0-4B0A-819B-780BCD3EC337}.Release|Any CPU.ActiveCfg = Release|Any CPU
		{F49D1C6D-C5E0-4B0A-819B-780BCD3EC337}.Release|Any CPU.Build.0 = Release|Any CPU
		{E00F7903-DFE8-4394-B707-D323BADB2717}.Debug|Any CPU.ActiveCfg = Debug|Any CPU
		{E00F7903-DFE8-4394-B707-D323BADB2717}.Debug|Any CPU.Build.0 = Debug|Any CPU
		{E00F7903-DFE8-4394-B707-D323BADB2717}.Release|Any CPU.ActiveCfg = Release|Any CPU
		{E00F7903-DFE8-4394-B707-D323BADB2717}.Release|Any CPU.Build.0 = Release|Any CPU
		{179CF27A-36F1-4E46-8B22-859B54E62A1A}.Debug|Any CPU.ActiveCfg = Debug|Any CPU
		{179CF27A-36F1-4E46-8B22-859B54E62A1A}.Debug|Any CPU.Build.0 = Debug|Any CPU
		{179CF27A-36F1-4E46-8B22-859B54E62A1A}.Release|Any CPU.ActiveCfg = Release|Any CPU
		{179CF27A-36F1-4E46-8B22-859B54E62A1A}.Release|Any CPU.Build.0 = Release|Any CPU
		{59C80C9A-88B9-4BAB-99BA-404F165FA9EA}.Debug|Any CPU.ActiveCfg = Debug|Any CPU
		{59C80C9A-88B9-4BAB-99BA-404F165FA9EA}.Debug|Any CPU.Build.0 = Debug|Any CPU
		{59C80C9A-88B9-4BAB-99BA-404F165FA9EA}.Release|Any CPU.ActiveCfg = Release|Any CPU
		{59C80C9A-88B9-4BAB-99BA-404F165FA9EA}.Release|Any CPU.Build.0 = Release|Any CPU
		{AFC42E14-5C3B-4A63-A165-093906B93946}.Debug|Any CPU.ActiveCfg = Debug|Any CPU
		{AFC42E14-5C3B-4A63-A165-093906B93946}.Release|Any CPU.ActiveCfg = Release|Any CPU
		{AFC42E14-5C3B-4A63-A165-093906B93946}.Release|Any CPU.Build.0 = Release|Any CPU
		{3F455F2B-7179-4447-B754-6E4204481FA7}.Debug|Any CPU.ActiveCfg = Debug|Any CPU
		{3F455F2B-7179-4447-B754-6E4204481FA7}.Release|Any CPU.ActiveCfg = Release|Any CPU
		{3F455F2B-7179-4447-B754-6E4204481FA7}.Release|Any CPU.Build.0 = Release|Any CPU
		{91101227-B518-475F-946C-81670E4F1282}.Debug|Any CPU.ActiveCfg = Debug|Any CPU
		{91101227-B518-475F-946C-81670E4F1282}.Debug|Any CPU.Build.0 = Debug|Any CPU
		{91101227-B518-475F-946C-81670E4F1282}.Release|Any CPU.ActiveCfg = Release|Any CPU
		{91101227-B518-475F-946C-81670E4F1282}.Release|Any CPU.Build.0 = Release|Any CPU
		{48A7E8A0-C627-4232-B58B-E0505B93A475}.Debug|Any CPU.ActiveCfg = Debug|Any CPU
		{48A7E8A0-C627-4232-B58B-E0505B93A475}.Debug|Any CPU.Build.0 = Debug|Any CPU
		{48A7E8A0-C627-4232-B58B-E0505B93A475}.Release|Any CPU.ActiveCfg = Release|Any CPU
		{48A7E8A0-C627-4232-B58B-E0505B93A475}.Release|Any CPU.Build.0 = Release|Any CPU
		{6539C80B-18EA-4A29-BABE-1D5501803A5F}.Debug|Any CPU.ActiveCfg = Debug|Any CPU
		{6539C80B-18EA-4A29-BABE-1D5501803A5F}.Debug|Any CPU.Build.0 = Debug|Any CPU
		{6539C80B-18EA-4A29-BABE-1D5501803A5F}.Release|Any CPU.ActiveCfg = Release|Any CPU
		{6539C80B-18EA-4A29-BABE-1D5501803A5F}.Release|Any CPU.Build.0 = Release|Any CPU
		{03CF99FE-00C7-4229-85DD-930C63996B32}.Debug|Any CPU.ActiveCfg = Debug|Any CPU
		{03CF99FE-00C7-4229-85DD-930C63996B32}.Debug|Any CPU.Build.0 = Debug|Any CPU
		{03CF99FE-00C7-4229-85DD-930C63996B32}.Release|Any CPU.ActiveCfg = Release|Any CPU
		{03CF99FE-00C7-4229-85DD-930C63996B32}.Release|Any CPU.Build.0 = Release|Any CPU
		{47889784-1023-4BAC-AAC7-CEAED4C6C80A}.Debug|Any CPU.ActiveCfg = Debug|Any CPU
		{47889784-1023-4BAC-AAC7-CEAED4C6C80A}.Release|Any CPU.ActiveCfg = Release|Any CPU
		{47889784-1023-4BAC-AAC7-CEAED4C6C80A}.Release|Any CPU.Build.0 = Release|Any CPU
		{047BC13B-BE3F-42A7-9F53-A496161FF69D}.Debug|Any CPU.ActiveCfg = Debug|Any CPU
		{047BC13B-BE3F-42A7-9F53-A496161FF69D}.Release|Any CPU.ActiveCfg = Release|Any CPU
		{047BC13B-BE3F-42A7-9F53-A496161FF69D}.Release|Any CPU.Build.0 = Release|Any CPU
		{D4A79DE6-8658-4893-A97C-96E580582C9D}.Debug|Any CPU.ActiveCfg = Debug|Any CPU
		{D4A79DE6-8658-4893-A97C-96E580582C9D}.Release|Any CPU.ActiveCfg = Release|Any CPU
		{D4A79DE6-8658-4893-A97C-96E580582C9D}.Release|Any CPU.Build.0 = Release|Any CPU
		{113B7A3D-3FB2-47BB-A82C-D76C7E15F3F8}.Debug|Any CPU.ActiveCfg = Debug|Any CPU
		{113B7A3D-3FB2-47BB-A82C-D76C7E15F3F8}.Release|Any CPU.ActiveCfg = Release|Any CPU
		{113B7A3D-3FB2-47BB-A82C-D76C7E15F3F8}.Release|Any CPU.Build.0 = Release|Any CPU
		{36D10A01-E0BB-4D4E-B62C-6BD3ED0C4E15}.Debug|Any CPU.ActiveCfg = Debug|Any CPU
		{36D10A01-E0BB-4D4E-B62C-6BD3ED0C4E15}.Release|Any CPU.ActiveCfg = Release|Any CPU
		{36D10A01-E0BB-4D4E-B62C-6BD3ED0C4E15}.Release|Any CPU.Build.0 = Release|Any CPU
		{462A26BC-5CB5-4E23-A8AE-A76E8393EBAD}.Debug|Any CPU.ActiveCfg = Debug|Any CPU
		{462A26BC-5CB5-4E23-A8AE-A76E8393EBAD}.Release|Any CPU.ActiveCfg = Release|Any CPU
		{462A26BC-5CB5-4E23-A8AE-A76E8393EBAD}.Release|Any CPU.Build.0 = Release|Any CPU
		{8CF97DB6-903C-47BB-8D6C-85FC561404CF}.Debug|Any CPU.ActiveCfg = Debug|Any CPU
		{8CF97DB6-903C-47BB-8D6C-85FC561404CF}.Debug|Any CPU.Build.0 = Debug|Any CPU
		{8CF97DB6-903C-47BB-8D6C-85FC561404CF}.Release|Any CPU.ActiveCfg = Release|Any CPU
		{8CF97DB6-903C-47BB-8D6C-85FC561404CF}.Release|Any CPU.Build.0 = Release|Any CPU
		{4DEB5750-1A3F-4D12-AAA2-A008E8CE09E7}.Debug|Any CPU.ActiveCfg = Debug|Any CPU
		{4DEB5750-1A3F-4D12-AAA2-A008E8CE09E7}.Debug|Any CPU.Build.0 = Debug|Any CPU
		{4DEB5750-1A3F-4D12-AAA2-A008E8CE09E7}.Release|Any CPU.ActiveCfg = Release|Any CPU
		{4DEB5750-1A3F-4D12-AAA2-A008E8CE09E7}.Release|Any CPU.Build.0 = Release|Any CPU
		{53E3ABA9-839D-493B-AD29-D93692E6B27D}.Debug|Any CPU.ActiveCfg = Debug|Any CPU
		{53E3ABA9-839D-493B-AD29-D93692E6B27D}.Debug|Any CPU.Build.0 = Debug|Any CPU
		{53E3ABA9-839D-493B-AD29-D93692E6B27D}.Release|Any CPU.ActiveCfg = Release|Any CPU
		{53E3ABA9-839D-493B-AD29-D93692E6B27D}.Release|Any CPU.Build.0 = Release|Any CPU
		{49D7FF1D-D31B-400D-B50D-DE069FB76C65}.Debug|Any CPU.ActiveCfg = Debug|Any CPU
		{49D7FF1D-D31B-400D-B50D-DE069FB76C65}.Debug|Any CPU.Build.0 = Debug|Any CPU
		{49D7FF1D-D31B-400D-B50D-DE069FB76C65}.Release|Any CPU.ActiveCfg = Release|Any CPU
		{49D7FF1D-D31B-400D-B50D-DE069FB76C65}.Release|Any CPU.Build.0 = Release|Any CPU
		{704F2A77-49F7-4764-80B8-5B8C03D40A0D}.Debug|Any CPU.ActiveCfg = Debug|Any CPU
		{704F2A77-49F7-4764-80B8-5B8C03D40A0D}.Debug|Any CPU.Build.0 = Debug|Any CPU
		{704F2A77-49F7-4764-80B8-5B8C03D40A0D}.Release|Any CPU.ActiveCfg = Release|Any CPU
		{704F2A77-49F7-4764-80B8-5B8C03D40A0D}.Release|Any CPU.Build.0 = Release|Any CPU
		{2E8BF760-64CF-480B-A7F8-D3CAF49A7845}.Debug|Any CPU.ActiveCfg = Debug|Any CPU
		{2E8BF760-64CF-480B-A7F8-D3CAF49A7845}.Debug|Any CPU.Build.0 = Debug|Any CPU
		{2E8BF760-64CF-480B-A7F8-D3CAF49A7845}.Release|Any CPU.ActiveCfg = Release|Any CPU
		{2E8BF760-64CF-480B-A7F8-D3CAF49A7845}.Release|Any CPU.Build.0 = Release|Any CPU
		{4135B1B2-14F5-4C03-8138-02DAD38FFDBA}.Debug|Any CPU.ActiveCfg = Debug|Any CPU
		{4135B1B2-14F5-4C03-8138-02DAD38FFDBA}.Debug|Any CPU.Build.0 = Debug|Any CPU
		{4135B1B2-14F5-4C03-8138-02DAD38FFDBA}.Release|Any CPU.ActiveCfg = Release|Any CPU
		{4135B1B2-14F5-4C03-8138-02DAD38FFDBA}.Release|Any CPU.Build.0 = Release|Any CPU
		{2DEBA626-3C91-4B1D-B80E-1140391B0570}.Debug|Any CPU.ActiveCfg = Debug|Any CPU
		{2DEBA626-3C91-4B1D-B80E-1140391B0570}.Debug|Any CPU.Build.0 = Debug|Any CPU
		{2DEBA626-3C91-4B1D-B80E-1140391B0570}.Release|Any CPU.ActiveCfg = Release|Any CPU
		{2DEBA626-3C91-4B1D-B80E-1140391B0570}.Release|Any CPU.Build.0 = Release|Any CPU
		{96B5BD0F-201C-4E95-9A57-99F370846994}.Debug|Any CPU.ActiveCfg = Debug|Any CPU
		{96B5BD0F-201C-4E95-9A57-99F370846994}.Debug|Any CPU.Build.0 = Debug|Any CPU
		{96B5BD0F-201C-4E95-9A57-99F370846994}.Release|Any CPU.ActiveCfg = Release|Any CPU
		{96B5BD0F-201C-4E95-9A57-99F370846994}.Release|Any CPU.Build.0 = Release|Any CPU
		{E15B5C5E-1877-40F2-A2FB-188753DE42EC}.Debug|Any CPU.ActiveCfg = Debug|Any CPU
		{E15B5C5E-1877-40F2-A2FB-188753DE42EC}.Debug|Any CPU.Build.0 = Debug|Any CPU
		{E15B5C5E-1877-40F2-A2FB-188753DE42EC}.Release|Any CPU.ActiveCfg = Release|Any CPU
		{E15B5C5E-1877-40F2-A2FB-188753DE42EC}.Release|Any CPU.Build.0 = Release|Any CPU
		{0ADFD1C3-A42E-425E-BD46-8AB6CFFB7A0B}.Debug|Any CPU.ActiveCfg = Debug|Any CPU
		{0ADFD1C3-A42E-425E-BD46-8AB6CFFB7A0B}.Debug|Any CPU.Build.0 = Debug|Any CPU
		{0ADFD1C3-A42E-425E-BD46-8AB6CFFB7A0B}.Release|Any CPU.ActiveCfg = Release|Any CPU
		{0ADFD1C3-A42E-425E-BD46-8AB6CFFB7A0B}.Release|Any CPU.Build.0 = Release|Any CPU
		{1B7C6482-2649-466D-B321-08DB2DC2940F}.Debug|Any CPU.ActiveCfg = Debug|Any CPU
		{1B7C6482-2649-466D-B321-08DB2DC2940F}.Debug|Any CPU.Build.0 = Debug|Any CPU
		{1B7C6482-2649-466D-B321-08DB2DC2940F}.Release|Any CPU.ActiveCfg = Release|Any CPU
		{1B7C6482-2649-466D-B321-08DB2DC2940F}.Release|Any CPU.Build.0 = Release|Any CPU
		{7D027228-ACBA-46BE-BE32-988BC70B45FA}.Debug|Any CPU.ActiveCfg = Debug|Any CPU
		{7D027228-ACBA-46BE-BE32-988BC70B45FA}.Debug|Any CPU.Build.0 = Debug|Any CPU
		{7D027228-ACBA-46BE-BE32-988BC70B45FA}.Release|Any CPU.ActiveCfg = Release|Any CPU
		{7D027228-ACBA-46BE-BE32-988BC70B45FA}.Release|Any CPU.Build.0 = Release|Any CPU
		{7AFF92F4-7A2B-41FD-A8CF-FC4013940651}.Debug|Any CPU.ActiveCfg = Debug|Any CPU
		{7AFF92F4-7A2B-41FD-A8CF-FC4013940651}.Debug|Any CPU.Build.0 = Debug|Any CPU
		{7AFF92F4-7A2B-41FD-A8CF-FC4013940651}.Release|Any CPU.ActiveCfg = Release|Any CPU
		{7AFF92F4-7A2B-41FD-A8CF-FC4013940651}.Release|Any CPU.Build.0 = Release|Any CPU
		{80DB9BB4-D845-4178-837C-595325127A75}.Debug|Any CPU.ActiveCfg = Debug|Any CPU
		{80DB9BB4-D845-4178-837C-595325127A75}.Debug|Any CPU.Build.0 = Debug|Any CPU
		{80DB9BB4-D845-4178-837C-595325127A75}.Release|Any CPU.ActiveCfg = Release|Any CPU
		{80DB9BB4-D845-4178-837C-595325127A75}.Release|Any CPU.Build.0 = Release|Any CPU
		{AECE1B18-79A6-4FEF-9AEF-589262C66F85}.Debug|Any CPU.ActiveCfg = Debug|Any CPU
		{AECE1B18-79A6-4FEF-9AEF-589262C66F85}.Debug|Any CPU.Build.0 = Debug|Any CPU
		{AECE1B18-79A6-4FEF-9AEF-589262C66F85}.Release|Any CPU.ActiveCfg = Release|Any CPU
		{AECE1B18-79A6-4FEF-9AEF-589262C66F85}.Release|Any CPU.Build.0 = Release|Any CPU
		{D4DBAFC0-E325-410F-8C38-0CA50BDEBEBC}.Debug|Any CPU.ActiveCfg = Debug|Any CPU
		{D4DBAFC0-E325-410F-8C38-0CA50BDEBEBC}.Debug|Any CPU.Build.0 = Debug|Any CPU
		{D4DBAFC0-E325-410F-8C38-0CA50BDEBEBC}.Release|Any CPU.ActiveCfg = Release|Any CPU
		{D4DBAFC0-E325-410F-8C38-0CA50BDEBEBC}.Release|Any CPU.Build.0 = Release|Any CPU
		{DD8370F0-5D7A-44D1-A463-96C8DAF90626}.Debug|Any CPU.ActiveCfg = Debug|Any CPU
		{DD8370F0-5D7A-44D1-A463-96C8DAF90626}.Debug|Any CPU.Build.0 = Debug|Any CPU
		{DD8370F0-5D7A-44D1-A463-96C8DAF90626}.Release|Any CPU.ActiveCfg = Release|Any CPU
		{DD8370F0-5D7A-44D1-A463-96C8DAF90626}.Release|Any CPU.Build.0 = Release|Any CPU
		{3829A895-B2E3-40E3-902C-F95765B31F60}.Debug|Any CPU.ActiveCfg = Debug|Any CPU
		{3829A895-B2E3-40E3-902C-F95765B31F60}.Debug|Any CPU.Build.0 = Debug|Any CPU
		{3829A895-B2E3-40E3-902C-F95765B31F60}.Release|Any CPU.ActiveCfg = Release|Any CPU
		{3829A895-B2E3-40E3-902C-F95765B31F60}.Release|Any CPU.Build.0 = Release|Any CPU
		{1AB1A909-C8E9-4B96-919E-40EA14FE7E1B}.Debug|Any CPU.ActiveCfg = Debug|Any CPU
		{1AB1A909-C8E9-4B96-919E-40EA14FE7E1B}.Debug|Any CPU.Build.0 = Debug|Any CPU
		{1AB1A909-C8E9-4B96-919E-40EA14FE7E1B}.Release|Any CPU.ActiveCfg = Release|Any CPU
		{1AB1A909-C8E9-4B96-919E-40EA14FE7E1B}.Release|Any CPU.Build.0 = Release|Any CPU
		{15A4A956-2942-4239-894A-25FE72D5538C}.Debug|Any CPU.ActiveCfg = Debug|Any CPU
		{15A4A956-2942-4239-894A-25FE72D5538C}.Debug|Any CPU.Build.0 = Debug|Any CPU
		{15A4A956-2942-4239-894A-25FE72D5538C}.Release|Any CPU.ActiveCfg = Release|Any CPU
		{15A4A956-2942-4239-894A-25FE72D5538C}.Release|Any CPU.Build.0 = Release|Any CPU
		{7DD5FA61-7C7D-4912-BB44-AF7B90B46B9F}.Debug|Any CPU.ActiveCfg = Debug|Any CPU
		{7DD5FA61-7C7D-4912-BB44-AF7B90B46B9F}.Debug|Any CPU.Build.0 = Debug|Any CPU
		{7DD5FA61-7C7D-4912-BB44-AF7B90B46B9F}.Release|Any CPU.ActiveCfg = Release|Any CPU
		{7DD5FA61-7C7D-4912-BB44-AF7B90B46B9F}.Release|Any CPU.Build.0 = Release|Any CPU
		{0DE2EFB7-E9DE-4FF9-9BF6-F9189E0AA1F3}.Debug|Any CPU.ActiveCfg = Debug|Any CPU
		{0DE2EFB7-E9DE-4FF9-9BF6-F9189E0AA1F3}.Debug|Any CPU.Build.0 = Debug|Any CPU
		{0DE2EFB7-E9DE-4FF9-9BF6-F9189E0AA1F3}.Release|Any CPU.ActiveCfg = Release|Any CPU
		{0DE2EFB7-E9DE-4FF9-9BF6-F9189E0AA1F3}.Release|Any CPU.Build.0 = Release|Any CPU
		{A1FBB07B-000C-4C8D-9B72-E71D088353B8}.Debug|Any CPU.ActiveCfg = Debug|Any CPU
		{A1FBB07B-000C-4C8D-9B72-E71D088353B8}.Debug|Any CPU.Build.0 = Debug|Any CPU
		{A1FBB07B-000C-4C8D-9B72-E71D088353B8}.Release|Any CPU.ActiveCfg = Release|Any CPU
		{A1FBB07B-000C-4C8D-9B72-E71D088353B8}.Release|Any CPU.Build.0 = Release|Any CPU
		{2F70CD92-674E-453F-84AF-14EE3C01B59A}.Debug|Any CPU.ActiveCfg = Debug|Any CPU
		{2F70CD92-674E-453F-84AF-14EE3C01B59A}.Debug|Any CPU.Build.0 = Debug|Any CPU
		{2F70CD92-674E-453F-84AF-14EE3C01B59A}.Release|Any CPU.ActiveCfg = Release|Any CPU
		{2F70CD92-674E-453F-84AF-14EE3C01B59A}.Release|Any CPU.Build.0 = Release|Any CPU
		{E3940B6E-3CCB-443C-8296-D6D521FEAC6A}.Debug|Any CPU.ActiveCfg = Debug|Any CPU
		{E3940B6E-3CCB-443C-8296-D6D521FEAC6A}.Debug|Any CPU.Build.0 = Debug|Any CPU
		{E3940B6E-3CCB-443C-8296-D6D521FEAC6A}.Release|Any CPU.ActiveCfg = Release|Any CPU
		{E3940B6E-3CCB-443C-8296-D6D521FEAC6A}.Release|Any CPU.Build.0 = Release|Any CPU
		{834F2F33-6A2C-4E70-B136-06AE63F557DF}.Debug|Any CPU.ActiveCfg = Debug|Any CPU
		{834F2F33-6A2C-4E70-B136-06AE63F557DF}.Debug|Any CPU.Build.0 = Debug|Any CPU
		{834F2F33-6A2C-4E70-B136-06AE63F557DF}.Release|Any CPU.ActiveCfg = Release|Any CPU
		{834F2F33-6A2C-4E70-B136-06AE63F557DF}.Release|Any CPU.Build.0 = Release|Any CPU
		{FAB6E612-EFEE-47B8-9BCC-BA24D9E0F4A8}.Debug|Any CPU.ActiveCfg = Debug|Any CPU
		{FAB6E612-EFEE-47B8-9BCC-BA24D9E0F4A8}.Debug|Any CPU.Build.0 = Debug|Any CPU
		{FAB6E612-EFEE-47B8-9BCC-BA24D9E0F4A8}.Release|Any CPU.ActiveCfg = Release|Any CPU
		{FAB6E612-EFEE-47B8-9BCC-BA24D9E0F4A8}.Release|Any CPU.Build.0 = Release|Any CPU
		{29666199-6E13-4667-BD57-2BA38905AC45}.Debug|Any CPU.ActiveCfg = Debug|Any CPU
		{29666199-6E13-4667-BD57-2BA38905AC45}.Debug|Any CPU.Build.0 = Debug|Any CPU
		{29666199-6E13-4667-BD57-2BA38905AC45}.Release|Any CPU.ActiveCfg = Release|Any CPU
		{29666199-6E13-4667-BD57-2BA38905AC45}.Release|Any CPU.Build.0 = Release|Any CPU
		{B5239832-706E-4B7F-9271-987D6DCC5737}.Debug|Any CPU.ActiveCfg = Debug|Any CPU
		{B5239832-706E-4B7F-9271-987D6DCC5737}.Debug|Any CPU.Build.0 = Debug|Any CPU
		{B5239832-706E-4B7F-9271-987D6DCC5737}.Release|Any CPU.ActiveCfg = Release|Any CPU
		{B5239832-706E-4B7F-9271-987D6DCC5737}.Release|Any CPU.Build.0 = Release|Any CPU
		{17F45933-E1A2-4007-B925-4E2495C0D943}.Debug|Any CPU.ActiveCfg = Debug|Any CPU
		{17F45933-E1A2-4007-B925-4E2495C0D943}.Debug|Any CPU.Build.0 = Debug|Any CPU
		{17F45933-E1A2-4007-B925-4E2495C0D943}.Release|Any CPU.ActiveCfg = Release|Any CPU
		{17F45933-E1A2-4007-B925-4E2495C0D943}.Release|Any CPU.Build.0 = Release|Any CPU
		{2B6A44C7-2255-459D-8213-5279B9C7B083}.Debug|Any CPU.ActiveCfg = Debug|Any CPU
		{2B6A44C7-2255-459D-8213-5279B9C7B083}.Debug|Any CPU.Build.0 = Debug|Any CPU
		{2B6A44C7-2255-459D-8213-5279B9C7B083}.Release|Any CPU.ActiveCfg = Release|Any CPU
		{2B6A44C7-2255-459D-8213-5279B9C7B083}.Release|Any CPU.Build.0 = Release|Any CPU
		{95176F57-6050-4000-B517-5B066E5124DE}.Debug|Any CPU.ActiveCfg = Debug|Any CPU
		{95176F57-6050-4000-B517-5B066E5124DE}.Debug|Any CPU.Build.0 = Debug|Any CPU
		{95176F57-6050-4000-B517-5B066E5124DE}.Release|Any CPU.ActiveCfg = Release|Any CPU
		{95176F57-6050-4000-B517-5B066E5124DE}.Release|Any CPU.Build.0 = Release|Any CPU
		{C5392954-4355-428F-8067-7A57E1D8B58F}.Debug|Any CPU.ActiveCfg = Debug|Any CPU
		{C5392954-4355-428F-8067-7A57E1D8B58F}.Debug|Any CPU.Build.0 = Debug|Any CPU
		{C5392954-4355-428F-8067-7A57E1D8B58F}.Release|Any CPU.ActiveCfg = Release|Any CPU
		{C5392954-4355-428F-8067-7A57E1D8B58F}.Release|Any CPU.Build.0 = Release|Any CPU
		{C6158833-70BE-49A1-9D4E-39CC1620DDC7}.Debug|Any CPU.ActiveCfg = Debug|Any CPU
		{C6158833-70BE-49A1-9D4E-39CC1620DDC7}.Debug|Any CPU.Build.0 = Debug|Any CPU
		{C6158833-70BE-49A1-9D4E-39CC1620DDC7}.Release|Any CPU.ActiveCfg = Release|Any CPU
		{C6158833-70BE-49A1-9D4E-39CC1620DDC7}.Release|Any CPU.Build.0 = Release|Any CPU
	EndGlobalSection
	GlobalSection(SolutionProperties) = preSolution
		HideSolutionNode = FALSE
	EndGlobalSection
	GlobalSection(NestedProjects) = preSolution
		{88A2235D-C9FC-4C9C-9102-B833BAC412E0} = {2BD7FCC3-CE2A-40FA-A9D3-BFE60E5B9405}
		{67FF6C75-5E6D-4E70-8DDE-CC14D12FA5C7} = {2BD7FCC3-CE2A-40FA-A9D3-BFE60E5B9405}
		{2A203B59-1B88-47F4-B607-FB02F3B4B308} = {B9AF604F-4DB0-4400-933F-AE2FB72E7F59}
		{51A37971-7592-4929-AD16-4732EBD2B991} = {7392C913-D630-4DEE-A5EE-AA8EF0EC4F64}
		{2AC029D8-5263-48ED-8B39-C764ADAA416E} = {7392C913-D630-4DEE-A5EE-AA8EF0EC4F64}
		{F66B8358-74BD-4351-88EB-97A13C75C3D7} = {7392C913-D630-4DEE-A5EE-AA8EF0EC4F64}
		{CD60726B-9480-4449-A255-48AF1DB89F75} = {53EB56DC-24E7-431A-96C3-04B767725D3D}
		{D5CD5DB1-3A0B-4B44-9DC0-1ACC2F7E8396} = {53EB56DC-24E7-431A-96C3-04B767725D3D}
		{0D1C47D6-7A0F-46CA-BDFA-F6619D5A10B8} = {7392C913-D630-4DEE-A5EE-AA8EF0EC4F64}
		{1145D881-862E-4E84-B3EA-644BF8D3B475} = {53EB56DC-24E7-431A-96C3-04B767725D3D}
		{CE857E7D-BF82-4ABA-A230-AFB2336BE0C6} = {2BD7FCC3-CE2A-40FA-A9D3-BFE60E5B9405}
		{FD255147-3050-4D2D-867D-E34408192254} = {F3E801FD-CFA7-4D5F-96CC-6652DD42F904}
		{1A3486E5-CD62-4201-A592-95E3C6E58AA2} = {2A6676B7-640E-4355-B739-36B0FEB10D8A}
		{5A83533E-800D-4F9D-A98A-8A93698D732F} = {071D8981-F415-4863-9AC4-CA75FA3EF552}
		{9FEE0AD5-0688-4E30-801F-29EE0DF2172D} = {4DEC74B5-EB95-4764-A9AD-C0B1F994857B}
		{0B1FC45C-2F53-4988-A62A-2DF086C53DAE} = {D477BFBD-A7CC-443E-A805-338BBC312DAF}
		{7BF91EBB-B530-4948-9BD7-E10F54E05B2E} = {F83C00F2-4581-416D-9909-84679D2AB75C}
		{2CA334E2-DC73-4785-97EE-9E0999B4F182} = {40EEF070-57A6-4C51-BBCD-E7FE6D7D9338}
		{6EA2DBC7-2A51-4B00-988E-5131DAEFF2B7} = {53EB56DC-24E7-431A-96C3-04B767725D3D}
		{8BF5481B-DB62-4AF5-91C3-CCEF35CAAA97} = {A190A131-2545-4682-9AEC-80E54F91D75B}
		{F49D1C6D-C5E0-4B0A-819B-780BCD3EC337} = {4DEC74B5-EB95-4764-A9AD-C0B1F994857B}
		{E00F7903-DFE8-4394-B707-D323BADB2717} = {0B1FC45C-2F53-4988-A62A-2DF086C53DAE}
		{15697EA9-B509-434F-82FC-E865D6038A90} = {D477BFBD-A7CC-443E-A805-338BBC312DAF}
		{179CF27A-36F1-4E46-8B22-859B54E62A1A} = {15697EA9-B509-434F-82FC-E865D6038A90}
		{A190A131-2545-4682-9AEC-80E54F91D75B} = {D477BFBD-A7CC-443E-A805-338BBC312DAF}
		{1FC9E3EF-2A5B-4E43-80EE-E8BBE437BAD6} = {D477BFBD-A7CC-443E-A805-338BBC312DAF}
		{59C80C9A-88B9-4BAB-99BA-404F165FA9EA} = {1FC9E3EF-2A5B-4E43-80EE-E8BBE437BAD6}
		{AFC42E14-5C3B-4A63-A165-093906B93946} = {4DEC74B5-EB95-4764-A9AD-C0B1F994857B}
		{3F455F2B-7179-4447-B754-6E4204481FA7} = {65AE782D-71C6-462D-913B-BB7421B44785}
		{91101227-B518-475F-946C-81670E4F1282} = {0B1FC45C-2F53-4988-A62A-2DF086C53DAE}
		{26959CBD-A1A3-48A0-891C-84290355E37A} = {D477BFBD-A7CC-443E-A805-338BBC312DAF}
		{48A7E8A0-C627-4232-B58B-E0505B93A475} = {26959CBD-A1A3-48A0-891C-84290355E37A}
		{6539C80B-18EA-4A29-BABE-1D5501803A5F} = {26959CBD-A1A3-48A0-891C-84290355E37A}
		{03CF99FE-00C7-4229-85DD-930C63996B32} = {26959CBD-A1A3-48A0-891C-84290355E37A}
		{47889784-1023-4BAC-AAC7-CEAED4C6C80A} = {01EF7986-69B0-43BA-BFAB-89FA2690EAE6}
		{047BC13B-BE3F-42A7-9F53-A496161FF69D} = {01EF7986-69B0-43BA-BFAB-89FA2690EAE6}
		{D4A79DE6-8658-4893-A97C-96E580582C9D} = {01EF7986-69B0-43BA-BFAB-89FA2690EAE6}
		{113B7A3D-3FB2-47BB-A82C-D76C7E15F3F8} = {B00F12B0-FFB3-418C-BBF8-7423C4668D58}
		{36D10A01-E0BB-4D4E-B62C-6BD3ED0C4E15} = {B00F12B0-FFB3-418C-BBF8-7423C4668D58}
		{462A26BC-5CB5-4E23-A8AE-A76E8393EBAD} = {12AE413E-2573-4E8E-A286-8EFBA4581D49}
		{8CF97DB6-903C-47BB-8D6C-85FC561404CF} = {12AE413E-2573-4E8E-A286-8EFBA4581D49}
		{4DEB5750-1A3F-4D12-AAA2-A008E8CE09E7} = {9B38BEB0-9F0F-49CE-9CDC-08B1EE60D2E1}
		{53E3ABA9-839D-493B-AD29-D93692E6B27D} = {F83C00F2-4581-416D-9909-84679D2AB75C}
		{49D7FF1D-D31B-400D-B50D-DE069FB76C65} = {A2E48C32-7255-4658-9057-8CBD86C32A3F}
		{704F2A77-49F7-4764-80B8-5B8C03D40A0D} = {15697EA9-B509-434F-82FC-E865D6038A90}
		{2E8BF760-64CF-480B-A7F8-D3CAF49A7845} = {A1514A70-949F-4149-992D-9655D7CF7547}
		{4135B1B2-14F5-4C03-8138-02DAD38FFDBA} = {4AF6F4A2-19E0-45DC-A639-3E8D4A8C8F0D}
		{2DEBA626-3C91-4B1D-B80E-1140391B0570} = {10BA2708-0175-41C6-8F24-D3AF83CA9EAC}
		{96B5BD0F-201C-4E95-9A57-99F370846994} = {5F3BD4A0-D008-43BE-8BD3-2B8B087134BB}
		{E15B5C5E-1877-40F2-A2FB-188753DE42EC} = {10BA2708-0175-41C6-8F24-D3AF83CA9EAC}
		{0ADFD1C3-A42E-425E-BD46-8AB6CFFB7A0B} = {F83C00F2-4581-416D-9909-84679D2AB75C}
		{1B7C6482-2649-466D-B321-08DB2DC2940F} = {F83C00F2-4581-416D-9909-84679D2AB75C}
		{7D027228-ACBA-46BE-BE32-988BC70B45FA} = {AEBE710D-B05A-4C81-B180-C883FC570F0F}
		{7AFF92F4-7A2B-41FD-A8CF-FC4013940651} = {AEBE710D-B05A-4C81-B180-C883FC570F0F}
		{80DB9BB4-D845-4178-837C-595325127A75} = {A1514A70-949F-4149-992D-9655D7CF7547}
		{AECE1B18-79A6-4FEF-9AEF-589262C66F85} = {A1514A70-949F-4149-992D-9655D7CF7547}
		{D4DBAFC0-E325-410F-8C38-0CA50BDEBEBC} = {A1514A70-949F-4149-992D-9655D7CF7547}
		{DD8370F0-5D7A-44D1-A463-96C8DAF90626} = {2E463B15-8374-4DB5-91C4-687AD871C15A}
		{3829A895-B2E3-40E3-902C-F95765B31F60} = {2E463B15-8374-4DB5-91C4-687AD871C15A}
		{1AB1A909-C8E9-4B96-919E-40EA14FE7E1B} = {A899F53D-25EE-4FB5-B638-602FD6F76DFD}
		{15A4A956-2942-4239-894A-25FE72D5538C} = {A1514A70-949F-4149-992D-9655D7CF7547}
		{7DD5FA61-7C7D-4912-BB44-AF7B90B46B9F} = {A1514A70-949F-4149-992D-9655D7CF7547}
		{0DE2EFB7-E9DE-4FF9-9BF6-F9189E0AA1F3} = {A1514A70-949F-4149-992D-9655D7CF7547}
		{A1FBB07B-000C-4C8D-9B72-E71D088353B8} = {A1514A70-949F-4149-992D-9655D7CF7547}
		{2F70CD92-674E-453F-84AF-14EE3C01B59A} = {A899F53D-25EE-4FB5-B638-602FD6F76DFD}
		{E3940B6E-3CCB-443C-8296-D6D521FEAC6A} = {A1514A70-949F-4149-992D-9655D7CF7547}
		{834F2F33-6A2C-4E70-B136-06AE63F557DF} = {A1514A70-949F-4149-992D-9655D7CF7547}
		{FAB6E612-EFEE-47B8-9BCC-BA24D9E0F4A8} = {A899F53D-25EE-4FB5-B638-602FD6F76DFD}
		{29666199-6E13-4667-BD57-2BA38905AC45} = {A899F53D-25EE-4FB5-B638-602FD6F76DFD}
		{B5239832-706E-4B7F-9271-987D6DCC5737} = {A899F53D-25EE-4FB5-B638-602FD6F76DFD}
		{17F45933-E1A2-4007-B925-4E2495C0D943} = {F3E801FD-CFA7-4D5F-96CC-6652DD42F904}
		{2B6A44C7-2255-459D-8213-5279B9C7B083} = {53EB56DC-24E7-431A-96C3-04B767725D3D}
	EndGlobalSection
	GlobalSection(ExtensibilityGlobals) = postSolution
		SolutionGuid = {49A52A04-55C9-4774-BD53-41032DFB3552}
	EndGlobalSection
EndGlobal
