
Microsoft Visual Studio Solution File, Format Version 12.00
# Visual Studio Version 17
VisualStudioVersion = 17.8.34322.80
MinimumVisualStudioVersion = 10.0.40219.1
Project("{9A19103F-16F7-4668-BE54-9A1E7A4F7556}") = "WorkAotActivator", "WorkAotActivator\WorkAotActivator.csproj", "{D7E5876C-FDEC-4DB2-A703-9B0D33C737C7}"
EndProject
Project("{9A19103F-16F7-4668-BE54-9A1E7A4F7556}") = "WorkAotAccessor", "WorkAotAccessor\WorkAotAccessor.csproj", "{A5B38FF1-4F9A-444F-8A61-3C813329D840}"
EndProject
Project("{FAE04EC0-301F-11D3-BF4B-00C04F79EFBC}") = "WorkAotZip", "WorkAotZip\WorkAotZip.csproj", "{DDD6E71E-F796-4740-B852-56A3600D259A}"
EndProject
Global
	GlobalSection(SolutionConfigurationPlatforms) = preSolution
		Debug|Any CPU = Debug|Any CPU
		Release|Any CPU = Release|Any CPU
	EndGlobalSection
	GlobalSection(ProjectConfigurationPlatforms) = postSolution
		{D7E5876C-FDEC-4DB2-A703-9B0D33C737C7}.Debug|Any CPU.ActiveCfg = Debug|Any CPU
		{D7E5876C-FDEC-4DB2-A703-9B0D33C737C7}.Debug|Any CPU.Build.0 = Debug|Any CPU
		{D7E5876C-FDEC-4DB2-A703-9B0D33C737C7}.Release|Any CPU.ActiveCfg = Release|Any CPU
		{D7E5876C-FDEC-4DB2-A703-9B0D33C737C7}.Release|Any CPU.Build.0 = Release|Any CPU
		{A5B38FF1-4F9A-444F-8A61-3C813329D840}.Debug|Any CPU.ActiveCfg = Debug|Any CPU
		{A5B38FF1-4F9A-444F-8A61-3C813329D840}.Debug|Any CPU.Build.0 = Debug|Any CPU
		{A5B38FF1-4F9A-444F-8A61-3C813329D840}.Release|Any CPU.ActiveCfg = Release|Any CPU
		{A5B38FF1-4F9A-444F-8A61-3C813329D840}.Release|Any CPU.Build.0 = Release|Any CPU
		{DDD6E71E-F796-4740-B852-56A3600D259A}.Debug|Any CPU.ActiveCfg = Debug|Any CPU
		{DDD6E71E-F796-4740-B852-56A3600D259A}.Debug|Any CPU.Build.0 = Debug|Any CPU
		{DDD6E71E-F796-4740-B852-56A3600D259A}.Release|Any CPU.ActiveCfg = Release|Any CPU
		{DDD6E71E-F796-4740-B852-56A3600D259A}.Release|Any CPU.Build.0 = Release|Any CPU
	EndGlobalSection
	GlobalSection(SolutionProperties) = preSolution
		HideSolutionNode = FALSE
	EndGlobalSection
	GlobalSection(ExtensibilityGlobals) = postSolution
		SolutionGuid = {26F6E538-718D-4779-8A8B-B50A9C793BAB}
	EndGlobalSection
EndGlobal
