
Microsoft Visual Studio Solution File, Format Version 12.00
# Visual Studio Version 17
VisualStudioVersion = 17.11.35208.52
MinimumVisualStudioVersion = 10.0.40219.1
Project("{FAE04EC0-301F-11D3-BF4B-00C04F79EFBC}") = "WorkReaderBasic", "WorkReaderBasic\WorkReaderBasic.csproj", "{9A9548CD-904C-46DF-8F17-1C4B87C479B9}"
EndProject
Global
	GlobalSection(SolutionConfigurationPlatforms) = preSolution
		Debug|Any CPU = Debug|Any CPU
		Release|Any CPU = Release|Any CPU
	EndGlobalSection
	GlobalSection(ProjectConfigurationPlatforms) = postSolution
		{9A9548CD-904C-46DF-8F17-1C4B87C479B9}.Debug|Any CPU.ActiveCfg = Debug|Any CPU
		{9A9548CD-904C-46DF-8F17-1C4B87C479B9}.Debug|Any CPU.Build.0 = Debug|Any CPU
		{9A9548CD-904C-46DF-8F17-1C4B87C479B9}.Release|Any CPU.ActiveCfg = Release|Any CPU
		{9A9548CD-904C-46DF-8F17-1C4B87C479B9}.Release|Any CPU.Build.0 = Release|Any CPU
	EndGlobalSection
	GlobalSection(SolutionProperties) = preSolution
		HideSolutionNode = FALSE
	EndGlobalSection
	GlobalSection(ExtensibilityGlobals) = postSolution
		SolutionGuid = {479D935F-2817-4AAE-8AA8-6DA56C322AF3}
	EndGlobalSection
EndGlobal
