<Solution>
  <Folder Name="/Aspire/" />
  <Folder Name="/Blazor/" />
  <Folder Name="/Chat/">
    <Project Path="WorkAzureOpenApi/WorkAzureOpenApi.csproj" Id="ea93aeb6-35f4-4fd4-9b97-41b30e644f28" />
    <Project Path="WorkOllamaSimple/WorkOllamaSimple.csproj" Id="85df36ee-e759-4e17-8f33-3765720feec1" />
  </Folder>
  <Folder Name="/Chat/MEAI/">
    <Project Path="WorkAeOllama/WorkAeOllama.csproj" Id="e297b571-cb13-4188-aa07-e271a4ce7d55" />
  </Folder>
  <Folder Name="/MCP/" />
  <Folder Name="/RAG/" />
</Solution>
