
Microsoft Visual Studio Solution File, Format Version 12.00
# Visual Studio Version 17
VisualStudioVersion = 17.10.35122.118
MinimumVisualStudioVersion = 10.0.40219.1
Project("{FAE04EC0-301F-11D3-BF4B-00C04F79EFBC}") = "WorkCustomVision", "WorkCustomVision\WorkCustomVision.csproj", "{5215E73A-5962-4A53-9EF9-753E0DB19F93}"
EndProject
Global
	GlobalSection(SolutionConfigurationPlatforms) = preSolution
		Debug|Any CPU = Debug|Any CPU
		Release|Any CPU = Release|Any CPU
	EndGlobalSection
	GlobalSection(ProjectConfigurationPlatforms) = postSolution
		{5215E73A-5962-4A53-9EF9-753E0DB19F93}.Debug|Any CPU.ActiveCfg = Debug|Any CPU
		{5215E73A-5962-4A53-9EF9-753E0DB19F93}.Debug|Any CPU.Build.0 = Debug|Any CPU
		{5215E73A-5962-4A53-9EF9-753E0DB19F93}.Release|Any CPU.ActiveCfg = Release|Any CPU
		{5215E73A-5962-4A53-9EF9-753E0DB19F93}.Release|Any CPU.Build.0 = Release|Any CPU
	EndGlobalSection
	GlobalSection(SolutionProperties) = preSolution
		HideSolutionNode = FALSE
	EndGlobalSection
	GlobalSection(ExtensibilityGlobals) = postSolution
		SolutionGuid = {28373A77-5E17-4B08-931B-17AFA1365BE9}
	EndGlobalSection
EndGlobal
