
Microsoft Visual Studio Solution File, Format Version 12.00
# Visual Studio Version 17
VisualStudioVersion = 17.10.35122.118
MinimumVisualStudioVersion = 10.0.40219.1
Project("{9A19103F-16F7-4668-BE54-9A1E7A4F7556}") = "WorkCustomVision", "WorkCustomVision\WorkCustomVision.csproj", "{5215E73A-5962-4A53-9EF9-753E0DB19F93}"
EndProject
Project("{9A19103F-16F7-4668-BE54-9A1E7A4F7556}") = "WorkCustomVision2", "WorkCustomVision2\WorkCustomVision2.csproj", "{ADB2741B-0178-487E-8EC2-D10106BDD50B}"
EndProject
Project("{FAE04EC0-301F-11D3-BF4B-00C04F79EFBC}") = "WorkCustomVision3", "WorkCustomVision3\WorkCustomVision3.csproj", "{6A2747B3-E559-48E8-8F78-3D84009890B1}"
EndProject
Project("{FAE04EC0-301F-11D3-BF4B-00C04F79EFBC}") = "GenerateData", "GenerateData\GenerateData.csproj", "{C4CC2F94-149F-4342-BA04-FB3C4C5AB7A6}"
EndProject
Global
	GlobalSection(SolutionConfigurationPlatforms) = preSolution
		Debug|Any CPU = Debug|Any CPU
		Release|Any CPU = Release|Any CPU
	EndGlobalSection
	GlobalSection(ProjectConfigurationPlatforms) = postSolution
		{5215E73A-5962-4A53-9EF9-753E0DB19F93}.Debug|Any CPU.ActiveCfg = Debug|Any CPU
		{5215E73A-5962-4A53-9EF9-753E0DB19F93}.Debug|Any CPU.Build.0 = Debug|Any CPU
		{5215E73A-5962-4A53-9EF9-753E0DB19F93}.Release|Any CPU.ActiveCfg = Release|Any CPU
		{5215E73A-5962-4A53-9EF9-753E0DB19F93}.Release|Any CPU.Build.0 = Release|Any CPU
		{ADB2741B-0178-487E-8EC2-D10106BDD50B}.Debug|Any CPU.ActiveCfg = Debug|Any CPU
		{ADB2741B-0178-487E-8EC2-D10106BDD50B}.Debug|Any CPU.Build.0 = Debug|Any CPU
		{ADB2741B-0178-487E-8EC2-D10106BDD50B}.Release|Any CPU.ActiveCfg = Release|Any CPU
		{ADB2741B-0178-487E-8EC2-D10106BDD50B}.Release|Any CPU.Build.0 = Release|Any CPU
		{6A2747B3-E559-48E8-8F78-3D84009890B1}.Debug|Any CPU.ActiveCfg = Debug|Any CPU
		{6A2747B3-E559-48E8-8F78-3D84009890B1}.Debug|Any CPU.Build.0 = Debug|Any CPU
		{6A2747B3-E559-48E8-8F78-3D84009890B1}.Release|Any CPU.ActiveCfg = Release|Any CPU
		{6A2747B3-E559-48E8-8F78-3D84009890B1}.Release|Any CPU.Build.0 = Release|Any CPU
		{C4CC2F94-149F-4342-BA04-FB3C4C5AB7A6}.Debug|Any CPU.ActiveCfg = Debug|Any CPU
		{C4CC2F94-149F-4342-BA04-FB3C4C5AB7A6}.Debug|Any CPU.Build.0 = Debug|Any CPU
		{C4CC2F94-149F-4342-BA04-FB3C4C5AB7A6}.Release|Any CPU.ActiveCfg = Release|Any CPU
		{C4CC2F94-149F-4342-BA04-FB3C4C5AB7A6}.Release|Any CPU.Build.0 = Release|Any CPU
	EndGlobalSection
	GlobalSection(SolutionProperties) = preSolution
		HideSolutionNode = FALSE
	EndGlobalSection
	GlobalSection(ExtensibilityGlobals) = postSolution
		SolutionGuid = {28373A77-5E17-4B08-931B-17AFA1365BE9}
	EndGlobalSection
EndGlobal
